
Microsoft Visual Studio Solution File, Format Version 12.00
# Visual Studio Version 17
VisualStudioVersion = 17.11.35312.102
MinimumVisualStudioVersion = 10.0.40219.1
Project("{8BC9CEB8-8B4A-11D0-8D11-00A0C91BC942}") = "Drill01", "Drill01\Drill01.vcxproj", "{3FDCBD72-883F-4316-920A-D4C57E7F3BA8}"
EndProject
Project("{8BC9CEB8-8B4A-11D0-8D11-00A0C91BC942}") = "Drill02", "Drill02\Drill02.vcxproj", "{45285DBA-D9D0-4A29-AC69-749D93289067}"
EndProject
Project("{8BC9CEB8-8B4A-11D0-8D11-00A0C91BC942}") = "Drill03", "Drill03\Drill03.vcxproj", "{D8960FA0-7341-4FCF-8C23-D3F6682B059B}"
EndProject
Project("{8BC9CEB8-8B4A-11D0-8D11-00A0C91BC942}") = "LAB1", "LAB1\LAB1.vcxproj", "{8BB71C4E-1AFF-4B88-87F9-13400CCDD323}"
EndProject
Project("{8BC9CEB8-8B4A-11D0-8D11-00A0C91BC942}") = "LAB2", "LAB2\LAB2.vcxproj", "{45D03E48-AD6E-4CEF-8118-92B6BEA1FD9C}"
EndProject
Project("{8BC9CEB8-8B4A-11D0-8D11-00A0C91BC942}") = "LAB3", "LAB3\LAB3.vcxproj", "{9C578996-1464-4400-84F3-A94E10E492DF}"
EndProject
Project("{8BC9CEB8-8B4A-11D0-8D11-00A0C91BC942}") = "LAB4", "LAB4\LAB4.vcxproj", "{14540AD9-794B-4883-B101-BBF2521E7202}"
EndProject
Project("{8BC9CEB8-8B4A-11D0-8D11-00A0C91BC942}") = "Mini Project", "Mini Project\Mini Project.vcxproj", "{85170100-F2E3-44D8-84CD-A15F26B1BF49}"
EndProject
Project("{8BC9CEB8-8B4A-11D0-8D11-00A0C91BC942}") = "Programming01", "Programming01\Programming01.vcxproj", "{3A50F409-6361-4FC5-9C57-AD757C788F14}"
EndProject
Project("{8BC9CEB8-8B4A-11D0-8D11-00A0C91BC942}") = "Programming02", "Programming02\Programming02.vcxproj", "{B7C74ECD-67CA-4DBF-9B0C-429E6A33F4DB}"
EndProject
Project("{8BC9CEB8-8B4A-11D0-8D11-00A0C91BC942}") = "Programming03", "Programming03\Programming03.vcxproj", "{DF204995-1B32-4461-926C-3A968B25133B}"
EndProject
Project("{8BC9CEB8-8B4A-11D0-8D11-00A0C91BC942}") = "Programming04", "Programming04\Programming04.vcxproj", "{96EC33E3-7A24-4522-99EF-B46E7770B224}"
EndProject
Project("{8BC9CEB8-8B4A-11D0-8D11-00A0C91BC942}") = "Programming05", "Programming05\Programming05.vcxproj", "{52FC4A05-C46F-4588-8199-A4BDA0F863D0}"
EndProject
Project("{8BC9CEB8-8B4A-11D0-8D11-00A0C91BC942}") = "Programming06", "Programming06\Programming06.vcxproj", "{63540632-83ED-4C1C-9673-438EDE1B2DD0}"
EndProject
Global
	GlobalSection(SolutionConfigurationPlatforms) = preSolution
		Debug|x64 = Debug|x64
		Debug|x86 = Debug|x86
		Release|x64 = Release|x64
		Release|x86 = Release|x86
	EndGlobalSection
	GlobalSection(ProjectConfigurationPlatforms) = postSolution
		{3FDCBD72-883F-4316-920A-D4C57E7F3BA8}.Debug|x64.ActiveCfg = Debug|x64
		{3FDCBD72-883F-4316-920A-D4C57E7F3BA8}.Debug|x64.Build.0 = Debug|x64
		{3FDCBD72-883F-4316-920A-D4C57E7F3BA8}.Debug|x86.ActiveCfg = Debug|Win32
		{3FDCBD72-883F-4316-920A-D4C57E7F3BA8}.Debug|x86.Build.0 = Debug|Win32
		{3FDCBD72-883F-4316-920A-D4C57E7F3BA8}.Release|x64.ActiveCfg = Release|x64
		{3FDCBD72-883F-4316-920A-D4C57E7F3BA8}.Release|x64.Build.0 = Release|x64
		{3FDCBD72-883F-4316-920A-D4C57E7F3BA8}.Release|x86.ActiveCfg = Release|Win32
		{3FDCBD72-883F-4316-920A-D4C57E7F3BA8}.Release|x86.Build.0 = Release|Win32
		{45285DBA-D9D0-4A29-AC69-749D93289067}.Debug|x64.ActiveCfg = Debug|x64
		{45285DBA-D9D0-4A29-AC69-749D93289067}.Debug|x64.Build.0 = Debug|x64
		{45285DBA-D9D0-4A29-AC69-749D93289067}.Debug|x86.ActiveCfg = Debug|Win32
		{45285DBA-D9D0-4A29-AC69-749D93289067}.Debug|x86.Build.0 = Debug|Win32
		{45285DBA-D9D0-4A29-AC69-749D93289067}.Release|x64.ActiveCfg = Release|x64
		{45285DBA-D9D0-4A29-AC69-749D93289067}.Release|x64.Build.0 = Release|x64
		{45285DBA-D9D0-4A29-AC69-749D93289067}.Release|x86.ActiveCfg = Release|Win32
		{45285DBA-D9D0-4A29-AC69-749D93289067}.Release|x86.Build.0 = Release|Win32
		{D8960FA0-7341-4FCF-8C23-D3F6682B059B}.Debug|x64.ActiveCfg = Debug|x64
		{D8960FA0-7341-4FCF-8C23-D3F6682B059B}.Debug|x64.Build.0 = Debug|x64
		{D8960FA0-7341-4FCF-8C23-D3F6682B059B}.Debug|x86.ActiveCfg = Debug|Win32
		{D8960FA0-7341-4FCF-8C23-D3F6682B059B}.Debug|x86.Build.0 = Debug|Win32
		{D8960FA0-7341-4FCF-8C23-D3F6682B059B}.Release|x64.ActiveCfg = Release|x64
		{D8960FA0-7341-4FCF-8C23-D3F6682B059B}.Release|x64.Build.0 = Release|x64
		{D8960FA0-7341-4FCF-8C23-D3F6682B059B}.Release|x86.ActiveCfg = Release|Win32
		{D8960FA0-7341-4FCF-8C23-D3F6682B059B}.Release|x86.Build.0 = Release|Win32
		{8BB71C4E-1AFF-4B88-87F9-13400CCDD323}.Debug|x64.ActiveCfg = Debug|x64
		{8BB71C4E-1AFF-4B88-87F9-13400CCDD323}.Debug|x64.Build.0 = Debug|x64
		{8BB71C4E-1AFF-4B88-87F9-13400CCDD323}.Debug|x86.ActiveCfg = Debug|Win32
		{8BB71C4E-1AFF-4B88-87F9-13400CCDD323}.Debug|x86.Build.0 = Debug|Win32
		{8BB71C4E-1AFF-4B88-87F9-13400CCDD323}.Release|x64.ActiveCfg = Release|x64
		{8BB71C4E-1AFF-4B88-87F9-13400CCDD323}.Release|x64.Build.0 = Release|x64
		{8BB71C4E-1AFF-4B88-87F9-13400CCDD323}.Release|x86.ActiveCfg = Release|Win32
		{8BB71C4E-1AFF-4B88-87F9-13400CCDD323}.Release|x86.Build.0 = Release|Win32
		{45D03E48-AD6E-4CEF-8118-92B6BEA1FD9C}.Debug|x64.ActiveCfg = Debug|x64
		{45D03E48-AD6E-4CEF-8118-92B6BEA1FD9C}.Debug|x64.Build.0 = Debug|x64
		{45D03E48-AD6E-4CEF-8118-92B6BEA1FD9C}.Debug|x86.ActiveCfg = Debug|Win32
		{45D03E48-AD6E-4CEF-8118-92B6BEA1FD9C}.Debug|x86.Build.0 = Debug|Win32
		{45D03E48-AD6E-4CEF-8118-92B6BEA1FD9C}.Release|x64.ActiveCfg = Release|x64
		{45D03E48-AD6E-4CEF-8118-92B6BEA1FD9C}.Release|x64.Build.0 = Release|x64
		{45D03E48-AD6E-4CEF-8118-92B6BEA1FD9C}.Release|x86.ActiveCfg = Release|Win32
		{45D03E48-AD6E-4CEF-8118-92B6BEA1FD9C}.Release|x86.Build.0 = Release|Win32
		{9C578996-1464-4400-84F3-A94E10E492DF}.Debug|x64.ActiveCfg = Debug|x64
		{9C578996-1464-4400-84F3-A94E10E492DF}.Debug|x64.Build.0 = Debug|x64
		{9C578996-1464-4400-84F3-A94E10E492DF}.Debug|x86.ActiveCfg = Debug|Win32
		{9C578996-1464-4400-84F3-A94E10E492DF}.Debug|x86.Build.0 = Debug|Win32
		{9C578996-1464-4400-84F3-A94E10E492DF}.Release|x64.ActiveCfg = Release|x64
		{9C578996-1464-4400-84F3-A94E10E492DF}.Release|x64.Build.0 = Release|x64
		{9C578996-1464-4400-84F3-A94E10E492DF}.Release|x86.ActiveCfg = Release|Win32
		{9C578996-1464-4400-84F3-A94E10E492DF}.Release|x86.Build.0 = Release|Win32
		{14540AD9-794B-4883-B101-BBF2521E7202}.Debug|x64.ActiveCfg = Debug|x64
		{14540AD9-794B-4883-B101-BBF2521E7202}.Debug|x64.Build.0 = Debug|x64
		{14540AD9-794B-4883-B101-BBF2521E7202}.Debug|x86.ActiveCfg = Debug|Win32
		{14540AD9-794B-4883-B101-BBF2521E7202}.Debug|x86.Build.0 = Debug|Win32
		{14540AD9-794B-4883-B101-BBF2521E7202}.Release|x64.ActiveCfg = Release|x64
		{14540AD9-794B-4883-B101-BBF2521E7202}.Release|x64.Build.0 = Release|x64
		{14540AD9-794B-4883-B101-BBF2521E7202}.Release|x86.ActiveCfg = Release|Win32
		{14540AD9-794B-4883-B101-BBF2521E7202}.Release|x86.Build.0 = Release|Win32
		{85170100-F2E3-44D8-84CD-A15F26B1BF49}.Debug|x64.ActiveCfg = Debug|x64
		{85170100-F2E3-44D8-84CD-A15F26B1BF49}.Debug|x64.Build.0 = Debug|x64
		{85170100-F2E3-44D8-84CD-A15F26B1BF49}.Debug|x86.ActiveCfg = Debug|Win32
		{85170100-F2E3-44D8-84CD-A15F26B1BF49}.Debug|x86.Build.0 = Debug|Win32
		{85170100-F2E3-44D8-84CD-A15F26B1BF49}.Release|x64.ActiveCfg = Release|x64
		{85170100-F2E3-44D8-84CD-A15F26B1BF49}.Release|x64.Build.0 = Release|x64
		{85170100-F2E3-44D8-84CD-A15F26B1BF49}.Release|x86.ActiveCfg = Release|Win32
		{85170100-F2E3-44D8-84CD-A15F26B1BF49}.Release|x86.Build.0 = Release|Win32
		{3A50F409-6361-4FC5-9C57-AD757C788F14}.Debug|x64.ActiveCfg = Debug|x64
		{3A50F409-6361-4FC5-9C57-AD757C788F14}.Debug|x64.Build.0 = Debug|x64
		{3A50F409-6361-4FC5-9C57-AD757C788F14}.Debug|x86.ActiveCfg = Debug|Win32
		{3A50F409-6361-4FC5-9C57-AD757C788F14}.Debug|x86.Build.0 = Debug|Win32
		{3A50F409-6361-4FC5-9C57-AD757C788F14}.Release|x64.ActiveCfg = Release|x64
		{3A50F409-6361-4FC5-9C57-AD757C788F14}.Release|x64.Build.0 = Release|x64
		{3A50F409-6361-4FC5-9C57-AD757C788F14}.Release|x86.ActiveCfg = Release|Win32
		{3A50F409-6361-4FC5-9C57-AD757C788F14}.Release|x86.Build.0 = Release|Win32
		{B7C74ECD-67CA-4DBF-9B0C-429E6A33F4DB}.Debug|x64.ActiveCfg = Debug|x64
		{B7C74ECD-67CA-4DBF-9B0C-429E6A33F4DB}.Debug|x64.Build.0 = Debug|x64
		{B7C74ECD-67CA-4DBF-9B0C-429E6A33F4DB}.Debug|x86.ActiveCfg = Debug|Win32
		{B7C74ECD-67CA-4DBF-9B0C-429E6A33F4DB}.Debug|x86.Build.0 = Debug|Win32
		{B7C74ECD-67CA-4DBF-9B0C-429E6A33F4DB}.Release|x64.ActiveCfg = Release|x64
		{B7C74ECD-67CA-4DBF-9B0C-429E6A33F4DB}.Release|x64.Build.0 = Release|x64
		{B7C74ECD-67CA-4DBF-9B0C-429E6A33F4DB}.Release|x86.ActiveCfg = Release|Win32
		{B7C74ECD-67CA-4DBF-9B0C-429E6A33F4DB}.Release|x86.Build.0 = Release|Win32
		{DF204995-1B32-4461-926C-3A968B25133B}.Debug|x64.ActiveCfg = Debug|x64
		{DF204995-1B32-4461-926C-3A968B25133B}.Debug|x64.Build.0 = Debug|x64
		{DF204995-1B32-4461-926C-3A968B25133B}.Debug|x86.ActiveCfg = Debug|Win32
		{DF204995-1B32-4461-926C-3A968B25133B}.Debug|x86.Build.0 = Debug|Win32
		{DF204995-1B32-4461-926C-3A968B25133B}.Release|x64.ActiveCfg = Release|x64
		{DF204995-1B32-4461-926C-3A968B25133B}.Release|x64.Build.0 = Release|x64
		{DF204995-1B32-4461-926C-3A968B25133B}.Release|x86.ActiveCfg = Release|Win32
		{DF204995-1B32-4461-926C-3A968B25133B}.Release|x86.Build.0 = Release|Win32
		{96EC33E3-7A24-4522-99EF-B46E7770B224}.Debug|x64.ActiveCfg = Debug|x64
		{96EC33E3-7A24-4522-99EF-B46E7770B224}.Debug|x64.Build.0 = Debug|x64
		{96EC33E3-7A24-4522-99EF-B46E7770B224}.Debug|x86.ActiveCfg = Debug|Win32
		{96EC33E3-7A24-4522-99EF-B46E7770B224}.Debug|x86.Build.0 = Debug|Win32
		{96EC33E3-7A24-4522-99EF-B46E7770B224}.Release|x64.ActiveCfg = Release|x64
		{96EC33E3-7A24-4522-99EF-B46E7770B224}.Release|x64.Build.0 = Release|x64
		{96EC33E3-7A24-4522-99EF-B46E7770B224}.Release|x86.ActiveCfg = Release|Win32
		{96EC33E3-7A24-4522-99EF-B46E7770B224}.Release|x86.Build.0 = Release|Win32
		{52FC4A05-C46F-4588-8199-A4BDA0F863D0}.Debug|x64.ActiveCfg = Debug|x64
		{52FC4A05-C46F-4588-8199-A4BDA0F863D0}.Debug|x64.Build.0 = Debug|x64
		{52FC4A05-C46F-4588-8199-A4BDA0F863D0}.Debug|x86.ActiveCfg = Debug|Win32
		{52FC4A05-C46F-4588-8199-A4BDA0F863D0}.Debug|x86.Build.0 = Debug|Win32
		{52FC4A05-C46F-4588-8199-A4BDA0F863D0}.Release|x64.ActiveCfg = Release|x64
		{52FC4A05-C46F-4588-8199-A4BDA0F863D0}.Release|x64.Build.0 = Release|x64
		{52FC4A05-C46F-4588-8199-A4BDA0F863D0}.Release|x86.ActiveCfg = Release|Win32
		{52FC4A05-C46F-4588-8199-A4BDA0F863D0}.Release|x86.Build.0 = Release|Win32
		{63540632-83ED-4C1C-9673-438EDE1B2DD0}.Debug|x64.ActiveCfg = Debug|x64
		{63540632-83ED-4C1C-9673-438EDE1B2DD0}.Debug|x64.Build.0 = Debug|x64
		{63540632-83ED-4C1C-9673-438EDE1B2DD0}.Debug|x86.ActiveCfg = Debug|Win32
		{63540632-83ED-4C1C-9673-438EDE1B2DD0}.Debug|x86.Build.0 = Debug|Win32
		{63540632-83ED-4C1C-9673-438EDE1B2DD0}.Release|x64.ActiveCfg = Release|x64
		{63540632-83ED-4C1C-9673-438EDE1B2DD0}.Release|x64.Build.0 = Release|x64
		{63540632-83ED-4C1C-9673-438EDE1B2DD0}.Release|x86.ActiveCfg = Release|Win32
		{63540632-83ED-4C1C-9673-438EDE1B2DD0}.Release|x86.Build.0 = Release|Win32
	EndGlobalSection
	GlobalSection(SolutionProperties) = preSolution
		HideSolutionNode = FALSE
	EndGlobalSection
	GlobalSection(ExtensibilityGlobals) = postSolution
		SolutionGuid = {8F8ABE51-F7A9-4045-9251-4444E1E753EB}
	EndGlobalSection
EndGlobal
