
Microsoft Visual Studio Solution File, Format Version 12.00
# Visual Studio Version 17
VisualStudioVersion = 17.14.36310.24
MinimumVisualStudioVersion = 10.0.40219.1
Project("{8BC9CEB8-8B4A-11D0-8D11-00A0C91BC942}") = "Drill01", "Drill01\Drill01.vcxproj", "{9E414171-D769-49AC-B0C7-F850A93B0420}"
EndProject
Project("{8BC9CEB8-8B4A-11D0-8D11-00A0C91BC942}") = "Drill02", "Drill02\Drill02.vcxproj", "{E546DEDD-F383-41B3-BE52-E585D9E9D746}"
EndProject
Project("{8BC9CEB8-8B4A-11D0-8D11-00A0C91BC942}") = "Drill03", "Drill03\Drill03.vcxproj", "{87854378-4332-4EC1-BAB7-E8BDEBEE8FBB}"
EndProject
Project("{8BC9CEB8-8B4A-11D0-8D11-00A0C91BC942}") = "Drill04", "Drill04\Drill04.vcxproj", "{301F8FB4-8160-4E52-849A-6F73E4057D29}"
EndProject
Project("{8BC9CEB8-8B4A-11D0-8D11-00A0C91BC942}") = "LAB1", "LAB1\LAB1.vcxproj", "{1FF3F36E-8B67-43DE-9D81-9BFD4AEB84D1}"
EndProject
Project("{8BC9CEB8-8B4A-11D0-8D11-00A0C91BC942}") = "LAB2", "LAB2\LAB2.vcxproj", "{765D490D-8F8A-4492-942B-13C6D847947B}"
EndProject
Project("{8BC9CEB8-8B4A-11D0-8D11-00A0C91BC942}") = "LAB3", "LAB3\LAB3.vcxproj", "{95364DF6-304C-41FA-B007-4FC4142737DD}"
EndProject
Project("{8BC9CEB8-8B4A-11D0-8D11-00A0C91BC942}") = "Drill05", "Drill05\Drill05.vcxproj", "{98B2BD82-F6E4-41AB-BE9F-58560156BE23}"
EndProject
Project("{8BC9CEB8-8B4A-11D0-8D11-00A0C91BC942}") = "Drill06", "Drill06\Drill06.vcxproj", "{141439FB-50E0-46A3-83EF-E1444BF3A0A4}"
EndProject
Project("{8BC9CEB8-8B4A-11D0-8D11-00A0C91BC942}") = "Drill07", "Drill07\Drill07.vcxproj", "{2C752493-402C-40F8-AA8A-DBDC2A6A9B03}"
EndProject
Project("{8BC9CEB8-8B4A-11D0-8D11-00A0C91BC942}") = "Drill08", "Drill08\Drill08.vcxproj", "{F8C366D6-D6F5-400B-9BD2-575453C2365A}"
EndProject
Project("{8BC9CEB8-8B4A-11D0-8D11-00A0C91BC942}") = "Drill09", "Drill09\Drill09.vcxproj", "{CADB8489-4BEA-4B39-9F3A-ABC2AB4378FE}"
EndProject
Project("{8BC9CEB8-8B4A-11D0-8D11-00A0C91BC942}") = "Drill10", "Drill10\Drill10.vcxproj", "{99C65246-3B5F-4187-B1F7-06FC563AD0A5}"
EndProject
Project("{8BC9CEB8-8B4A-11D0-8D11-00A0C91BC942}") = "Drill11", "Drill11\Drill11.vcxproj", "{7C0BFF2C-D075-4AA5-ACC1-2A9285F080D0}"
EndProject
Project("{8BC9CEB8-8B4A-11D0-8D11-00A0C91BC942}") = "Drill12", "Drill12\Drill12.vcxproj", "{86E3109C-E8AD-4E39-BA7A-4A4A3CFEED43}"
EndProject
Project("{8BC9CEB8-8B4A-11D0-8D11-00A0C91BC942}") = "Drill13", "Drill13\Drill13.vcxproj", "{F59F6027-1E57-4F04-8461-49D28F1C3261}"
EndProject
Project("{8BC9CEB8-8B4A-11D0-8D11-00A0C91BC942}") = "LAB4", "LAB4\LAB4.vcxproj", "{D6ACCC88-D2B6-4D2A-BD4F-FCED728C3C36}"
EndProject
Project("{8BC9CEB8-8B4A-11D0-8D11-00A0C91BC942}") = "Mini Project", "Mini Project\Mini Project.vcxproj", "{F2A835DE-51CE-405B-BFD7-582D6D8D94B1}"
EndProject
Project("{8BC9CEB8-8B4A-11D0-8D11-00A0C91BC942}") = "Programming01", "Programming01\Programming01.vcxproj", "{67837DE3-A423-4BD9-A53C-98A15F4E23A8}"
EndProject
Project("{8BC9CEB8-8B4A-11D0-8D11-00A0C91BC942}") = "Programming02", "Programming02\Programming02.vcxproj", "{0473F598-80FF-4ECC-9AA4-609ECAA63915}"
EndProject
Project("{8BC9CEB8-8B4A-11D0-8D11-00A0C91BC942}") = "Programming03", "Programming03\Programming03.vcxproj", "{07C186AA-8F5B-4E4C-A1DC-987C2A3C8F2A}"
EndProject
Project("{8BC9CEB8-8B4A-11D0-8D11-00A0C91BC942}") = "Programming04", "Programming04\Programming04.vcxproj", "{44C08C2C-9AC2-446B-A2D8-CD525462BD4C}"
EndProject
Project("{8BC9CEB8-8B4A-11D0-8D11-00A0C91BC942}") = "Programming05", "Programming05\Programming05.vcxproj", "{57E1FECE-5A96-4E7F-97D2-656A31747B3A}"
EndProject
Project("{8BC9CEB8-8B4A-11D0-8D11-00A0C91BC942}") = "Programming06", "Programming06\Programming06.vcxproj", "{EB1CCCF3-B531-4532-AF01-22E9EC8D035A}"
EndProject
Project("{8BC9CEB8-8B4A-11D0-8D11-00A0C91BC942}") = "Programming07", "Programming07\Programming07.vcxproj", "{2E286E11-5262-4788-94C3-FABB3CD59618}"
EndProject
Project("{8BC9CEB8-8B4A-11D0-8D11-00A0C91BC942}") = "Programming08", "Programming08\Programming08.vcxproj", "{2D477352-A5C4-4223-B390-78FBF98881A2}"
EndProject
Project("{8BC9CEB8-8B4A-11D0-8D11-00A0C91BC942}") = "Programming09", "Programming09\Programming09.vcxproj", "{A337BA8F-46C0-4449-9F35-CF837D18ED07}"
EndProject
Project("{8BC9CEB8-8B4A-11D0-8D11-00A0C91BC942}") = "Programming10", "Programming10\Programming10.vcxproj", "{0824BB99-0611-496F-A363-5F7E411ED8AE}"
EndProject
Project("{8BC9CEB8-8B4A-11D0-8D11-00A0C91BC942}") = "Programming11", "Programming11\Programming11.vcxproj", "{9944784F-5749-4329-8D2C-540715CD56E8}"
EndProject
Project("{8BC9CEB8-8B4A-11D0-8D11-00A0C91BC942}") = "Programming12", "Programming12\Programming12.vcxproj", "{07223EF4-8D0A-4834-AADC-38C0DD8610AE}"
EndProject
Project("{8BC9CEB8-8B4A-11D0-8D11-00A0C91BC942}") = "Programming13", "Programming13\Programming13.vcxproj", "{840DEAA2-4915-40AA-A167-440A4968BD09}"
EndProject
Project("{8BC9CEB8-8B4A-11D0-8D11-00A0C91BC942}") = "Programming14", "Programming14\Programming14.vcxproj", "{5602A2FD-6000-4BD8-9A78-8D701CB58D76}"
EndProject
Project("{8BC9CEB8-8B4A-11D0-8D11-00A0C91BC942}") = "Programming15", "Programming15\Programming15.vcxproj", "{5207D8B6-2DEB-4C8D-9609-F399750969F5}"
EndProject
Project("{8BC9CEB8-8B4A-11D0-8D11-00A0C91BC942}") = "Programming16", "Programming16\Programming16.vcxproj", "{BF8555A4-E74A-45C5-9DEE-D7B8D2951DEA}"
EndProject
Project("{8BC9CEB8-8B4A-11D0-8D11-00A0C91BC942}") = "Programming17", "Programming17\Programming17.vcxproj", "{F3BFB7BE-89F5-4B00-9456-B18C8A483BAE}"
EndProject
Global
	GlobalSection(SolutionConfigurationPlatforms) = preSolution
		Debug|x64 = Debug|x64
		Debug|x86 = Debug|x86
		Release|x64 = Release|x64
		Release|x86 = Release|x86
	EndGlobalSection
	GlobalSection(ProjectConfigurationPlatforms) = postSolution
		{9E414171-D769-49AC-B0C7-F850A93B0420}.Debug|x64.ActiveCfg = Debug|x64
		{9E414171-D769-49AC-B0C7-F850A93B0420}.Debug|x64.Build.0 = Debug|x64
		{9E414171-D769-49AC-B0C7-F850A93B0420}.Debug|x86.ActiveCfg = Debug|Win32
		{9E414171-D769-49AC-B0C7-F850A93B0420}.Debug|x86.Build.0 = Debug|Win32
		{9E414171-D769-49AC-B0C7-F850A93B0420}.Release|x64.ActiveCfg = Release|x64
		{9E414171-D769-49AC-B0C7-F850A93B0420}.Release|x64.Build.0 = Release|x64
		{9E414171-D769-49AC-B0C7-F850A93B0420}.Release|x86.ActiveCfg = Release|Win32
		{9E414171-D769-49AC-B0C7-F850A93B0420}.Release|x86.Build.0 = Release|Win32
		{E546DEDD-F383-41B3-BE52-E585D9E9D746}.Debug|x64.ActiveCfg = Debug|x64
		{E546DEDD-F383-41B3-BE52-E585D9E9D746}.Debug|x64.Build.0 = Debug|x64
		{E546DEDD-F383-41B3-BE52-E585D9E9D746}.Debug|x86.ActiveCfg = Debug|Win32
		{E546DEDD-F383-41B3-BE52-E585D9E9D746}.Debug|x86.Build.0 = Debug|Win32
		{E546DEDD-F383-41B3-BE52-E585D9E9D746}.Release|x64.ActiveCfg = Release|x64
		{E546DEDD-F383-41B3-BE52-E585D9E9D746}.Release|x64.Build.0 = Release|x64
		{E546DEDD-F383-41B3-BE52-E585D9E9D746}.Release|x86.ActiveCfg = Release|Win32
		{E546DEDD-F383-41B3-BE52-E585D9E9D746}.Release|x86.Build.0 = Release|Win32
		{87854378-4332-4EC1-BAB7-E8BDEBEE8FBB}.Debug|x64.ActiveCfg = Debug|x64
		{87854378-4332-4EC1-BAB7-E8BDEBEE8FBB}.Debug|x64.Build.0 = Debug|x64
		{87854378-4332-4EC1-BAB7-E8BDEBEE8FBB}.Debug|x86.ActiveCfg = Debug|Win32
		{87854378-4332-4EC1-BAB7-E8BDEBEE8FBB}.Debug|x86.Build.0 = Debug|Win32
		{87854378-4332-4EC1-BAB7-E8BDEBEE8FBB}.Release|x64.ActiveCfg = Release|x64
		{87854378-4332-4EC1-BAB7-E8BDEBEE8FBB}.Release|x64.Build.0 = Release|x64
		{87854378-4332-4EC1-BAB7-E8BDEBEE8FBB}.Release|x86.ActiveCfg = Release|Win32
		{87854378-4332-4EC1-BAB7-E8BDEBEE8FBB}.Release|x86.Build.0 = Release|Win32
		{301F8FB4-8160-4E52-849A-6F73E4057D29}.Debug|x64.ActiveCfg = Debug|x64
		{301F8FB4-8160-4E52-849A-6F73E4057D29}.Debug|x64.Build.0 = Debug|x64
		{301F8FB4-8160-4E52-849A-6F73E4057D29}.Debug|x86.ActiveCfg = Debug|Win32
		{301F8FB4-8160-4E52-849A-6F73E4057D29}.Debug|x86.Build.0 = Debug|Win32
		{301F8FB4-8160-4E52-849A-6F73E4057D29}.Release|x64.ActiveCfg = Release|x64
		{301F8FB4-8160-4E52-849A-6F73E4057D29}.Release|x64.Build.0 = Release|x64
		{301F8FB4-8160-4E52-849A-6F73E4057D29}.Release|x86.ActiveCfg = Release|Win32
		{301F8FB4-8160-4E52-849A-6F73E4057D29}.Release|x86.Build.0 = Release|Win32
		{1FF3F36E-8B67-43DE-9D81-9BFD4AEB84D1}.Debug|x64.ActiveCfg = Debug|x64
		{1FF3F36E-8B67-43DE-9D81-9BFD4AEB84D1}.Debug|x64.Build.0 = Debug|x64
		{1FF3F36E-8B67-43DE-9D81-9BFD4AEB84D1}.Debug|x86.ActiveCfg = Debug|Win32
		{1FF3F36E-8B67-43DE-9D81-9BFD4AEB84D1}.Debug|x86.Build.0 = Debug|Win32
		{1FF3F36E-8B67-43DE-9D81-9BFD4AEB84D1}.Release|x64.ActiveCfg = Release|x64
		{1FF3F36E-8B67-43DE-9D81-9BFD4AEB84D1}.Release|x64.Build.0 = Release|x64
		{1FF3F36E-8B67-43DE-9D81-9BFD4AEB84D1}.Release|x86.ActiveCfg = Release|Win32
		{1FF3F36E-8B67-43DE-9D81-9BFD4AEB84D1}.Release|x86.Build.0 = Release|Win32
		{765D490D-8F8A-4492-942B-13C6D847947B}.Debug|x64.ActiveCfg = Debug|x64
		{765D490D-8F8A-4492-942B-13C6D847947B}.Debug|x64.Build.0 = Debug|x64
		{765D490D-8F8A-4492-942B-13C6D847947B}.Debug|x86.ActiveCfg = Debug|Win32
		{765D490D-8F8A-4492-942B-13C6D847947B}.Debug|x86.Build.0 = Debug|Win32
		{765D490D-8F8A-4492-942B-13C6D847947B}.Release|x64.ActiveCfg = Release|x64
		{765D490D-8F8A-4492-942B-13C6D847947B}.Release|x64.Build.0 = Release|x64
		{765D490D-8F8A-4492-942B-13C6D847947B}.Release|x86.ActiveCfg = Release|Win32
		{765D490D-8F8A-4492-942B-13C6D847947B}.Release|x86.Build.0 = Release|Win32
		{95364DF6-304C-41FA-B007-4FC4142737DD}.Debug|x64.ActiveCfg = Debug|x64
		{95364DF6-304C-41FA-B007-4FC4142737DD}.Debug|x64.Build.0 = Debug|x64
		{95364DF6-304C-41FA-B007-4FC4142737DD}.Debug|x86.ActiveCfg = Debug|Win32
		{95364DF6-304C-41FA-B007-4FC4142737DD}.Debug|x86.Build.0 = Debug|Win32
		{95364DF6-304C-41FA-B007-4FC4142737DD}.Release|x64.ActiveCfg = Release|x64
		{95364DF6-304C-41FA-B007-4FC4142737DD}.Release|x64.Build.0 = Release|x64
		{95364DF6-304C-41FA-B007-4FC4142737DD}.Release|x86.ActiveCfg = Release|Win32
		{95364DF6-304C-41FA-B007-4FC4142737DD}.Release|x86.Build.0 = Release|Win32
		{98B2BD82-F6E4-41AB-BE9F-58560156BE23}.Debug|x64.ActiveCfg = Debug|x64
		{98B2BD82-F6E4-41AB-BE9F-58560156BE23}.Debug|x64.Build.0 = Debug|x64
		{98B2BD82-F6E4-41AB-BE9F-58560156BE23}.Debug|x86.ActiveCfg = Debug|Win32
		{98B2BD82-F6E4-41AB-BE9F-58560156BE23}.Debug|x86.Build.0 = Debug|Win32
		{98B2BD82-F6E4-41AB-BE9F-58560156BE23}.Release|x64.ActiveCfg = Release|x64
		{98B2BD82-F6E4-41AB-BE9F-58560156BE23}.Release|x64.Build.0 = Release|x64
		{98B2BD82-F6E4-41AB-BE9F-58560156BE23}.Release|x86.ActiveCfg = Release|Win32
		{98B2BD82-F6E4-41AB-BE9F-58560156BE23}.Release|x86.Build.0 = Release|Win32
		{141439FB-50E0-46A3-83EF-E1444BF3A0A4}.Debug|x64.ActiveCfg = Debug|x64
		{141439FB-50E0-46A3-83EF-E1444BF3A0A4}.Debug|x64.Build.0 = Debug|x64
		{141439FB-50E0-46A3-83EF-E1444BF3A0A4}.Debug|x86.ActiveCfg = Debug|Win32
		{141439FB-50E0-46A3-83EF-E1444BF3A0A4}.Debug|x86.Build.0 = Debug|Win32
		{141439FB-50E0-46A3-83EF-E1444BF3A0A4}.Release|x64.ActiveCfg = Release|x64
		{141439FB-50E0-46A3-83EF-E1444BF3A0A4}.Release|x64.Build.0 = Release|x64
		{141439FB-50E0-46A3-83EF-E1444BF3A0A4}.Release|x86.ActiveCfg = Release|Win32
		{141439FB-50E0-46A3-83EF-E1444BF3A0A4}.Release|x86.Build.0 = Release|Win32
		{2C752493-402C-40F8-AA8A-DBDC2A6A9B03}.Debug|x64.ActiveCfg = Debug|x64
		{2C752493-402C-40F8-AA8A-DBDC2A6A9B03}.Debug|x64.Build.0 = Debug|x64
		{2C752493-402C-40F8-AA8A-DBDC2A6A9B03}.Debug|x86.ActiveCfg = Debug|Win32
		{2C752493-402C-40F8-AA8A-DBDC2A6A9B03}.Debug|x86.Build.0 = Debug|Win32
		{2C752493-402C-40F8-AA8A-DBDC2A6A9B03}.Release|x64.ActiveCfg = Release|x64
		{2C752493-402C-40F8-AA8A-DBDC2A6A9B03}.Release|x64.Build.0 = Release|x64
		{2C752493-402C-40F8-AA8A-DBDC2A6A9B03}.Release|x86.ActiveCfg = Release|Win32
		{2C752493-402C-40F8-AA8A-DBDC2A6A9B03}.Release|x86.Build.0 = Release|Win32
		{F8C366D6-D6F5-400B-9BD2-575453C2365A}.Debug|x64.ActiveCfg = Debug|x64
		{F8C366D6-D6F5-400B-9BD2-575453C2365A}.Debug|x64.Build.0 = Debug|x64
		{F8C366D6-D6F5-400B-9BD2-575453C2365A}.Debug|x86.ActiveCfg = Debug|Win32
		{F8C366D6-D6F5-400B-9BD2-575453C2365A}.Debug|x86.Build.0 = Debug|Win32
		{F8C366D6-D6F5-400B-9BD2-575453C2365A}.Release|x64.ActiveCfg = Release|x64
		{F8C366D6-D6F5-400B-9BD2-575453C2365A}.Release|x64.Build.0 = Release|x64
		{F8C366D6-D6F5-400B-9BD2-575453C2365A}.Release|x86.ActiveCfg = Release|Win32
		{F8C366D6-D6F5-400B-9BD2-575453C2365A}.Release|x86.Build.0 = Release|Win32
		{CADB8489-4BEA-4B39-9F3A-ABC2AB4378FE}.Debug|x64.ActiveCfg = Debug|x64
		{CADB8489-4BEA-4B39-9F3A-ABC2AB4378FE}.Debug|x64.Build.0 = Debug|x64
		{CADB8489-4BEA-4B39-9F3A-ABC2AB4378FE}.Debug|x86.ActiveCfg = Debug|Win32
		{CADB8489-4BEA-4B39-9F3A-ABC2AB4378FE}.Debug|x86.Build.0 = Debug|Win32
		{CADB8489-4BEA-4B39-9F3A-ABC2AB4378FE}.Release|x64.ActiveCfg = Release|x64
		{CADB8489-4BEA-4B39-9F3A-ABC2AB4378FE}.Release|x64.Build.0 = Release|x64
		{CADB8489-4BEA-4B39-9F3A-ABC2AB4378FE}.Release|x86.ActiveCfg = Release|Win32
		{CADB8489-4BEA-4B39-9F3A-ABC2AB4378FE}.Release|x86.Build.0 = Release|Win32
		{99C65246-3B5F-4187-B1F7-06FC563AD0A5}.Debug|x64.ActiveCfg = Debug|x64
		{99C65246-3B5F-4187-B1F7-06FC563AD0A5}.Debug|x64.Build.0 = Debug|x64
		{99C65246-3B5F-4187-B1F7-06FC563AD0A5}.Debug|x86.ActiveCfg = Debug|Win32
		{99C65246-3B5F-4187-B1F7-06FC563AD0A5}.Debug|x86.Build.0 = Debug|Win32
		{99C65246-3B5F-4187-B1F7-06FC563AD0A5}.Release|x64.ActiveCfg = Release|x64
		{99C65246-3B5F-4187-B1F7-06FC563AD0A5}.Release|x64.Build.0 = Release|x64
		{99C65246-3B5F-4187-B1F7-06FC563AD0A5}.Release|x86.ActiveCfg = Release|Win32
		{99C65246-3B5F-4187-B1F7-06FC563AD0A5}.Release|x86.Build.0 = Release|Win32
		{7C0BFF2C-D075-4AA5-ACC1-2A9285F080D0}.Debug|x64.ActiveCfg = Debug|x64
		{7C0BFF2C-D075-4AA5-ACC1-2A9285F080D0}.Debug|x64.Build.0 = Debug|x64
		{7C0BFF2C-D075-4AA5-ACC1-2A9285F080D0}.Debug|x86.ActiveCfg = Debug|Win32
		{7C0BFF2C-D075-4AA5-ACC1-2A9285F080D0}.Debug|x86.Build.0 = Debug|Win32
		{7C0BFF2C-D075-4AA5-ACC1-2A9285F080D0}.Release|x64.ActiveCfg = Release|x64
		{7C0BFF2C-D075-4AA5-ACC1-2A9285F080D0}.Release|x64.Build.0 = Release|x64
		{7C0BFF2C-D075-4AA5-ACC1-2A9285F080D0}.Release|x86.ActiveCfg = Release|Win32
		{7C0BFF2C-D075-4AA5-ACC1-2A9285F080D0}.Release|x86.Build.0 = Release|Win32
		{86E3109C-E8AD-4E39-BA7A-4A4A3CFEED43}.Debug|x64.ActiveCfg = Debug|x64
		{86E3109C-E8AD-4E39-BA7A-4A4A3CFEED43}.Debug|x64.Build.0 = Debug|x64
		{86E3109C-E8AD-4E39-BA7A-4A4A3CFEED43}.Debug|x86.ActiveCfg = Debug|Win32
		{86E3109C-E8AD-4E39-BA7A-4A4A3CFEED43}.Debug|x86.Build.0 = Debug|Win32
		{86E3109C-E8AD-4E39-BA7A-4A4A3CFEED43}.Release|x64.ActiveCfg = Release|x64
		{86E3109C-E8AD-4E39-BA7A-4A4A3CFEED43}.Release|x64.Build.0 = Release|x64
		{86E3109C-E8AD-4E39-BA7A-4A4A3CFEED43}.Release|x86.ActiveCfg = Release|Win32
		{86E3109C-E8AD-4E39-BA7A-4A4A3CFEED43}.Release|x86.Build.0 = Release|Win32
		{F59F6027-1E57-4F04-8461-49D28F1C3261}.Debug|x64.ActiveCfg = Debug|x64
		{F59F6027-1E57-4F04-8461-49D28F1C3261}.Debug|x64.Build.0 = Debug|x64
		{F59F6027-1E57-4F04-8461-49D28F1C3261}.Debug|x86.ActiveCfg = Debug|Win32
		{F59F6027-1E57-4F04-8461-49D28F1C3261}.Debug|x86.Build.0 = Debug|Win32
		{F59F6027-1E57-4F04-8461-49D28F1C3261}.Release|x64.ActiveCfg = Release|x64
		{F59F6027-1E57-4F04-8461-49D28F1C3261}.Release|x64.Build.0 = Release|x64
		{F59F6027-1E57-4F04-8461-49D28F1C3261}.Release|x86.ActiveCfg = Release|Win32
		{F59F6027-1E57-4F04-8461-49D28F1C3261}.Release|x86.Build.0 = Release|Win32
		{D6ACCC88-D2B6-4D2A-BD4F-FCED728C3C36}.Debug|x64.ActiveCfg = Debug|x64
		{D6ACCC88-D2B6-4D2A-BD4F-FCED728C3C36}.Debug|x64.Build.0 = Debug|x64
		{D6ACCC88-D2B6-4D2A-BD4F-FCED728C3C36}.Debug|x86.ActiveCfg = Debug|Win32
		{D6ACCC88-D2B6-4D2A-BD4F-FCED728C3C36}.Debug|x86.Build.0 = Debug|Win32
		{D6ACCC88-D2B6-4D2A-BD4F-FCED728C3C36}.Release|x64.ActiveCfg = Release|x64
		{D6ACCC88-D2B6-4D2A-BD4F-FCED728C3C36}.Release|x64.Build.0 = Release|x64
		{D6ACCC88-D2B6-4D2A-BD4F-FCED728C3C36}.Release|x86.ActiveCfg = Release|Win32
		{D6ACCC88-D2B6-4D2A-BD4F-FCED728C3C36}.Release|x86.Build.0 = Release|Win32
		{F2A835DE-51CE-405B-BFD7-582D6D8D94B1}.Debug|x64.ActiveCfg = Debug|x64
		{F2A835DE-51CE-405B-BFD7-582D6D8D94B1}.Debug|x64.Build.0 = Debug|x64
		{F2A835DE-51CE-405B-BFD7-582D6D8D94B1}.Debug|x86.ActiveCfg = Debug|Win32
		{F2A835DE-51CE-405B-BFD7-582D6D8D94B1}.Debug|x86.Build.0 = Debug|Win32
		{F2A835DE-51CE-405B-BFD7-582D6D8D94B1}.Release|x64.ActiveCfg = Release|x64
		{F2A835DE-51CE-405B-BFD7-582D6D8D94B1}.Release|x64.Build.0 = Release|x64
		{F2A835DE-51CE-405B-BFD7-582D6D8D94B1}.Release|x86.ActiveCfg = Release|Win32
		{F2A835DE-51CE-405B-BFD7-582D6D8D94B1}.Release|x86.Build.0 = Release|Win32
		{67837DE3-A423-4BD9-A53C-98A15F4E23A8}.Debug|x64.ActiveCfg = Debug|x64
		{67837DE3-A423-4BD9-A53C-98A15F4E23A8}.Debug|x64.Build.0 = Debug|x64
		{67837DE3-A423-4BD9-A53C-98A15F4E23A8}.Debug|x86.ActiveCfg = Debug|Win32
		{67837DE3-A423-4BD9-A53C-98A15F4E23A8}.Debug|x86.Build.0 = Debug|Win32
		{67837DE3-A423-4BD9-A53C-98A15F4E23A8}.Release|x64.ActiveCfg = Release|x64
		{67837DE3-A423-4BD9-A53C-98A15F4E23A8}.Release|x64.Build.0 = Release|x64
		{67837DE3-A423-4BD9-A53C-98A15F4E23A8}.Release|x86.ActiveCfg = Release|Win32
		{67837DE3-A423-4BD9-A53C-98A15F4E23A8}.Release|x86.Build.0 = Release|Win32
		{0473F598-80FF-4ECC-9AA4-609ECAA63915}.Debug|x64.ActiveCfg = Debug|x64
		{0473F598-80FF-4ECC-9AA4-609ECAA63915}.Debug|x64.Build.0 = Debug|x64
		{0473F598-80FF-4ECC-9AA4-609ECAA63915}.Debug|x86.ActiveCfg = Debug|Win32
		{0473F598-80FF-4ECC-9AA4-609ECAA63915}.Debug|x86.Build.0 = Debug|Win32
		{0473F598-80FF-4ECC-9AA4-609ECAA63915}.Release|x64.ActiveCfg = Release|x64
		{0473F598-80FF-4ECC-9AA4-609ECAA63915}.Release|x64.Build.0 = Release|x64
		{0473F598-80FF-4ECC-9AA4-609ECAA63915}.Release|x86.ActiveCfg = Release|Win32
		{0473F598-80FF-4ECC-9AA4-609ECAA63915}.Release|x86.Build.0 = Release|Win32
		{07C186AA-8F5B-4E4C-A1DC-987C2A3C8F2A}.Debug|x64.ActiveCfg = Debug|x64
		{07C186AA-8F5B-4E4C-A1DC-987C2A3C8F2A}.Debug|x64.Build.0 = Debug|x64
		{07C186AA-8F5B-4E4C-A1DC-987C2A3C8F2A}.Debug|x86.ActiveCfg = Debug|Win32
		{07C186AA-8F5B-4E4C-A1DC-987C2A3C8F2A}.Debug|x86.Build.0 = Debug|Win32
		{07C186AA-8F5B-4E4C-A1DC-987C2A3C8F2A}.Release|x64.ActiveCfg = Release|x64
		{07C186AA-8F5B-4E4C-A1DC-987C2A3C8F2A}.Release|x64.Build.0 = Release|x64
		{07C186AA-8F5B-4E4C-A1DC-987C2A3C8F2A}.Release|x86.ActiveCfg = Release|Win32
		{07C186AA-8F5B-4E4C-A1DC-987C2A3C8F2A}.Release|x86.Build.0 = Release|Win32
		{44C08C2C-9AC2-446B-A2D8-CD525462BD4C}.Debug|x64.ActiveCfg = Debug|x64
		{44C08C2C-9AC2-446B-A2D8-CD525462BD4C}.Debug|x64.Build.0 = Debug|x64
		{44C08C2C-9AC2-446B-A2D8-CD525462BD4C}.Debug|x86.ActiveCfg = Debug|Win32
		{44C08C2C-9AC2-446B-A2D8-CD525462BD4C}.Debug|x86.Build.0 = Debug|Win32
		{44C08C2C-9AC2-446B-A2D8-CD525462BD4C}.Release|x64.ActiveCfg = Release|x64
		{44C08C2C-9AC2-446B-A2D8-CD525462BD4C}.Release|x64.Build.0 = Release|x64
		{44C08C2C-9AC2-446B-A2D8-CD525462BD4C}.Release|x86.ActiveCfg = Release|Win32
		{44C08C2C-9AC2-446B-A2D8-CD525462BD4C}.Release|x86.Build.0 = Release|Win32
		{57E1FECE-5A96-4E7F-97D2-656A31747B3A}.Debug|x64.ActiveCfg = Debug|x64
		{57E1FECE-5A96-4E7F-97D2-656A31747B3A}.Debug|x64.Build.0 = Debug|x64
		{57E1FECE-5A96-4E7F-97D2-656A31747B3A}.Debug|x86.ActiveCfg = Debug|Win32
		{57E1FECE-5A96-4E7F-97D2-656A31747B3A}.Debug|x86.Build.0 = Debug|Win32
		{57E1FECE-5A96-4E7F-97D2-656A31747B3A}.Release|x64.ActiveCfg = Release|x64
		{57E1FECE-5A96-4E7F-97D2-656A31747B3A}.Release|x64.Build.0 = Release|x64
		{57E1FECE-5A96-4E7F-97D2-656A31747B3A}.Release|x86.ActiveCfg = Release|Win32
		{57E1FECE-5A96-4E7F-97D2-656A31747B3A}.Release|x86.Build.0 = Release|Win32
		{EB1CCCF3-B531-4532-AF01-22E9EC8D035A}.Debug|x64.ActiveCfg = Debug|x64
		{EB1CCCF3-B531-4532-AF01-22E9EC8D035A}.Debug|x64.Build.0 = Debug|x64
		{EB1CCCF3-B531-4532-AF01-22E9EC8D035A}.Debug|x86.ActiveCfg = Debug|Win32
		{EB1CCCF3-B531-4532-AF01-22E9EC8D035A}.Debug|x86.Build.0 = Debug|Win32
		{EB1CCCF3-B531-4532-AF01-22E9EC8D035A}.Release|x64.ActiveCfg = Release|x64
		{EB1CCCF3-B531-4532-AF01-22E9EC8D035A}.Release|x64.Build.0 = Release|x64
		{EB1CCCF3-B531-4532-AF01-22E9EC8D035A}.Release|x86.ActiveCfg = Release|Win32
		{EB1CCCF3-B531-4532-AF01-22E9EC8D035A}.Release|x86.Build.0 = Release|Win32
		{2E286E11-5262-4788-94C3-FABB3CD59618}.Debug|x64.ActiveCfg = Debug|x64
		{2E286E11-5262-4788-94C3-FABB3CD59618}.Debug|x64.Build.0 = Debug|x64
		{2E286E11-5262-4788-94C3-FABB3CD59618}.Debug|x86.ActiveCfg = Debug|Win32
		{2E286E11-5262-4788-94C3-FABB3CD59618}.Debug|x86.Build.0 = Debug|Win32
		{2E286E11-5262-4788-94C3-FABB3CD59618}.Release|x64.ActiveCfg = Release|x64
		{2E286E11-5262-4788-94C3-FABB3CD59618}.Release|x64.Build.0 = Release|x64
		{2E286E11-5262-4788-94C3-FABB3CD59618}.Release|x86.ActiveCfg = Release|Win32
		{2E286E11-5262-4788-94C3-FABB3CD59618}.Release|x86.Build.0 = Release|Win32
		{2D477352-A5C4-4223-B390-78FBF98881A2}.Debug|x64.ActiveCfg = Debug|x64
		{2D477352-A5C4-4223-B390-78FBF98881A2}.Debug|x64.Build.0 = Debug|x64
		{2D477352-A5C4-4223-B390-78FBF98881A2}.Debug|x86.ActiveCfg = Debug|Win32
		{2D477352-A5C4-4223-B390-78FBF98881A2}.Debug|x86.Build.0 = Debug|Win32
		{2D477352-A5C4-4223-B390-78FBF98881A2}.Release|x64.ActiveCfg = Release|x64
		{2D477352-A5C4-4223-B390-78FBF98881A2}.Release|x64.Build.0 = Release|x64
		{2D477352-A5C4-4223-B390-78FBF98881A2}.Release|x86.ActiveCfg = Release|Win32
		{2D477352-A5C4-4223-B390-78FBF98881A2}.Release|x86.Build.0 = Release|Win32
		{A337BA8F-46C0-4449-9F35-CF837D18ED07}.Debug|x64.ActiveCfg = Debug|x64
		{A337BA8F-46C0-4449-9F35-CF837D18ED07}.Debug|x64.Build.0 = Debug|x64
		{A337BA8F-46C0-4449-9F35-CF837D18ED07}.Debug|x86.ActiveCfg = Debug|Win32
		{A337BA8F-46C0-4449-9F35-CF837D18ED07}.Debug|x86.Build.0 = Debug|Win32
		{A337BA8F-46C0-4449-9F35-CF837D18ED07}.Release|x64.ActiveCfg = Release|x64
		{A337BA8F-46C0-4449-9F35-CF837D18ED07}.Release|x64.Build.0 = Release|x64
		{A337BA8F-46C0-4449-9F35-CF837D18ED07}.Release|x86.ActiveCfg = Release|Win32
		{A337BA8F-46C0-4449-9F35-CF837D18ED07}.Release|x86.Build.0 = Release|Win32
		{0824BB99-0611-496F-A363-5F7E411ED8AE}.Debug|x64.ActiveCfg = Debug|x64
		{0824BB99-0611-496F-A363-5F7E411ED8AE}.Debug|x64.Build.0 = Debug|x64
		{0824BB99-0611-496F-A363-5F7E411ED8AE}.Debug|x86.ActiveCfg = Debug|Win32
		{0824BB99-0611-496F-A363-5F7E411ED8AE}.Debug|x86.Build.0 = Debug|Win32
		{0824BB99-0611-496F-A363-5F7E411ED8AE}.Release|x64.ActiveCfg = Release|x64
		{0824BB99-0611-496F-A363-5F7E411ED8AE}.Release|x64.Build.0 = Release|x64
		{0824BB99-0611-496F-A363-5F7E411ED8AE}.Release|x86.ActiveCfg = Release|Win32
		{0824BB99-0611-496F-A363-5F7E411ED8AE}.Release|x86.Build.0 = Release|Win32
		{9944784F-5749-4329-8D2C-540715CD56E8}.Debug|x64.ActiveCfg = Debug|x64
		{9944784F-5749-4329-8D2C-540715CD56E8}.Debug|x64.Build.0 = Debug|x64
		{9944784F-5749-4329-8D2C-540715CD56E8}.Debug|x86.ActiveCfg = Debug|Win32
		{9944784F-5749-4329-8D2C-540715CD56E8}.Debug|x86.Build.0 = Debug|Win32
		{9944784F-5749-4329-8D2C-540715CD56E8}.Release|x64.ActiveCfg = Release|x64
		{9944784F-5749-4329-8D2C-540715CD56E8}.Release|x64.Build.0 = Release|x64
		{9944784F-5749-4329-8D2C-540715CD56E8}.Release|x86.ActiveCfg = Release|Win32
		{9944784F-5749-4329-8D2C-540715CD56E8}.Release|x86.Build.0 = Release|Win32
		{07223EF4-8D0A-4834-AADC-38C0DD8610AE}.Debug|x64.ActiveCfg = Debug|x64
		{07223EF4-8D0A-4834-AADC-38C0DD8610AE}.Debug|x64.Build.0 = Debug|x64
		{07223EF4-8D0A-4834-AADC-38C0DD8610AE}.Debug|x86.ActiveCfg = Debug|Win32
		{07223EF4-8D0A-4834-AADC-38C0DD8610AE}.Debug|x86.Build.0 = Debug|Win32
		{07223EF4-8D0A-4834-AADC-38C0DD8610AE}.Release|x64.ActiveCfg = Release|x64
		{07223EF4-8D0A-4834-AADC-38C0DD8610AE}.Release|x64.Build.0 = Release|x64
		{07223EF4-8D0A-4834-AADC-38C0DD8610AE}.Release|x86.ActiveCfg = Release|Win32
		{07223EF4-8D0A-4834-AADC-38C0DD8610AE}.Release|x86.Build.0 = Release|Win32
		{840DEAA2-4915-40AA-A167-440A4968BD09}.Debug|x64.ActiveCfg = Debug|x64
		{840DEAA2-4915-40AA-A167-440A4968BD09}.Debug|x64.Build.0 = Debug|x64
		{840DEAA2-4915-40AA-A167-440A4968BD09}.Debug|x86.ActiveCfg = Debug|Win32
		{840DEAA2-4915-40AA-A167-440A4968BD09}.Debug|x86.Build.0 = Debug|Win32
		{840DEAA2-4915-40AA-A167-440A4968BD09}.Release|x64.ActiveCfg = Release|x64
		{840DEAA2-4915-40AA-A167-440A4968BD09}.Release|x64.Build.0 = Release|x64
		{840DEAA2-4915-40AA-A167-440A4968BD09}.Release|x86.ActiveCfg = Release|Win32
		{840DEAA2-4915-40AA-A167-440A4968BD09}.Release|x86.Build.0 = Release|Win32
		{5602A2FD-6000-4BD8-9A78-8D701CB58D76}.Debug|x64.ActiveCfg = Debug|x64
		{5602A2FD-6000-4BD8-9A78-8D701CB58D76}.Debug|x64.Build.0 = Debug|x64
		{5602A2FD-6000-4BD8-9A78-8D701CB58D76}.Debug|x86.ActiveCfg = Debug|Win32
		{5602A2FD-6000-4BD8-9A78-8D701CB58D76}.Debug|x86.Build.0 = Debug|Win32
		{5602A2FD-6000-4BD8-9A78-8D701CB58D76}.Release|x64.ActiveCfg = Release|x64
		{5602A2FD-6000-4BD8-9A78-8D701CB58D76}.Release|x64.Build.0 = Release|x64
		{5602A2FD-6000-4BD8-9A78-8D701CB58D76}.Release|x86.ActiveCfg = Release|Win32
		{5602A2FD-6000-4BD8-9A78-8D701CB58D76}.Release|x86.Build.0 = Release|Win32
		{5207D8B6-2DEB-4C8D-9609-F399750969F5}.Debug|x64.ActiveCfg = Debug|x64
		{5207D8B6-2DEB-4C8D-9609-F399750969F5}.Debug|x64.Build.0 = Debug|x64
		{5207D8B6-2DEB-4C8D-9609-F399750969F5}.Debug|x86.ActiveCfg = Debug|Win32
		{5207D8B6-2DEB-4C8D-9609-F399750969F5}.Debug|x86.Build.0 = Debug|Win32
		{5207D8B6-2DEB-4C8D-9609-F399750969F5}.Release|x64.ActiveCfg = Release|x64
		{5207D8B6-2DEB-4C8D-9609-F399750969F5}.Release|x64.Build.0 = Release|x64
		{5207D8B6-2DEB-4C8D-9609-F399750969F5}.Release|x86.ActiveCfg = Release|Win32
		{5207D8B6-2DEB-4C8D-9609-F399750969F5}.Release|x86.Build.0 = Release|Win32
		{BF8555A4-E74A-45C5-9DEE-D7B8D2951DEA}.Debug|x64.ActiveCfg = Debug|x64
		{BF8555A4-E74A-45C5-9DEE-D7B8D2951DEA}.Debug|x64.Build.0 = Debug|x64
		{BF8555A4-E74A-45C5-9DEE-D7B8D2951DEA}.Debug|x86.ActiveCfg = Debug|Win32
		{BF8555A4-E74A-45C5-9DEE-D7B8D2951DEA}.Debug|x86.Build.0 = Debug|Win32
		{BF8555A4-E74A-45C5-9DEE-D7B8D2951DEA}.Release|x64.ActiveCfg = Release|x64
		{BF8555A4-E74A-45C5-9DEE-D7B8D2951DEA}.Release|x64.Build.0 = Release|x64
		{BF8555A4-E74A-45C5-9DEE-D7B8D2951DEA}.Release|x86.ActiveCfg = Release|Win32
		{BF8555A4-E74A-45C5-9DEE-D7B8D2951DEA}.Release|x86.Build.0 = Release|Win32
		{F3BFB7BE-89F5-4B00-9456-B18C8A483BAE}.Debug|x64.ActiveCfg = Debug|x64
		{F3BFB7BE-89F5-4B00-9456-B18C8A483BAE}.Debug|x64.Build.0 = Debug|x64
		{F3BFB7BE-89F5-4B00-9456-B18C8A483BAE}.Debug|x86.ActiveCfg = Debug|Win32
		{F3BFB7BE-89F5-4B00-9456-B18C8A483BAE}.Debug|x86.Build.0 = Debug|Win32
		{F3BFB7BE-89F5-4B00-9456-B18C8A483BAE}.Release|x64.ActiveCfg = Release|x64
		{F3BFB7BE-89F5-4B00-9456-B18C8A483BAE}.Release|x64.Build.0 = Release|x64
		{F3BFB7BE-89F5-4B00-9456-B18C8A483BAE}.Release|x86.ActiveCfg = Release|Win32
		{F3BFB7BE-89F5-4B00-9456-B18C8A483BAE}.Release|x86.Build.0 = Release|Win32
	EndGlobalSection
	GlobalSection(SolutionProperties) = preSolution
		HideSolutionNode = FALSE
	EndGlobalSection
	GlobalSection(ExtensibilityGlobals) = postSolution
		SolutionGuid = {E46749C6-B401-4235-836F-9AFA65A66642}
	EndGlobalSection
EndGlobal
