
Microsoft Visual Studio Solution File, Format Version 12.00
# Visual Studio Version 17
VisualStudioVersion = 17.14.36310.24
MinimumVisualStudioVersion = 10.0.40219.1
Project("{8BC9CEB8-8B4A-11D0-8D11-00A0C91BC942}") = "Drill01", "Drill01\Drill01.vcxproj", "{35F9FBF8-C76E-4524-8D8A-73778048D4AE}"
EndProject
Project("{8BC9CEB8-8B4A-11D0-8D11-00A0C91BC942}") = "Drill02", "Drill02\Drill02.vcxproj", "{147CA220-E3FF-4758-9466-594945FDBD50}"
EndProject
Project("{8BC9CEB8-8B4A-11D0-8D11-00A0C91BC942}") = "Drill03", "Drill03\Drill03.vcxproj", "{CFE4994E-95FB-40DE-882F-ABA248BD8BFD}"
EndProject
Project("{8BC9CEB8-8B4A-11D0-8D11-00A0C91BC942}") = "Drill04", "Drill04\Drill04.vcxproj", "{59F6CDEF-7C4A-4B7C-82EC-056A16F0F510}"
EndProject
Project("{8BC9CEB8-8B4A-11D0-8D11-00A0C91BC942}") = "Drill05", "Drill05\Drill05.vcxproj", "{FADD28EB-23D9-492A-B869-BFDBB1840489}"
EndProject
Project("{8BC9CEB8-8B4A-11D0-8D11-00A0C91BC942}") = "Drill06", "Drill06\Drill06.vcxproj", "{22460746-B8E2-40EB-9A3F-097CEFFD11FF}"
EndProject
Project("{8BC9CEB8-8B4A-11D0-8D11-00A0C91BC942}") = "LAB1", "LAB1\LAB1.vcxproj", "{28C3EA51-AFA1-4F24-ADF4-63A06107D0D5}"
EndProject
Project("{8BC9CEB8-8B4A-11D0-8D11-00A0C91BC942}") = "LAB2", "LAB2\LAB2.vcxproj", "{97FC8BFF-B1E9-4EF6-81B0-B3CBCD3A41C9}"
EndProject
Project("{8BC9CEB8-8B4A-11D0-8D11-00A0C91BC942}") = "Drill07", "Drill07\Drill07.vcxproj", "{EFBC46DA-3C69-4914-8457-8EECF7A0D25E}"
EndProject
Project("{8BC9CEB8-8B4A-11D0-8D11-00A0C91BC942}") = "Drill08", "Drill08\Drill08.vcxproj", "{AF7896B5-93C5-46BF-A380-3F29204B5E8F}"
EndProject
Project("{8BC9CEB8-8B4A-11D0-8D11-00A0C91BC942}") = "Drill09", "Drill09\Drill09.vcxproj", "{909F91DB-4D47-4428-878F-EBB08D06051C}"
EndProject
Project("{8BC9CEB8-8B4A-11D0-8D11-00A0C91BC942}") = "Drill10", "Drill10\Drill10.vcxproj", "{0F181C8F-B56A-478A-8B01-F69A888D9D76}"
EndProject
Project("{8BC9CEB8-8B4A-11D0-8D11-00A0C91BC942}") = "Drill11", "Drill11\Drill11.vcxproj", "{03027370-9EBC-44EB-97BB-73C7FEC7973B}"
EndProject
Project("{8BC9CEB8-8B4A-11D0-8D11-00A0C91BC942}") = "Drill12", "Drill12\Drill12.vcxproj", "{F1730402-AFFA-43AF-8FF8-87757433E957}"
EndProject
Project("{8BC9CEB8-8B4A-11D0-8D11-00A0C91BC942}") = "Drill13", "Drill13\Drill13.vcxproj", "{F7882ECC-F5CF-4845-9EA2-F83255B03877}"
EndProject
Project("{8BC9CEB8-8B4A-11D0-8D11-00A0C91BC942}") = "Drill14", "Drill14\Drill14.vcxproj", "{913EA120-6561-4262-BB28-8135AF1A9B07}"
EndProject
Project("{8BC9CEB8-8B4A-11D0-8D11-00A0C91BC942}") = "Mini Project", "Mini Project\Mini Project.vcxproj", "{7D35FE1B-3FA6-4857-9F54-C54624B6FE55}"
EndProject
Project("{8BC9CEB8-8B4A-11D0-8D11-00A0C91BC942}") = "Programming01", "Programming01\Programming01.vcxproj", "{64DD076A-8E75-47F6-A662-989B0AC6464F}"
EndProject
Project("{8BC9CEB8-8B4A-11D0-8D11-00A0C91BC942}") = "Programming02", "Programming02\Programming02.vcxproj", "{F843CBCC-3D87-42BB-A93A-C8CB10D407D7}"
EndProject
Project("{8BC9CEB8-8B4A-11D0-8D11-00A0C91BC942}") = "Programming03", "Programming03\Programming03.vcxproj", "{1C0CF994-51C9-4BFA-BD16-A958CC6C6553}"
EndProject
Project("{8BC9CEB8-8B4A-11D0-8D11-00A0C91BC942}") = "Programming04", "Programming04\Programming04.vcxproj", "{C307A40A-D719-4472-A57C-8E1CAEE9944F}"
EndProject
Project("{8BC9CEB8-8B4A-11D0-8D11-00A0C91BC942}") = "Programming05", "Programming05\Programming05.vcxproj", "{9DD19FCA-84D8-4818-BCFC-2D6939A90ADD}"
EndProject
Project("{8BC9CEB8-8B4A-11D0-8D11-00A0C91BC942}") = "Programming06", "Programming06\Programming06.vcxproj", "{A087917D-F9DE-4884-BA4A-2C41039E8B48}"
EndProject
Project("{8BC9CEB8-8B4A-11D0-8D11-00A0C91BC942}") = "Programming07", "Programming07\Programming07.vcxproj", "{9CED05FF-9D98-42B1-BEA0-345A8527D791}"
EndProject
Project("{8BC9CEB8-8B4A-11D0-8D11-00A0C91BC942}") = "Programming08", "Programming08\Programming08.vcxproj", "{7BBD715A-C2E3-4943-8A67-D6FC54458378}"
EndProject
Project("{8BC9CEB8-8B4A-11D0-8D11-00A0C91BC942}") = "Programming09", "Programming09\Programming09.vcxproj", "{06199D0F-CB85-407D-A3CD-1F161557285C}"
EndProject
Project("{8BC9CEB8-8B4A-11D0-8D11-00A0C91BC942}") = "Programming10", "Programming10\Programming10.vcxproj", "{E4884360-2023-4A54-B404-9B240CAA5489}"
EndProject
Project("{8BC9CEB8-8B4A-11D0-8D11-00A0C91BC942}") = "Programming11", "Programming11\Programming11.vcxproj", "{1561C686-0B4B-4EC5-AFFD-3FF5C7AD2C8C}"
EndProject
Project("{8BC9CEB8-8B4A-11D0-8D11-00A0C91BC942}") = "Programming12", "Programming12\Programming12.vcxproj", "{5BF7760E-0A3D-4CA5-90E3-18CE869A143D}"
EndProject
Global
	GlobalSection(SolutionConfigurationPlatforms) = preSolution
		Debug|x64 = Debug|x64
		Debug|x86 = Debug|x86
		Release|x64 = Release|x64
		Release|x86 = Release|x86
	EndGlobalSection
	GlobalSection(ProjectConfigurationPlatforms) = postSolution
		{35F9FBF8-C76E-4524-8D8A-73778048D4AE}.Debug|x64.ActiveCfg = Debug|x64
		{35F9FBF8-C76E-4524-8D8A-73778048D4AE}.Debug|x64.Build.0 = Debug|x64
		{35F9FBF8-C76E-4524-8D8A-73778048D4AE}.Debug|x86.ActiveCfg = Debug|Win32
		{35F9FBF8-C76E-4524-8D8A-73778048D4AE}.Debug|x86.Build.0 = Debug|Win32
		{35F9FBF8-C76E-4524-8D8A-73778048D4AE}.Release|x64.ActiveCfg = Release|x64
		{35F9FBF8-C76E-4524-8D8A-73778048D4AE}.Release|x64.Build.0 = Release|x64
		{35F9FBF8-C76E-4524-8D8A-73778048D4AE}.Release|x86.ActiveCfg = Release|Win32
		{35F9FBF8-C76E-4524-8D8A-73778048D4AE}.Release|x86.Build.0 = Release|Win32
		{147CA220-E3FF-4758-9466-594945FDBD50}.Debug|x64.ActiveCfg = Debug|x64
		{147CA220-E3FF-4758-9466-594945FDBD50}.Debug|x64.Build.0 = Debug|x64
		{147CA220-E3FF-4758-9466-594945FDBD50}.Debug|x86.ActiveCfg = Debug|Win32
		{147CA220-E3FF-4758-9466-594945FDBD50}.Debug|x86.Build.0 = Debug|Win32
		{147CA220-E3FF-4758-9466-594945FDBD50}.Release|x64.ActiveCfg = Release|x64
		{147CA220-E3FF-4758-9466-594945FDBD50}.Release|x64.Build.0 = Release|x64
		{147CA220-E3FF-4758-9466-594945FDBD50}.Release|x86.ActiveCfg = Release|Win32
		{147CA220-E3FF-4758-9466-594945FDBD50}.Release|x86.Build.0 = Release|Win32
		{CFE4994E-95FB-40DE-882F-ABA248BD8BFD}.Debug|x64.ActiveCfg = Debug|x64
		{CFE4994E-95FB-40DE-882F-ABA248BD8BFD}.Debug|x64.Build.0 = Debug|x64
		{CFE4994E-95FB-40DE-882F-ABA248BD8BFD}.Debug|x86.ActiveCfg = Debug|Win32
		{CFE4994E-95FB-40DE-882F-ABA248BD8BFD}.Debug|x86.Build.0 = Debug|Win32
		{CFE4994E-95FB-40DE-882F-ABA248BD8BFD}.Release|x64.ActiveCfg = Release|x64
		{CFE4994E-95FB-40DE-882F-ABA248BD8BFD}.Release|x64.Build.0 = Release|x64
		{CFE4994E-95FB-40DE-882F-ABA248BD8BFD}.Release|x86.ActiveCfg = Release|Win32
		{CFE4994E-95FB-40DE-882F-ABA248BD8BFD}.Release|x86.Build.0 = Release|Win32
		{59F6CDEF-7C4A-4B7C-82EC-056A16F0F510}.Debug|x64.ActiveCfg = Debug|x64
		{59F6CDEF-7C4A-4B7C-82EC-056A16F0F510}.Debug|x64.Build.0 = Debug|x64
		{59F6CDEF-7C4A-4B7C-82EC-056A16F0F510}.Debug|x86.ActiveCfg = Debug|Win32
		{59F6CDEF-7C4A-4B7C-82EC-056A16F0F510}.Debug|x86.Build.0 = Debug|Win32
		{59F6CDEF-7C4A-4B7C-82EC-056A16F0F510}.Release|x64.ActiveCfg = Release|x64
		{59F6CDEF-7C4A-4B7C-82EC-056A16F0F510}.Release|x64.Build.0 = Release|x64
		{59F6CDEF-7C4A-4B7C-82EC-056A16F0F510}.Release|x86.ActiveCfg = Release|Win32
		{59F6CDEF-7C4A-4B7C-82EC-056A16F0F510}.Release|x86.Build.0 = Release|Win32
		{FADD28EB-23D9-492A-B869-BFDBB1840489}.Debug|x64.ActiveCfg = Debug|x64
		{FADD28EB-23D9-492A-B869-BFDBB1840489}.Debug|x64.Build.0 = Debug|x64
		{FADD28EB-23D9-492A-B869-BFDBB1840489}.Debug|x86.ActiveCfg = Debug|Win32
		{FADD28EB-23D9-492A-B869-BFDBB1840489}.Debug|x86.Build.0 = Debug|Win32
		{FADD28EB-23D9-492A-B869-BFDBB1840489}.Release|x64.ActiveCfg = Release|x64
		{FADD28EB-23D9-492A-B869-BFDBB1840489}.Release|x64.Build.0 = Release|x64
		{FADD28EB-23D9-492A-B869-BFDBB1840489}.Release|x86.ActiveCfg = Release|Win32
		{FADD28EB-23D9-492A-B869-BFDBB1840489}.Release|x86.Build.0 = Release|Win32
		{22460746-B8E2-40EB-9A3F-097CEFFD11FF}.Debug|x64.ActiveCfg = Debug|x64
		{22460746-B8E2-40EB-9A3F-097CEFFD11FF}.Debug|x64.Build.0 = Debug|x64
		{22460746-B8E2-40EB-9A3F-097CEFFD11FF}.Debug|x86.ActiveCfg = Debug|Win32
		{22460746-B8E2-40EB-9A3F-097CEFFD11FF}.Debug|x86.Build.0 = Debug|Win32
		{22460746-B8E2-40EB-9A3F-097CEFFD11FF}.Release|x64.ActiveCfg = Release|x64
		{22460746-B8E2-40EB-9A3F-097CEFFD11FF}.Release|x64.Build.0 = Release|x64
		{22460746-B8E2-40EB-9A3F-097CEFFD11FF}.Release|x86.ActiveCfg = Release|Win32
		{22460746-B8E2-40EB-9A3F-097CEFFD11FF}.Release|x86.Build.0 = Release|Win32
		{28C3EA51-AFA1-4F24-ADF4-63A06107D0D5}.Debug|x64.ActiveCfg = Debug|x64
		{28C3EA51-AFA1-4F24-ADF4-63A06107D0D5}.Debug|x64.Build.0 = Debug|x64
		{28C3EA51-AFA1-4F24-ADF4-63A06107D0D5}.Debug|x86.ActiveCfg = Debug|Win32
		{28C3EA51-AFA1-4F24-ADF4-63A06107D0D5}.Debug|x86.Build.0 = Debug|Win32
		{28C3EA51-AFA1-4F24-ADF4-63A06107D0D5}.Release|x64.ActiveCfg = Release|x64
		{28C3EA51-AFA1-4F24-ADF4-63A06107D0D5}.Release|x64.Build.0 = Release|x64
		{28C3EA51-AFA1-4F24-ADF4-63A06107D0D5}.Release|x86.ActiveCfg = Release|Win32
		{28C3EA51-AFA1-4F24-ADF4-63A06107D0D5}.Release|x86.Build.0 = Release|Win32
		{97FC8BFF-B1E9-4EF6-81B0-B3CBCD3A41C9}.Debug|x64.ActiveCfg = Debug|x64
		{97FC8BFF-B1E9-4EF6-81B0-B3CBCD3A41C9}.Debug|x64.Build.0 = Debug|x64
		{97FC8BFF-B1E9-4EF6-81B0-B3CBCD3A41C9}.Debug|x86.ActiveCfg = Debug|Win32
		{97FC8BFF-B1E9-4EF6-81B0-B3CBCD3A41C9}.Debug|x86.Build.0 = Debug|Win32
		{97FC8BFF-B1E9-4EF6-81B0-B3CBCD3A41C9}.Release|x64.ActiveCfg = Release|x64
		{97FC8BFF-B1E9-4EF6-81B0-B3CBCD3A41C9}.Release|x64.Build.0 = Release|x64
		{97FC8BFF-B1E9-4EF6-81B0-B3CBCD3A41C9}.Release|x86.ActiveCfg = Release|Win32
		{97FC8BFF-B1E9-4EF6-81B0-B3CBCD3A41C9}.Release|x86.Build.0 = Release|Win32
		{EFBC46DA-3C69-4914-8457-8EECF7A0D25E}.Debug|x64.ActiveCfg = Debug|x64
		{EFBC46DA-3C69-4914-8457-8EECF7A0D25E}.Debug|x64.Build.0 = Debug|x64
		{EFBC46DA-3C69-4914-8457-8EECF7A0D25E}.Debug|x86.ActiveCfg = Debug|Win32
		{EFBC46DA-3C69-4914-8457-8EECF7A0D25E}.Debug|x86.Build.0 = Debug|Win32
		{EFBC46DA-3C69-4914-8457-8EECF7A0D25E}.Release|x64.ActiveCfg = Release|x64
		{EFBC46DA-3C69-4914-8457-8EECF7A0D25E}.Release|x64.Build.0 = Release|x64
		{EFBC46DA-3C69-4914-8457-8EECF7A0D25E}.Release|x86.ActiveCfg = Release|Win32
		{EFBC46DA-3C69-4914-8457-8EECF7A0D25E}.Release|x86.Build.0 = Release|Win32
		{AF7896B5-93C5-46BF-A380-3F29204B5E8F}.Debug|x64.ActiveCfg = Debug|x64
		{AF7896B5-93C5-46BF-A380-3F29204B5E8F}.Debug|x64.Build.0 = Debug|x64
		{AF7896B5-93C5-46BF-A380-3F29204B5E8F}.Debug|x86.ActiveCfg = Debug|Win32
		{AF7896B5-93C5-46BF-A380-3F29204B5E8F}.Debug|x86.Build.0 = Debug|Win32
		{AF7896B5-93C5-46BF-A380-3F29204B5E8F}.Release|x64.ActiveCfg = Release|x64
		{AF7896B5-93C5-46BF-A380-3F29204B5E8F}.Release|x64.Build.0 = Release|x64
		{AF7896B5-93C5-46BF-A380-3F29204B5E8F}.Release|x86.ActiveCfg = Release|Win32
		{AF7896B5-93C5-46BF-A380-3F29204B5E8F}.Release|x86.Build.0 = Release|Win32
		{909F91DB-4D47-4428-878F-EBB08D06051C}.Debug|x64.ActiveCfg = Debug|x64
		{909F91DB-4D47-4428-878F-EBB08D06051C}.Debug|x64.Build.0 = Debug|x64
		{909F91DB-4D47-4428-878F-EBB08D06051C}.Debug|x86.ActiveCfg = Debug|Win32
		{909F91DB-4D47-4428-878F-EBB08D06051C}.Debug|x86.Build.0 = Debug|Win32
		{909F91DB-4D47-4428-878F-EBB08D06051C}.Release|x64.ActiveCfg = Release|x64
		{909F91DB-4D47-4428-878F-EBB08D06051C}.Release|x64.Build.0 = Release|x64
		{909F91DB-4D47-4428-878F-EBB08D06051C}.Release|x86.ActiveCfg = Release|Win32
		{909F91DB-4D47-4428-878F-EBB08D06051C}.Release|x86.Build.0 = Release|Win32
		{0F181C8F-B56A-478A-8B01-F69A888D9D76}.Debug|x64.ActiveCfg = Debug|x64
		{0F181C8F-B56A-478A-8B01-F69A888D9D76}.Debug|x64.Build.0 = Debug|x64
		{0F181C8F-B56A-478A-8B01-F69A888D9D76}.Debug|x86.ActiveCfg = Debug|Win32
		{0F181C8F-B56A-478A-8B01-F69A888D9D76}.Debug|x86.Build.0 = Debug|Win32
		{0F181C8F-B56A-478A-8B01-F69A888D9D76}.Release|x64.ActiveCfg = Release|x64
		{0F181C8F-B56A-478A-8B01-F69A888D9D76}.Release|x64.Build.0 = Release|x64
		{0F181C8F-B56A-478A-8B01-F69A888D9D76}.Release|x86.ActiveCfg = Release|Win32
		{0F181C8F-B56A-478A-8B01-F69A888D9D76}.Release|x86.Build.0 = Release|Win32
		{03027370-9EBC-44EB-97BB-73C7FEC7973B}.Debug|x64.ActiveCfg = Debug|x64
		{03027370-9EBC-44EB-97BB-73C7FEC7973B}.Debug|x64.Build.0 = Debug|x64
		{03027370-9EBC-44EB-97BB-73C7FEC7973B}.Debug|x86.ActiveCfg = Debug|Win32
		{03027370-9EBC-44EB-97BB-73C7FEC7973B}.Debug|x86.Build.0 = Debug|Win32
		{03027370-9EBC-44EB-97BB-73C7FEC7973B}.Release|x64.ActiveCfg = Release|x64
		{03027370-9EBC-44EB-97BB-73C7FEC7973B}.Release|x64.Build.0 = Release|x64
		{03027370-9EBC-44EB-97BB-73C7FEC7973B}.Release|x86.ActiveCfg = Release|Win32
		{03027370-9EBC-44EB-97BB-73C7FEC7973B}.Release|x86.Build.0 = Release|Win32
		{F1730402-AFFA-43AF-8FF8-87757433E957}.Debug|x64.ActiveCfg = Debug|x64
		{F1730402-AFFA-43AF-8FF8-87757433E957}.Debug|x64.Build.0 = Debug|x64
		{F1730402-AFFA-43AF-8FF8-87757433E957}.Debug|x86.ActiveCfg = Debug|Win32
		{F1730402-AFFA-43AF-8FF8-87757433E957}.Debug|x86.Build.0 = Debug|Win32
		{F1730402-AFFA-43AF-8FF8-87757433E957}.Release|x64.ActiveCfg = Release|x64
		{F1730402-AFFA-43AF-8FF8-87757433E957}.Release|x64.Build.0 = Release|x64
		{F1730402-AFFA-43AF-8FF8-87757433E957}.Release|x86.ActiveCfg = Release|Win32
		{F1730402-AFFA-43AF-8FF8-87757433E957}.Release|x86.Build.0 = Release|Win32
		{F7882ECC-F5CF-4845-9EA2-F83255B03877}.Debug|x64.ActiveCfg = Debug|x64
		{F7882ECC-F5CF-4845-9EA2-F83255B03877}.Debug|x64.Build.0 = Debug|x64
		{F7882ECC-F5CF-4845-9EA2-F83255B03877}.Debug|x86.ActiveCfg = Debug|Win32
		{F7882ECC-F5CF-4845-9EA2-F83255B03877}.Debug|x86.Build.0 = Debug|Win32
		{F7882ECC-F5CF-4845-9EA2-F83255B03877}.Release|x64.ActiveCfg = Release|x64
		{F7882ECC-F5CF-4845-9EA2-F83255B03877}.Release|x64.Build.0 = Release|x64
		{F7882ECC-F5CF-4845-9EA2-F83255B03877}.Release|x86.ActiveCfg = Release|Win32
		{F7882ECC-F5CF-4845-9EA2-F83255B03877}.Release|x86.Build.0 = Release|Win32
		{913EA120-6561-4262-BB28-8135AF1A9B07}.Debug|x64.ActiveCfg = Debug|x64
		{913EA120-6561-4262-BB28-8135AF1A9B07}.Debug|x64.Build.0 = Debug|x64
		{913EA120-6561-4262-BB28-8135AF1A9B07}.Debug|x86.ActiveCfg = Debug|Win32
		{913EA120-6561-4262-BB28-8135AF1A9B07}.Debug|x86.Build.0 = Debug|Win32
		{913EA120-6561-4262-BB28-8135AF1A9B07}.Release|x64.ActiveCfg = Release|x64
		{913EA120-6561-4262-BB28-8135AF1A9B07}.Release|x64.Build.0 = Release|x64
		{913EA120-6561-4262-BB28-8135AF1A9B07}.Release|x86.ActiveCfg = Release|Win32
		{913EA120-6561-4262-BB28-8135AF1A9B07}.Release|x86.Build.0 = Release|Win32
		{7D35FE1B-3FA6-4857-9F54-C54624B6FE55}.Debug|x64.ActiveCfg = Debug|x64
		{7D35FE1B-3FA6-4857-9F54-C54624B6FE55}.Debug|x64.Build.0 = Debug|x64
		{7D35FE1B-3FA6-4857-9F54-C54624B6FE55}.Debug|x86.ActiveCfg = Debug|Win32
		{7D35FE1B-3FA6-4857-9F54-C54624B6FE55}.Debug|x86.Build.0 = Debug|Win32
		{7D35FE1B-3FA6-4857-9F54-C54624B6FE55}.Release|x64.ActiveCfg = Release|x64
		{7D35FE1B-3FA6-4857-9F54-C54624B6FE55}.Release|x64.Build.0 = Release|x64
		{7D35FE1B-3FA6-4857-9F54-C54624B6FE55}.Release|x86.ActiveCfg = Release|Win32
		{7D35FE1B-3FA6-4857-9F54-C54624B6FE55}.Release|x86.Build.0 = Release|Win32
		{64DD076A-8E75-47F6-A662-989B0AC6464F}.Debug|x64.ActiveCfg = Debug|x64
		{64DD076A-8E75-47F6-A662-989B0AC6464F}.Debug|x64.Build.0 = Debug|x64
		{64DD076A-8E75-47F6-A662-989B0AC6464F}.Debug|x86.ActiveCfg = Debug|Win32
		{64DD076A-8E75-47F6-A662-989B0AC6464F}.Debug|x86.Build.0 = Debug|Win32
		{64DD076A-8E75-47F6-A662-989B0AC6464F}.Release|x64.ActiveCfg = Release|x64
		{64DD076A-8E75-47F6-A662-989B0AC6464F}.Release|x64.Build.0 = Release|x64
		{64DD076A-8E75-47F6-A662-989B0AC6464F}.Release|x86.ActiveCfg = Release|Win32
		{64DD076A-8E75-47F6-A662-989B0AC6464F}.Release|x86.Build.0 = Release|Win32
		{F843CBCC-3D87-42BB-A93A-C8CB10D407D7}.Debug|x64.ActiveCfg = Debug|x64
		{F843CBCC-3D87-42BB-A93A-C8CB10D407D7}.Debug|x64.Build.0 = Debug|x64
		{F843CBCC-3D87-42BB-A93A-C8CB10D407D7}.Debug|x86.ActiveCfg = Debug|Win32
		{F843CBCC-3D87-42BB-A93A-C8CB10D407D7}.Debug|x86.Build.0 = Debug|Win32
		{F843CBCC-3D87-42BB-A93A-C8CB10D407D7}.Release|x64.ActiveCfg = Release|x64
		{F843CBCC-3D87-42BB-A93A-C8CB10D407D7}.Release|x64.Build.0 = Release|x64
		{F843CBCC-3D87-42BB-A93A-C8CB10D407D7}.Release|x86.ActiveCfg = Release|Win32
		{F843CBCC-3D87-42BB-A93A-C8CB10D407D7}.Release|x86.Build.0 = Release|Win32
		{1C0CF994-51C9-4BFA-BD16-A958CC6C6553}.Debug|x64.ActiveCfg = Debug|x64
		{1C0CF994-51C9-4BFA-BD16-A958CC6C6553}.Debug|x64.Build.0 = Debug|x64
		{1C0CF994-51C9-4BFA-BD16-A958CC6C6553}.Debug|x86.ActiveCfg = Debug|Win32
		{1C0CF994-51C9-4BFA-BD16-A958CC6C6553}.Debug|x86.Build.0 = Debug|Win32
		{1C0CF994-51C9-4BFA-BD16-A958CC6C6553}.Release|x64.ActiveCfg = Release|x64
		{1C0CF994-51C9-4BFA-BD16-A958CC6C6553}.Release|x64.Build.0 = Release|x64
		{1C0CF994-51C9-4BFA-BD16-A958CC6C6553}.Release|x86.ActiveCfg = Release|Win32
		{1C0CF994-51C9-4BFA-BD16-A958CC6C6553}.Release|x86.Build.0 = Release|Win32
		{C307A40A-D719-4472-A57C-8E1CAEE9944F}.Debug|x64.ActiveCfg = Debug|x64
		{C307A40A-D719-4472-A57C-8E1CAEE9944F}.Debug|x64.Build.0 = Debug|x64
		{C307A40A-D719-4472-A57C-8E1CAEE9944F}.Debug|x86.ActiveCfg = Debug|Win32
		{C307A40A-D719-4472-A57C-8E1CAEE9944F}.Debug|x86.Build.0 = Debug|Win32
		{C307A40A-D719-4472-A57C-8E1CAEE9944F}.Release|x64.ActiveCfg = Release|x64
		{C307A40A-D719-4472-A57C-8E1CAEE9944F}.Release|x64.Build.0 = Release|x64
		{C307A40A-D719-4472-A57C-8E1CAEE9944F}.Release|x86.ActiveCfg = Release|Win32
		{C307A40A-D719-4472-A57C-8E1CAEE9944F}.Release|x86.Build.0 = Release|Win32
		{9DD19FCA-84D8-4818-BCFC-2D6939A90ADD}.Debug|x64.ActiveCfg = Debug|x64
		{9DD19FCA-84D8-4818-BCFC-2D6939A90ADD}.Debug|x64.Build.0 = Debug|x64
		{9DD19FCA-84D8-4818-BCFC-2D6939A90ADD}.Debug|x86.ActiveCfg = Debug|Win32
		{9DD19FCA-84D8-4818-BCFC-2D6939A90ADD}.Debug|x86.Build.0 = Debug|Win32
		{9DD19FCA-84D8-4818-BCFC-2D6939A90ADD}.Release|x64.ActiveCfg = Release|x64
		{9DD19FCA-84D8-4818-BCFC-2D6939A90ADD}.Release|x64.Build.0 = Release|x64
		{9DD19FCA-84D8-4818-BCFC-2D6939A90ADD}.Release|x86.ActiveCfg = Release|Win32
		{9DD19FCA-84D8-4818-BCFC-2D6939A90ADD}.Release|x86.Build.0 = Release|Win32
		{A087917D-F9DE-4884-BA4A-2C41039E8B48}.Debug|x64.ActiveCfg = Debug|x64
		{A087917D-F9DE-4884-BA4A-2C41039E8B48}.Debug|x64.Build.0 = Debug|x64
		{A087917D-F9DE-4884-BA4A-2C41039E8B48}.Debug|x86.ActiveCfg = Debug|Win32
		{A087917D-F9DE-4884-BA4A-2C41039E8B48}.Debug|x86.Build.0 = Debug|Win32
		{A087917D-F9DE-4884-BA4A-2C41039E8B48}.Release|x64.ActiveCfg = Release|x64
		{A087917D-F9DE-4884-BA4A-2C41039E8B48}.Release|x64.Build.0 = Release|x64
		{A087917D-F9DE-4884-BA4A-2C41039E8B48}.Release|x86.ActiveCfg = Release|Win32
		{A087917D-F9DE-4884-BA4A-2C41039E8B48}.Release|x86.Build.0 = Release|Win32
		{9CED05FF-9D98-42B1-BEA0-345A8527D791}.Debug|x64.ActiveCfg = Debug|x64
		{9CED05FF-9D98-42B1-BEA0-345A8527D791}.Debug|x64.Build.0 = Debug|x64
		{9CED05FF-9D98-42B1-BEA0-345A8527D791}.Debug|x86.ActiveCfg = Debug|Win32
		{9CED05FF-9D98-42B1-BEA0-345A8527D791}.Debug|x86.Build.0 = Debug|Win32
		{9CED05FF-9D98-42B1-BEA0-345A8527D791}.Release|x64.ActiveCfg = Release|x64
		{9CED05FF-9D98-42B1-BEA0-345A8527D791}.Release|x64.Build.0 = Release|x64
		{9CED05FF-9D98-42B1-BEA0-345A8527D791}.Release|x86.ActiveCfg = Release|Win32
		{9CED05FF-9D98-42B1-BEA0-345A8527D791}.Release|x86.Build.0 = Release|Win32
		{7BBD715A-C2E3-4943-8A67-D6FC54458378}.Debug|x64.ActiveCfg = Debug|x64
		{7BBD715A-C2E3-4943-8A67-D6FC54458378}.Debug|x64.Build.0 = Debug|x64
		{7BBD715A-C2E3-4943-8A67-D6FC54458378}.Debug|x86.ActiveCfg = Debug|Win32
		{7BBD715A-C2E3-4943-8A67-D6FC54458378}.Debug|x86.Build.0 = Debug|Win32
		{7BBD715A-C2E3-4943-8A67-D6FC54458378}.Release|x64.ActiveCfg = Release|x64
		{7BBD715A-C2E3-4943-8A67-D6FC54458378}.Release|x64.Build.0 = Release|x64
		{7BBD715A-C2E3-4943-8A67-D6FC54458378}.Release|x86.ActiveCfg = Release|Win32
		{7BBD715A-C2E3-4943-8A67-D6FC54458378}.Release|x86.Build.0 = Release|Win32
		{06199D0F-CB85-407D-A3CD-1F161557285C}.Debug|x64.ActiveCfg = Debug|x64
		{06199D0F-CB85-407D-A3CD-1F161557285C}.Debug|x64.Build.0 = Debug|x64
		{06199D0F-CB85-407D-A3CD-1F161557285C}.Debug|x86.ActiveCfg = Debug|Win32
		{06199D0F-CB85-407D-A3CD-1F161557285C}.Debug|x86.Build.0 = Debug|Win32
		{06199D0F-CB85-407D-A3CD-1F161557285C}.Release|x64.ActiveCfg = Release|x64
		{06199D0F-CB85-407D-A3CD-1F161557285C}.Release|x64.Build.0 = Release|x64
		{06199D0F-CB85-407D-A3CD-1F161557285C}.Release|x86.ActiveCfg = Release|Win32
		{06199D0F-CB85-407D-A3CD-1F161557285C}.Release|x86.Build.0 = Release|Win32
		{E4884360-2023-4A54-B404-9B240CAA5489}.Debug|x64.ActiveCfg = Debug|x64
		{E4884360-2023-4A54-B404-9B240CAA5489}.Debug|x64.Build.0 = Debug|x64
		{E4884360-2023-4A54-B404-9B240CAA5489}.Debug|x86.ActiveCfg = Debug|Win32
		{E4884360-2023-4A54-B404-9B240CAA5489}.Debug|x86.Build.0 = Debug|Win32
		{E4884360-2023-4A54-B404-9B240CAA5489}.Release|x64.ActiveCfg = Release|x64
		{E4884360-2023-4A54-B404-9B240CAA5489}.Release|x64.Build.0 = Release|x64
		{E4884360-2023-4A54-B404-9B240CAA5489}.Release|x86.ActiveCfg = Release|Win32
		{E4884360-2023-4A54-B404-9B240CAA5489}.Release|x86.Build.0 = Release|Win32
		{1561C686-0B4B-4EC5-AFFD-3FF5C7AD2C8C}.Debug|x64.ActiveCfg = Debug|x64
		{1561C686-0B4B-4EC5-AFFD-3FF5C7AD2C8C}.Debug|x64.Build.0 = Debug|x64
		{1561C686-0B4B-4EC5-AFFD-3FF5C7AD2C8C}.Debug|x86.ActiveCfg = Debug|Win32
		{1561C686-0B4B-4EC5-AFFD-3FF5C7AD2C8C}.Debug|x86.Build.0 = Debug|Win32
		{1561C686-0B4B-4EC5-AFFD-3FF5C7AD2C8C}.Release|x64.ActiveCfg = Release|x64
		{1561C686-0B4B-4EC5-AFFD-3FF5C7AD2C8C}.Release|x64.Build.0 = Release|x64
		{1561C686-0B4B-4EC5-AFFD-3FF5C7AD2C8C}.Release|x86.ActiveCfg = Release|Win32
		{1561C686-0B4B-4EC5-AFFD-3FF5C7AD2C8C}.Release|x86.Build.0 = Release|Win32
		{5BF7760E-0A3D-4CA5-90E3-18CE869A143D}.Debug|x64.ActiveCfg = Debug|x64
		{5BF7760E-0A3D-4CA5-90E3-18CE869A143D}.Debug|x64.Build.0 = Debug|x64
		{5BF7760E-0A3D-4CA5-90E3-18CE869A143D}.Debug|x86.ActiveCfg = Debug|Win32
		{5BF7760E-0A3D-4CA5-90E3-18CE869A143D}.Debug|x86.Build.0 = Debug|Win32
		{5BF7760E-0A3D-4CA5-90E3-18CE869A143D}.Release|x64.ActiveCfg = Release|x64
		{5BF7760E-0A3D-4CA5-90E3-18CE869A143D}.Release|x64.Build.0 = Release|x64
		{5BF7760E-0A3D-4CA5-90E3-18CE869A143D}.Release|x86.ActiveCfg = Release|Win32
		{5BF7760E-0A3D-4CA5-90E3-18CE869A143D}.Release|x86.Build.0 = Release|Win32
	EndGlobalSection
	GlobalSection(SolutionProperties) = preSolution
		HideSolutionNode = FALSE
	EndGlobalSection
	GlobalSection(ExtensibilityGlobals) = postSolution
		SolutionGuid = {63626796-C43F-4A23-B15B-06BFB5AF7609}
	EndGlobalSection
EndGlobal
