
Microsoft Visual Studio Solution File, Format Version 12.00
# Visual Studio Version 17
VisualStudioVersion = 17.11.35312.102
MinimumVisualStudioVersion = 10.0.40219.1
Project("{8BC9CEB8-8B4A-11D0-8D11-00A0C91BC942}") = "Drill01", "Drill01\Drill01.vcxproj", "{A309563F-BF89-45E2-96BC-40CCAFA1E097}"
EndProject
Project("{8BC9CEB8-8B4A-11D0-8D11-00A0C91BC942}") = "Drill02", "Drill02\Drill02.vcxproj", "{ECA6BF52-5239-45D2-8029-CAC28BF6D8CC}"
EndProject
Project("{8BC9CEB8-8B4A-11D0-8D11-00A0C91BC942}") = "Drill03", "Drill03\Drill03.vcxproj", "{8ED4AB48-D2DB-444C-82FF-694F4A1C72C5}"
EndProject
Project("{8BC9CEB8-8B4A-11D0-8D11-00A0C91BC942}") = "Drill04", "Drill04\Drill04.vcxproj", "{7FECE2B0-F7DF-40F3-875C-4A7697F14DD1}"
EndProject
Project("{8BC9CEB8-8B4A-11D0-8D11-00A0C91BC942}") = "Drill05", "Drill05\Drill05.vcxproj", "{DCE5BBF3-0E83-4B58-A5B1-4FC6C2AB3765}"
EndProject
Project("{8BC9CEB8-8B4A-11D0-8D11-00A0C91BC942}") = "Drill06", "Drill06\Drill06.vcxproj", "{CD265978-5136-473E-A7A5-272A7E47324C}"
EndProject
Project("{8BC9CEB8-8B4A-11D0-8D11-00A0C91BC942}") = "Drill07", "Drill07\Drill07.vcxproj", "{C576B6B4-3619-4F01-9122-69A15932E509}"
EndProject
Project("{8BC9CEB8-8B4A-11D0-8D11-00A0C91BC942}") = "Drill08", "Drill08\Drill08.vcxproj", "{61D8ECB1-C34F-42C7-A6B5-DC5CEAFC4977}"
EndProject
Project("{8BC9CEB8-8B4A-11D0-8D11-00A0C91BC942}") = "Drill09", "Drill09\Drill09.vcxproj", "{96CAC552-8211-48C1-A1CE-1AED534CBF58}"
EndProject
Project("{8BC9CEB8-8B4A-11D0-8D11-00A0C91BC942}") = "Drill10", "Drill10\Drill10.vcxproj", "{2EF0EBC8-97D1-49E8-83F3-2C3854D871CD}"
EndProject
Project("{8BC9CEB8-8B4A-11D0-8D11-00A0C91BC942}") = "Drill11", "Drill11\Drill11.vcxproj", "{1FCEB3A5-FA60-48FA-9E6F-310616E9A698}"
EndProject
Project("{8BC9CEB8-8B4A-11D0-8D11-00A0C91BC942}") = "Drill12", "Drill12\Drill12.vcxproj", "{F013EA44-B7E1-4550-9046-CB607879D885}"
EndProject
Project("{8BC9CEB8-8B4A-11D0-8D11-00A0C91BC942}") = "Drill13", "Drill13\Drill13.vcxproj", "{17C3449E-B578-45BF-800F-2D9019643A75}"
EndProject
Project("{8BC9CEB8-8B4A-11D0-8D11-00A0C91BC942}") = "LAB1", "LAB1\LAB1.vcxproj", "{862129BD-E161-45E3-A025-57F810E09BE9}"
EndProject
Project("{8BC9CEB8-8B4A-11D0-8D11-00A0C91BC942}") = "Mini Project", "Mini Project\Mini Project.vcxproj", "{175E677E-C8E4-4D1B-A94D-7C0F66CF3DEC}"
EndProject
Project("{8BC9CEB8-8B4A-11D0-8D11-00A0C91BC942}") = "Programming01", "Programming01\Programming01.vcxproj", "{DCC5BFFF-4DFC-466D-9360-EAF54A4FA5AA}"
EndProject
Project("{8BC9CEB8-8B4A-11D0-8D11-00A0C91BC942}") = "Programming02", "Programming02\Programming02.vcxproj", "{AB96FA21-5B00-4CCB-8D76-4B3D15346EBC}"
EndProject
Project("{8BC9CEB8-8B4A-11D0-8D11-00A0C91BC942}") = "Programming03", "Programming03\Programming03.vcxproj", "{0A65C93C-DB9A-443D-A21C-A5487B8AB4DB}"
EndProject
Project("{8BC9CEB8-8B4A-11D0-8D11-00A0C91BC942}") = "Programming04", "Programming04\Programming04.vcxproj", "{E4B42CB3-D3ED-4C4E-8A79-72466ECF071F}"
EndProject
Project("{8BC9CEB8-8B4A-11D0-8D11-00A0C91BC942}") = "Programming05", "Programming05\Programming05.vcxproj", "{BA996940-ABF5-4EB1-A3E1-9CB91F727D04}"
EndProject
Project("{8BC9CEB8-8B4A-11D0-8D11-00A0C91BC942}") = "Programming06", "Programming06\Programming06.vcxproj", "{AE54707E-2F1E-4007-8176-D6184042D337}"
EndProject
Project("{8BC9CEB8-8B4A-11D0-8D11-00A0C91BC942}") = "Programming07", "Programming07\Programming07.vcxproj", "{250D27EA-4337-450E-8393-5FBDA63857D9}"
EndProject
Project("{8BC9CEB8-8B4A-11D0-8D11-00A0C91BC942}") = "Programming08", "Programming08\Programming08.vcxproj", "{8E170A3B-0C7C-418F-B946-1F500DA19383}"
EndProject
Project("{8BC9CEB8-8B4A-11D0-8D11-00A0C91BC942}") = "Programming09", "Programming09\Programming09.vcxproj", "{8F1393B8-27C4-472C-964B-F967C5A3762A}"
EndProject
Project("{8BC9CEB8-8B4A-11D0-8D11-00A0C91BC942}") = "Programming10", "Programming10\Programming10.vcxproj", "{E98360D7-A5EF-4E97-8A52-5AD81F0820A4}"
EndProject
Project("{8BC9CEB8-8B4A-11D0-8D11-00A0C91BC942}") = "Programming11", "Programming11\Programming11.vcxproj", "{EA16BA21-4664-4BEA-A996-548589C12C36}"
EndProject
Project("{8BC9CEB8-8B4A-11D0-8D11-00A0C91BC942}") = "Programming12", "Programming12\Programming12.vcxproj", "{199CDF95-E486-4378-A00B-DA8EFB90C7E4}"
EndProject
Global
	GlobalSection(SolutionConfigurationPlatforms) = preSolution
		Debug|x64 = Debug|x64
		Debug|x86 = Debug|x86
		Release|x64 = Release|x64
		Release|x86 = Release|x86
	EndGlobalSection
	GlobalSection(ProjectConfigurationPlatforms) = postSolution
		{A309563F-BF89-45E2-96BC-40CCAFA1E097}.Debug|x64.ActiveCfg = Debug|x64
		{A309563F-BF89-45E2-96BC-40CCAFA1E097}.Debug|x64.Build.0 = Debug|x64
		{A309563F-BF89-45E2-96BC-40CCAFA1E097}.Debug|x86.ActiveCfg = Debug|Win32
		{A309563F-BF89-45E2-96BC-40CCAFA1E097}.Debug|x86.Build.0 = Debug|Win32
		{A309563F-BF89-45E2-96BC-40CCAFA1E097}.Release|x64.ActiveCfg = Release|x64
		{A309563F-BF89-45E2-96BC-40CCAFA1E097}.Release|x64.Build.0 = Release|x64
		{A309563F-BF89-45E2-96BC-40CCAFA1E097}.Release|x86.ActiveCfg = Release|Win32
		{A309563F-BF89-45E2-96BC-40CCAFA1E097}.Release|x86.Build.0 = Release|Win32
		{ECA6BF52-5239-45D2-8029-CAC28BF6D8CC}.Debug|x64.ActiveCfg = Debug|x64
		{ECA6BF52-5239-45D2-8029-CAC28BF6D8CC}.Debug|x64.Build.0 = Debug|x64
		{ECA6BF52-5239-45D2-8029-CAC28BF6D8CC}.Debug|x86.ActiveCfg = Debug|Win32
		{ECA6BF52-5239-45D2-8029-CAC28BF6D8CC}.Debug|x86.Build.0 = Debug|Win32
		{ECA6BF52-5239-45D2-8029-CAC28BF6D8CC}.Release|x64.ActiveCfg = Release|x64
		{ECA6BF52-5239-45D2-8029-CAC28BF6D8CC}.Release|x64.Build.0 = Release|x64
		{ECA6BF52-5239-45D2-8029-CAC28BF6D8CC}.Release|x86.ActiveCfg = Release|Win32
		{ECA6BF52-5239-45D2-8029-CAC28BF6D8CC}.Release|x86.Build.0 = Release|Win32
		{8ED4AB48-D2DB-444C-82FF-694F4A1C72C5}.Debug|x64.ActiveCfg = Debug|x64
		{8ED4AB48-D2DB-444C-82FF-694F4A1C72C5}.Debug|x64.Build.0 = Debug|x64
		{8ED4AB48-D2DB-444C-82FF-694F4A1C72C5}.Debug|x86.ActiveCfg = Debug|Win32
		{8ED4AB48-D2DB-444C-82FF-694F4A1C72C5}.Debug|x86.Build.0 = Debug|Win32
		{8ED4AB48-D2DB-444C-82FF-694F4A1C72C5}.Release|x64.ActiveCfg = Release|x64
		{8ED4AB48-D2DB-444C-82FF-694F4A1C72C5}.Release|x64.Build.0 = Release|x64
		{8ED4AB48-D2DB-444C-82FF-694F4A1C72C5}.Release|x86.ActiveCfg = Release|Win32
		{8ED4AB48-D2DB-444C-82FF-694F4A1C72C5}.Release|x86.Build.0 = Release|Win32
		{7FECE2B0-F7DF-40F3-875C-4A7697F14DD1}.Debug|x64.ActiveCfg = Debug|x64
		{7FECE2B0-F7DF-40F3-875C-4A7697F14DD1}.Debug|x64.Build.0 = Debug|x64
		{7FECE2B0-F7DF-40F3-875C-4A7697F14DD1}.Debug|x86.ActiveCfg = Debug|Win32
		{7FECE2B0-F7DF-40F3-875C-4A7697F14DD1}.Debug|x86.Build.0 = Debug|Win32
		{7FECE2B0-F7DF-40F3-875C-4A7697F14DD1}.Release|x64.ActiveCfg = Release|x64
		{7FECE2B0-F7DF-40F3-875C-4A7697F14DD1}.Release|x64.Build.0 = Release|x64
		{7FECE2B0-F7DF-40F3-875C-4A7697F14DD1}.Release|x86.ActiveCfg = Release|Win32
		{7FECE2B0-F7DF-40F3-875C-4A7697F14DD1}.Release|x86.Build.0 = Release|Win32
		{DCE5BBF3-0E83-4B58-A5B1-4FC6C2AB3765}.Debug|x64.ActiveCfg = Debug|x64
		{DCE5BBF3-0E83-4B58-A5B1-4FC6C2AB3765}.Debug|x64.Build.0 = Debug|x64
		{DCE5BBF3-0E83-4B58-A5B1-4FC6C2AB3765}.Debug|x86.ActiveCfg = Debug|Win32
		{DCE5BBF3-0E83-4B58-A5B1-4FC6C2AB3765}.Debug|x86.Build.0 = Debug|Win32
		{DCE5BBF3-0E83-4B58-A5B1-4FC6C2AB3765}.Release|x64.ActiveCfg = Release|x64
		{DCE5BBF3-0E83-4B58-A5B1-4FC6C2AB3765}.Release|x64.Build.0 = Release|x64
		{DCE5BBF3-0E83-4B58-A5B1-4FC6C2AB3765}.Release|x86.ActiveCfg = Release|Win32
		{DCE5BBF3-0E83-4B58-A5B1-4FC6C2AB3765}.Release|x86.Build.0 = Release|Win32
		{CD265978-5136-473E-A7A5-272A7E47324C}.Debug|x64.ActiveCfg = Debug|x64
		{CD265978-5136-473E-A7A5-272A7E47324C}.Debug|x64.Build.0 = Debug|x64
		{CD265978-5136-473E-A7A5-272A7E47324C}.Debug|x86.ActiveCfg = Debug|Win32
		{CD265978-5136-473E-A7A5-272A7E47324C}.Debug|x86.Build.0 = Debug|Win32
		{CD265978-5136-473E-A7A5-272A7E47324C}.Release|x64.ActiveCfg = Release|x64
		{CD265978-5136-473E-A7A5-272A7E47324C}.Release|x64.Build.0 = Release|x64
		{CD265978-5136-473E-A7A5-272A7E47324C}.Release|x86.ActiveCfg = Release|Win32
		{CD265978-5136-473E-A7A5-272A7E47324C}.Release|x86.Build.0 = Release|Win32
		{C576B6B4-3619-4F01-9122-69A15932E509}.Debug|x64.ActiveCfg = Debug|x64
		{C576B6B4-3619-4F01-9122-69A15932E509}.Debug|x64.Build.0 = Debug|x64
		{C576B6B4-3619-4F01-9122-69A15932E509}.Debug|x86.ActiveCfg = Debug|Win32
		{C576B6B4-3619-4F01-9122-69A15932E509}.Debug|x86.Build.0 = Debug|Win32
		{C576B6B4-3619-4F01-9122-69A15932E509}.Release|x64.ActiveCfg = Release|x64
		{C576B6B4-3619-4F01-9122-69A15932E509}.Release|x64.Build.0 = Release|x64
		{C576B6B4-3619-4F01-9122-69A15932E509}.Release|x86.ActiveCfg = Release|Win32
		{C576B6B4-3619-4F01-9122-69A15932E509}.Release|x86.Build.0 = Release|Win32
		{61D8ECB1-C34F-42C7-A6B5-DC5CEAFC4977}.Debug|x64.ActiveCfg = Debug|x64
		{61D8ECB1-C34F-42C7-A6B5-DC5CEAFC4977}.Debug|x64.Build.0 = Debug|x64
		{61D8ECB1-C34F-42C7-A6B5-DC5CEAFC4977}.Debug|x86.ActiveCfg = Debug|Win32
		{61D8ECB1-C34F-42C7-A6B5-DC5CEAFC4977}.Debug|x86.Build.0 = Debug|Win32
		{61D8ECB1-C34F-42C7-A6B5-DC5CEAFC4977}.Release|x64.ActiveCfg = Release|x64
		{61D8ECB1-C34F-42C7-A6B5-DC5CEAFC4977}.Release|x64.Build.0 = Release|x64
		{61D8ECB1-C34F-42C7-A6B5-DC5CEAFC4977}.Release|x86.ActiveCfg = Release|Win32
		{61D8ECB1-C34F-42C7-A6B5-DC5CEAFC4977}.Release|x86.Build.0 = Release|Win32
		{96CAC552-8211-48C1-A1CE-1AED534CBF58}.Debug|x64.ActiveCfg = Debug|x64
		{96CAC552-8211-48C1-A1CE-1AED534CBF58}.Debug|x64.Build.0 = Debug|x64
		{96CAC552-8211-48C1-A1CE-1AED534CBF58}.Debug|x86.ActiveCfg = Debug|Win32
		{96CAC552-8211-48C1-A1CE-1AED534CBF58}.Debug|x86.Build.0 = Debug|Win32
		{96CAC552-8211-48C1-A1CE-1AED534CBF58}.Release|x64.ActiveCfg = Release|x64
		{96CAC552-8211-48C1-A1CE-1AED534CBF58}.Release|x64.Build.0 = Release|x64
		{96CAC552-8211-48C1-A1CE-1AED534CBF58}.Release|x86.ActiveCfg = Release|Win32
		{96CAC552-8211-48C1-A1CE-1AED534CBF58}.Release|x86.Build.0 = Release|Win32
		{2EF0EBC8-97D1-49E8-83F3-2C3854D871CD}.Debug|x64.ActiveCfg = Debug|x64
		{2EF0EBC8-97D1-49E8-83F3-2C3854D871CD}.Debug|x64.Build.0 = Debug|x64
		{2EF0EBC8-97D1-49E8-83F3-2C3854D871CD}.Debug|x86.ActiveCfg = Debug|Win32
		{2EF0EBC8-97D1-49E8-83F3-2C3854D871CD}.Debug|x86.Build.0 = Debug|Win32
		{2EF0EBC8-97D1-49E8-83F3-2C3854D871CD}.Release|x64.ActiveCfg = Release|x64
		{2EF0EBC8-97D1-49E8-83F3-2C3854D871CD}.Release|x64.Build.0 = Release|x64
		{2EF0EBC8-97D1-49E8-83F3-2C3854D871CD}.Release|x86.ActiveCfg = Release|Win32
		{2EF0EBC8-97D1-49E8-83F3-2C3854D871CD}.Release|x86.Build.0 = Release|Win32
		{1FCEB3A5-FA60-48FA-9E6F-310616E9A698}.Debug|x64.ActiveCfg = Debug|x64
		{1FCEB3A5-FA60-48FA-9E6F-310616E9A698}.Debug|x64.Build.0 = Debug|x64
		{1FCEB3A5-FA60-48FA-9E6F-310616E9A698}.Debug|x86.ActiveCfg = Debug|Win32
		{1FCEB3A5-FA60-48FA-9E6F-310616E9A698}.Debug|x86.Build.0 = Debug|Win32
		{1FCEB3A5-FA60-48FA-9E6F-310616E9A698}.Release|x64.ActiveCfg = Release|x64
		{1FCEB3A5-FA60-48FA-9E6F-310616E9A698}.Release|x64.Build.0 = Release|x64
		{1FCEB3A5-FA60-48FA-9E6F-310616E9A698}.Release|x86.ActiveCfg = Release|Win32
		{1FCEB3A5-FA60-48FA-9E6F-310616E9A698}.Release|x86.Build.0 = Release|Win32
		{F013EA44-B7E1-4550-9046-CB607879D885}.Debug|x64.ActiveCfg = Debug|x64
		{F013EA44-B7E1-4550-9046-CB607879D885}.Debug|x64.Build.0 = Debug|x64
		{F013EA44-B7E1-4550-9046-CB607879D885}.Debug|x86.ActiveCfg = Debug|Win32
		{F013EA44-B7E1-4550-9046-CB607879D885}.Debug|x86.Build.0 = Debug|Win32
		{F013EA44-B7E1-4550-9046-CB607879D885}.Release|x64.ActiveCfg = Release|x64
		{F013EA44-B7E1-4550-9046-CB607879D885}.Release|x64.Build.0 = Release|x64
		{F013EA44-B7E1-4550-9046-CB607879D885}.Release|x86.ActiveCfg = Release|Win32
		{F013EA44-B7E1-4550-9046-CB607879D885}.Release|x86.Build.0 = Release|Win32
		{17C3449E-B578-45BF-800F-2D9019643A75}.Debug|x64.ActiveCfg = Debug|x64
		{17C3449E-B578-45BF-800F-2D9019643A75}.Debug|x64.Build.0 = Debug|x64
		{17C3449E-B578-45BF-800F-2D9019643A75}.Debug|x86.ActiveCfg = Debug|Win32
		{17C3449E-B578-45BF-800F-2D9019643A75}.Debug|x86.Build.0 = Debug|Win32
		{17C3449E-B578-45BF-800F-2D9019643A75}.Release|x64.ActiveCfg = Release|x64
		{17C3449E-B578-45BF-800F-2D9019643A75}.Release|x64.Build.0 = Release|x64
		{17C3449E-B578-45BF-800F-2D9019643A75}.Release|x86.ActiveCfg = Release|Win32
		{17C3449E-B578-45BF-800F-2D9019643A75}.Release|x86.Build.0 = Release|Win32
		{862129BD-E161-45E3-A025-57F810E09BE9}.Debug|x64.ActiveCfg = Debug|x64
		{862129BD-E161-45E3-A025-57F810E09BE9}.Debug|x64.Build.0 = Debug|x64
		{862129BD-E161-45E3-A025-57F810E09BE9}.Debug|x86.ActiveCfg = Debug|Win32
		{862129BD-E161-45E3-A025-57F810E09BE9}.Debug|x86.Build.0 = Debug|Win32
		{862129BD-E161-45E3-A025-57F810E09BE9}.Release|x64.ActiveCfg = Release|x64
		{862129BD-E161-45E3-A025-57F810E09BE9}.Release|x64.Build.0 = Release|x64
		{862129BD-E161-45E3-A025-57F810E09BE9}.Release|x86.ActiveCfg = Release|Win32
		{862129BD-E161-45E3-A025-57F810E09BE9}.Release|x86.Build.0 = Release|Win32
		{175E677E-C8E4-4D1B-A94D-7C0F66CF3DEC}.Debug|x64.ActiveCfg = Debug|x64
		{175E677E-C8E4-4D1B-A94D-7C0F66CF3DEC}.Debug|x64.Build.0 = Debug|x64
		{175E677E-C8E4-4D1B-A94D-7C0F66CF3DEC}.Debug|x86.ActiveCfg = Debug|Win32
		{175E677E-C8E4-4D1B-A94D-7C0F66CF3DEC}.Debug|x86.Build.0 = Debug|Win32
		{175E677E-C8E4-4D1B-A94D-7C0F66CF3DEC}.Release|x64.ActiveCfg = Release|x64
		{175E677E-C8E4-4D1B-A94D-7C0F66CF3DEC}.Release|x64.Build.0 = Release|x64
		{175E677E-C8E4-4D1B-A94D-7C0F66CF3DEC}.Release|x86.ActiveCfg = Release|Win32
		{175E677E-C8E4-4D1B-A94D-7C0F66CF3DEC}.Release|x86.Build.0 = Release|Win32
		{DCC5BFFF-4DFC-466D-9360-EAF54A4FA5AA}.Debug|x64.ActiveCfg = Debug|x64
		{DCC5BFFF-4DFC-466D-9360-EAF54A4FA5AA}.Debug|x64.Build.0 = Debug|x64
		{DCC5BFFF-4DFC-466D-9360-EAF54A4FA5AA}.Debug|x86.ActiveCfg = Debug|Win32
		{DCC5BFFF-4DFC-466D-9360-EAF54A4FA5AA}.Debug|x86.Build.0 = Debug|Win32
		{DCC5BFFF-4DFC-466D-9360-EAF54A4FA5AA}.Release|x64.ActiveCfg = Release|x64
		{DCC5BFFF-4DFC-466D-9360-EAF54A4FA5AA}.Release|x64.Build.0 = Release|x64
		{DCC5BFFF-4DFC-466D-9360-EAF54A4FA5AA}.Release|x86.ActiveCfg = Release|Win32
		{DCC5BFFF-4DFC-466D-9360-EAF54A4FA5AA}.Release|x86.Build.0 = Release|Win32
		{AB96FA21-5B00-4CCB-8D76-4B3D15346EBC}.Debug|x64.ActiveCfg = Debug|x64
		{AB96FA21-5B00-4CCB-8D76-4B3D15346EBC}.Debug|x64.Build.0 = Debug|x64
		{AB96FA21-5B00-4CCB-8D76-4B3D15346EBC}.Debug|x86.ActiveCfg = Debug|Win32
		{AB96FA21-5B00-4CCB-8D76-4B3D15346EBC}.Debug|x86.Build.0 = Debug|Win32
		{AB96FA21-5B00-4CCB-8D76-4B3D15346EBC}.Release|x64.ActiveCfg = Release|x64
		{AB96FA21-5B00-4CCB-8D76-4B3D15346EBC}.Release|x64.Build.0 = Release|x64
		{AB96FA21-5B00-4CCB-8D76-4B3D15346EBC}.Release|x86.ActiveCfg = Release|Win32
		{AB96FA21-5B00-4CCB-8D76-4B3D15346EBC}.Release|x86.Build.0 = Release|Win32
		{0A65C93C-DB9A-443D-A21C-A5487B8AB4DB}.Debug|x64.ActiveCfg = Debug|x64
		{0A65C93C-DB9A-443D-A21C-A5487B8AB4DB}.Debug|x64.Build.0 = Debug|x64
		{0A65C93C-DB9A-443D-A21C-A5487B8AB4DB}.Debug|x86.ActiveCfg = Debug|Win32
		{0A65C93C-DB9A-443D-A21C-A5487B8AB4DB}.Debug|x86.Build.0 = Debug|Win32
		{0A65C93C-DB9A-443D-A21C-A5487B8AB4DB}.Release|x64.ActiveCfg = Release|x64
		{0A65C93C-DB9A-443D-A21C-A5487B8AB4DB}.Release|x64.Build.0 = Release|x64
		{0A65C93C-DB9A-443D-A21C-A5487B8AB4DB}.Release|x86.ActiveCfg = Release|Win32
		{0A65C93C-DB9A-443D-A21C-A5487B8AB4DB}.Release|x86.Build.0 = Release|Win32
		{E4B42CB3-D3ED-4C4E-8A79-72466ECF071F}.Debug|x64.ActiveCfg = Debug|x64
		{E4B42CB3-D3ED-4C4E-8A79-72466ECF071F}.Debug|x64.Build.0 = Debug|x64
		{E4B42CB3-D3ED-4C4E-8A79-72466ECF071F}.Debug|x86.ActiveCfg = Debug|Win32
		{E4B42CB3-D3ED-4C4E-8A79-72466ECF071F}.Debug|x86.Build.0 = Debug|Win32
		{E4B42CB3-D3ED-4C4E-8A79-72466ECF071F}.Release|x64.ActiveCfg = Release|x64
		{E4B42CB3-D3ED-4C4E-8A79-72466ECF071F}.Release|x64.Build.0 = Release|x64
		{E4B42CB3-D3ED-4C4E-8A79-72466ECF071F}.Release|x86.ActiveCfg = Release|Win32
		{E4B42CB3-D3ED-4C4E-8A79-72466ECF071F}.Release|x86.Build.0 = Release|Win32
		{BA996940-ABF5-4EB1-A3E1-9CB91F727D04}.Debug|x64.ActiveCfg = Debug|x64
		{BA996940-ABF5-4EB1-A3E1-9CB91F727D04}.Debug|x64.Build.0 = Debug|x64
		{BA996940-ABF5-4EB1-A3E1-9CB91F727D04}.Debug|x86.ActiveCfg = Debug|Win32
		{BA996940-ABF5-4EB1-A3E1-9CB91F727D04}.Debug|x86.Build.0 = Debug|Win32
		{BA996940-ABF5-4EB1-A3E1-9CB91F727D04}.Release|x64.ActiveCfg = Release|x64
		{BA996940-ABF5-4EB1-A3E1-9CB91F727D04}.Release|x64.Build.0 = Release|x64
		{BA996940-ABF5-4EB1-A3E1-9CB91F727D04}.Release|x86.ActiveCfg = Release|Win32
		{BA996940-ABF5-4EB1-A3E1-9CB91F727D04}.Release|x86.Build.0 = Release|Win32
		{AE54707E-2F1E-4007-8176-D6184042D337}.Debug|x64.ActiveCfg = Debug|x64
		{AE54707E-2F1E-4007-8176-D6184042D337}.Debug|x64.Build.0 = Debug|x64
		{AE54707E-2F1E-4007-8176-D6184042D337}.Debug|x86.ActiveCfg = Debug|Win32
		{AE54707E-2F1E-4007-8176-D6184042D337}.Debug|x86.Build.0 = Debug|Win32
		{AE54707E-2F1E-4007-8176-D6184042D337}.Release|x64.ActiveCfg = Release|x64
		{AE54707E-2F1E-4007-8176-D6184042D337}.Release|x64.Build.0 = Release|x64
		{AE54707E-2F1E-4007-8176-D6184042D337}.Release|x86.ActiveCfg = Release|Win32
		{AE54707E-2F1E-4007-8176-D6184042D337}.Release|x86.Build.0 = Release|Win32
		{250D27EA-4337-450E-8393-5FBDA63857D9}.Debug|x64.ActiveCfg = Debug|x64
		{250D27EA-4337-450E-8393-5FBDA63857D9}.Debug|x64.Build.0 = Debug|x64
		{250D27EA-4337-450E-8393-5FBDA63857D9}.Debug|x86.ActiveCfg = Debug|Win32
		{250D27EA-4337-450E-8393-5FBDA63857D9}.Debug|x86.Build.0 = Debug|Win32
		{250D27EA-4337-450E-8393-5FBDA63857D9}.Release|x64.ActiveCfg = Release|x64
		{250D27EA-4337-450E-8393-5FBDA63857D9}.Release|x64.Build.0 = Release|x64
		{250D27EA-4337-450E-8393-5FBDA63857D9}.Release|x86.ActiveCfg = Release|Win32
		{250D27EA-4337-450E-8393-5FBDA63857D9}.Release|x86.Build.0 = Release|Win32
		{8E170A3B-0C7C-418F-B946-1F500DA19383}.Debug|x64.ActiveCfg = Debug|x64
		{8E170A3B-0C7C-418F-B946-1F500DA19383}.Debug|x64.Build.0 = Debug|x64
		{8E170A3B-0C7C-418F-B946-1F500DA19383}.Debug|x86.ActiveCfg = Debug|Win32
		{8E170A3B-0C7C-418F-B946-1F500DA19383}.Debug|x86.Build.0 = Debug|Win32
		{8E170A3B-0C7C-418F-B946-1F500DA19383}.Release|x64.ActiveCfg = Release|x64
		{8E170A3B-0C7C-418F-B946-1F500DA19383}.Release|x64.Build.0 = Release|x64
		{8E170A3B-0C7C-418F-B946-1F500DA19383}.Release|x86.ActiveCfg = Release|Win32
		{8E170A3B-0C7C-418F-B946-1F500DA19383}.Release|x86.Build.0 = Release|Win32
		{8F1393B8-27C4-472C-964B-F967C5A3762A}.Debug|x64.ActiveCfg = Debug|x64
		{8F1393B8-27C4-472C-964B-F967C5A3762A}.Debug|x64.Build.0 = Debug|x64
		{8F1393B8-27C4-472C-964B-F967C5A3762A}.Debug|x86.ActiveCfg = Debug|Win32
		{8F1393B8-27C4-472C-964B-F967C5A3762A}.Debug|x86.Build.0 = Debug|Win32
		{8F1393B8-27C4-472C-964B-F967C5A3762A}.Release|x64.ActiveCfg = Release|x64
		{8F1393B8-27C4-472C-964B-F967C5A3762A}.Release|x64.Build.0 = Release|x64
		{8F1393B8-27C4-472C-964B-F967C5A3762A}.Release|x86.ActiveCfg = Release|Win32
		{8F1393B8-27C4-472C-964B-F967C5A3762A}.Release|x86.Build.0 = Release|Win32
		{E98360D7-A5EF-4E97-8A52-5AD81F0820A4}.Debug|x64.ActiveCfg = Debug|x64
		{E98360D7-A5EF-4E97-8A52-5AD81F0820A4}.Debug|x64.Build.0 = Debug|x64
		{E98360D7-A5EF-4E97-8A52-5AD81F0820A4}.Debug|x86.ActiveCfg = Debug|Win32
		{E98360D7-A5EF-4E97-8A52-5AD81F0820A4}.Debug|x86.Build.0 = Debug|Win32
		{E98360D7-A5EF-4E97-8A52-5AD81F0820A4}.Release|x64.ActiveCfg = Release|x64
		{E98360D7-A5EF-4E97-8A52-5AD81F0820A4}.Release|x64.Build.0 = Release|x64
		{E98360D7-A5EF-4E97-8A52-5AD81F0820A4}.Release|x86.ActiveCfg = Release|Win32
		{E98360D7-A5EF-4E97-8A52-5AD81F0820A4}.Release|x86.Build.0 = Release|Win32
		{EA16BA21-4664-4BEA-A996-548589C12C36}.Debug|x64.ActiveCfg = Debug|x64
		{EA16BA21-4664-4BEA-A996-548589C12C36}.Debug|x64.Build.0 = Debug|x64
		{EA16BA21-4664-4BEA-A996-548589C12C36}.Debug|x86.ActiveCfg = Debug|Win32
		{EA16BA21-4664-4BEA-A996-548589C12C36}.Debug|x86.Build.0 = Debug|Win32
		{EA16BA21-4664-4BEA-A996-548589C12C36}.Release|x64.ActiveCfg = Release|x64
		{EA16BA21-4664-4BEA-A996-548589C12C36}.Release|x64.Build.0 = Release|x64
		{EA16BA21-4664-4BEA-A996-548589C12C36}.Release|x86.ActiveCfg = Release|Win32
		{EA16BA21-4664-4BEA-A996-548589C12C36}.Release|x86.Build.0 = Release|Win32
		{199CDF95-E486-4378-A00B-DA8EFB90C7E4}.Debug|x64.ActiveCfg = Debug|x64
		{199CDF95-E486-4378-A00B-DA8EFB90C7E4}.Debug|x64.Build.0 = Debug|x64
		{199CDF95-E486-4378-A00B-DA8EFB90C7E4}.Debug|x86.ActiveCfg = Debug|Win32
		{199CDF95-E486-4378-A00B-DA8EFB90C7E4}.Debug|x86.Build.0 = Debug|Win32
		{199CDF95-E486-4378-A00B-DA8EFB90C7E4}.Release|x64.ActiveCfg = Release|x64
		{199CDF95-E486-4378-A00B-DA8EFB90C7E4}.Release|x64.Build.0 = Release|x64
		{199CDF95-E486-4378-A00B-DA8EFB90C7E4}.Release|x86.ActiveCfg = Release|Win32
		{199CDF95-E486-4378-A00B-DA8EFB90C7E4}.Release|x86.Build.0 = Release|Win32
	EndGlobalSection
	GlobalSection(SolutionProperties) = preSolution
		HideSolutionNode = FALSE
	EndGlobalSection
	GlobalSection(ExtensibilityGlobals) = postSolution
		SolutionGuid = {E662AFCA-CED6-411C-B895-BF2A5B37A469}
	EndGlobalSection
EndGlobal
