
Microsoft Visual Studio Solution File, Format Version 12.00
# Visual Studio Version 17
VisualStudioVersion = 17.14.36310.24
MinimumVisualStudioVersion = 10.0.40219.1
Project("{8BC9CEB8-8B4A-11D0-8D11-00A0C91BC942}") = "Drill01", "Drill01\Drill01.vcxproj", "{F3C3C494-7826-48C9-A510-84604C0F0EB7}"
EndProject
Project("{8BC9CEB8-8B4A-11D0-8D11-00A0C91BC942}") = "Drill02", "Drill02\Drill02.vcxproj", "{A285BFF2-1AD9-4106-87BB-2E7E2A2F02AE}"
EndProject
Project("{8BC9CEB8-8B4A-11D0-8D11-00A0C91BC942}") = "Drill03", "Drill03\Drill03.vcxproj", "{E276B43B-A6EA-46E0-A28C-812985008BAF}"
EndProject
Project("{8BC9CEB8-8B4A-11D0-8D11-00A0C91BC942}") = "Drill04", "Drill04\Drill04.vcxproj", "{3C07E07C-A040-4109-985A-CB8C457F0EB8}"
EndProject
Project("{8BC9CEB8-8B4A-11D0-8D11-00A0C91BC942}") = "Drill05", "Drill05\Drill05.vcxproj", "{9DAA5013-0425-4BC5-B4CB-075945C713B8}"
EndProject
Project("{8BC9CEB8-8B4A-11D0-8D11-00A0C91BC942}") = "Drill06", "Drill06\Drill06.vcxproj", "{5B217C20-CE42-4AA7-9D3B-ED98E5EA1EEE}"
EndProject
Project("{8BC9CEB8-8B4A-11D0-8D11-00A0C91BC942}") = "Drill07", "Drill07\Drill07.vcxproj", "{AE03D4ED-609E-415B-A768-BE27869AB664}"
EndProject
Project("{8BC9CEB8-8B4A-11D0-8D11-00A0C91BC942}") = "Drill08", "Drill08\Drill08.vcxproj", "{B06562DD-324A-44E8-A587-42196CB6AFD6}"
EndProject
Project("{8BC9CEB8-8B4A-11D0-8D11-00A0C91BC942}") = "Drill09", "Drill09\Drill09.vcxproj", "{92EFF273-CD5A-4E03-9BCC-684DE53C702F}"
EndProject
Project("{8BC9CEB8-8B4A-11D0-8D11-00A0C91BC942}") = "Drill10", "Drill10\Drill10.vcxproj", "{690F2E76-485E-4F95-A739-473057200353}"
EndProject
Project("{8BC9CEB8-8B4A-11D0-8D11-00A0C91BC942}") = "Drill11", "Drill11\Drill11.vcxproj", "{175CAC63-FB72-4D0E-A9BF-4C1DC1C4E62E}"
EndProject
Project("{8BC9CEB8-8B4A-11D0-8D11-00A0C91BC942}") = "LAB1", "LAB1\LAB1.vcxproj", "{B02F30BC-57C6-499E-BDEF-DFE77F94FA29}"
EndProject
Project("{8BC9CEB8-8B4A-11D0-8D11-00A0C91BC942}") = "LAB2", "LAB2\LAB2.vcxproj", "{B9E7EC70-2D05-44BB-8809-313BF5F41B52}"
EndProject
Project("{8BC9CEB8-8B4A-11D0-8D11-00A0C91BC942}") = "Drill12", "Drill12\Drill12.vcxproj", "{6FD4CA54-A460-49C0-978F-ACBD0EF1F680}"
EndProject
Project("{8BC9CEB8-8B4A-11D0-8D11-00A0C91BC942}") = "Drill13", "Drill13\Drill13.vcxproj", "{6760677E-A246-4DFF-94D9-16438D3253D5}"
EndProject
Project("{8BC9CEB8-8B4A-11D0-8D11-00A0C91BC942}") = "Drill14", "Drill14\Drill14.vcxproj", "{A7F1DC91-D3C4-45CB-8B44-D3665ED8AEFF}"
EndProject
Project("{8BC9CEB8-8B4A-11D0-8D11-00A0C91BC942}") = "Drill15", "Drill15\Drill15.vcxproj", "{5EEEDFF6-CD03-43A0-BB2F-AB01A590D4CD}"
EndProject
Project("{8BC9CEB8-8B4A-11D0-8D11-00A0C91BC942}") = "LAB3", "LAB3\LAB3.vcxproj", "{17EFA974-2561-4E90-8A05-35495715BAE0}"
EndProject
Project("{8BC9CEB8-8B4A-11D0-8D11-00A0C91BC942}") = "Drill16", "Drill16\Drill16.vcxproj", "{3E2BC236-6BC3-4206-8DDB-4F9EB5F48A53}"
EndProject
Project("{8BC9CEB8-8B4A-11D0-8D11-00A0C91BC942}") = "Drill17", "Drill17\Drill17.vcxproj", "{3230E106-0037-4845-AA4A-9397734CEF39}"
EndProject
Project("{8BC9CEB8-8B4A-11D0-8D11-00A0C91BC942}") = "LAB4", "LAB4\LAB4.vcxproj", "{EDDC859F-4358-4379-B986-6B6B9F6CC83B}"
EndProject
Project("{8BC9CEB8-8B4A-11D0-8D11-00A0C91BC942}") = "Drill18", "Drill18\Drill18.vcxproj", "{C6AE9CDB-0F06-48B5-858A-7A4E02F6038E}"
EndProject
Project("{8BC9CEB8-8B4A-11D0-8D11-00A0C91BC942}") = "Drill19", "Drill19\Drill19.vcxproj", "{0BB5BE1D-2410-4795-87EE-23CB80064F67}"
EndProject
Project("{8BC9CEB8-8B4A-11D0-8D11-00A0C91BC942}") = "Drill20", "Drill20\Drill20.vcxproj", "{D677BC03-CA06-4E98-9B29-86832120CD84}"
EndProject
Project("{8BC9CEB8-8B4A-11D0-8D11-00A0C91BC942}") = "LAB5", "LAB5\LAB5.vcxproj", "{E328B70D-5B43-4083-B863-DC55EBA0C561}"
EndProject
Project("{8BC9CEB8-8B4A-11D0-8D11-00A0C91BC942}") = "LAB6", "LAB6\LAB6.vcxproj", "{CFEFFC5E-718A-48B5-8960-CA31A3CDD3C1}"
EndProject
Project("{8BC9CEB8-8B4A-11D0-8D11-00A0C91BC942}") = "LAB7", "LAB7\LAB7.vcxproj", "{7A1C084A-BA52-4A78-AE5B-210983B6F097}"
EndProject
Project("{8BC9CEB8-8B4A-11D0-8D11-00A0C91BC942}") = "Programming01", "Programming01\Programming01.vcxproj", "{17040541-67FB-46F4-B898-92C7DDA85302}"
EndProject
Project("{8BC9CEB8-8B4A-11D0-8D11-00A0C91BC942}") = "Programming02", "Programming02\Programming02.vcxproj", "{469624E7-982B-40C7-85A8-00D42F23C641}"
EndProject
Project("{8BC9CEB8-8B4A-11D0-8D11-00A0C91BC942}") = "Programming03", "Programming03\Programming03.vcxproj", "{FF106B6C-E666-443C-87C6-D2D78F245847}"
EndProject
Project("{8BC9CEB8-8B4A-11D0-8D11-00A0C91BC942}") = "Programming04", "Programming04\Programming04.vcxproj", "{04D9154E-2387-4EDE-BF45-D447D0F23A5C}"
EndProject
Project("{8BC9CEB8-8B4A-11D0-8D11-00A0C91BC942}") = "Programming05", "Programming05\Programming05.vcxproj", "{DE5E3764-DBE4-4464-9080-3FBB1E4ACD32}"
EndProject
Project("{8BC9CEB8-8B4A-11D0-8D11-00A0C91BC942}") = "Programming06", "Programming06\Programming06.vcxproj", "{35F4C510-742B-419C-A76C-4DCD8BFD8F98}"
EndProject
Project("{8BC9CEB8-8B4A-11D0-8D11-00A0C91BC942}") = "Programming07", "Programming07\Programming07.vcxproj", "{80760322-911F-431F-B3F4-0E3E017886FA}"
EndProject
Project("{8BC9CEB8-8B4A-11D0-8D11-00A0C91BC942}") = "Programming08", "Programming08\Programming08.vcxproj", "{C8E6D2BD-8E3E-42CC-93E3-8FBEBBBB6896}"
EndProject
Project("{8BC9CEB8-8B4A-11D0-8D11-00A0C91BC942}") = "Programming09", "Programming09\Programming09.vcxproj", "{8A9E0F1A-BA14-442D-9CFB-2050CEB24F25}"
EndProject
Project("{8BC9CEB8-8B4A-11D0-8D11-00A0C91BC942}") = "Programming10", "Programming10\Programming10.vcxproj", "{96F84570-85FB-4FF5-B408-4BF6078F09AA}"
EndProject
Project("{8BC9CEB8-8B4A-11D0-8D11-00A0C91BC942}") = "Programming11", "Programming11\Programming11.vcxproj", "{1741D040-4C71-42B5-AB3B-150207B818FA}"
EndProject
Project("{8BC9CEB8-8B4A-11D0-8D11-00A0C91BC942}") = "Programming12", "Programming12\Programming12.vcxproj", "{9FD6953E-1F9E-4385-8026-FAD38951B3DA}"
EndProject
Global
	GlobalSection(SolutionConfigurationPlatforms) = preSolution
		Debug|x64 = Debug|x64
		Debug|x86 = Debug|x86
		Release|x64 = Release|x64
		Release|x86 = Release|x86
	EndGlobalSection
	GlobalSection(ProjectConfigurationPlatforms) = postSolution
		{F3C3C494-7826-48C9-A510-84604C0F0EB7}.Debug|x64.ActiveCfg = Debug|x64
		{F3C3C494-7826-48C9-A510-84604C0F0EB7}.Debug|x64.Build.0 = Debug|x64
		{F3C3C494-7826-48C9-A510-84604C0F0EB7}.Debug|x86.ActiveCfg = Debug|Win32
		{F3C3C494-7826-48C9-A510-84604C0F0EB7}.Debug|x86.Build.0 = Debug|Win32
		{F3C3C494-7826-48C9-A510-84604C0F0EB7}.Release|x64.ActiveCfg = Release|x64
		{F3C3C494-7826-48C9-A510-84604C0F0EB7}.Release|x64.Build.0 = Release|x64
		{F3C3C494-7826-48C9-A510-84604C0F0EB7}.Release|x86.ActiveCfg = Release|Win32
		{F3C3C494-7826-48C9-A510-84604C0F0EB7}.Release|x86.Build.0 = Release|Win32
		{A285BFF2-1AD9-4106-87BB-2E7E2A2F02AE}.Debug|x64.ActiveCfg = Debug|x64
		{A285BFF2-1AD9-4106-87BB-2E7E2A2F02AE}.Debug|x64.Build.0 = Debug|x64
		{A285BFF2-1AD9-4106-87BB-2E7E2A2F02AE}.Debug|x86.ActiveCfg = Debug|Win32
		{A285BFF2-1AD9-4106-87BB-2E7E2A2F02AE}.Debug|x86.Build.0 = Debug|Win32
		{A285BFF2-1AD9-4106-87BB-2E7E2A2F02AE}.Release|x64.ActiveCfg = Release|x64
		{A285BFF2-1AD9-4106-87BB-2E7E2A2F02AE}.Release|x64.Build.0 = Release|x64
		{A285BFF2-1AD9-4106-87BB-2E7E2A2F02AE}.Release|x86.ActiveCfg = Release|Win32
		{A285BFF2-1AD9-4106-87BB-2E7E2A2F02AE}.Release|x86.Build.0 = Release|Win32
		{E276B43B-A6EA-46E0-A28C-812985008BAF}.Debug|x64.ActiveCfg = Debug|x64
		{E276B43B-A6EA-46E0-A28C-812985008BAF}.Debug|x64.Build.0 = Debug|x64
		{E276B43B-A6EA-46E0-A28C-812985008BAF}.Debug|x86.ActiveCfg = Debug|Win32
		{E276B43B-A6EA-46E0-A28C-812985008BAF}.Debug|x86.Build.0 = Debug|Win32
		{E276B43B-A6EA-46E0-A28C-812985008BAF}.Release|x64.ActiveCfg = Release|x64
		{E276B43B-A6EA-46E0-A28C-812985008BAF}.Release|x64.Build.0 = Release|x64
		{E276B43B-A6EA-46E0-A28C-812985008BAF}.Release|x86.ActiveCfg = Release|Win32
		{E276B43B-A6EA-46E0-A28C-812985008BAF}.Release|x86.Build.0 = Release|Win32
		{3C07E07C-A040-4109-985A-CB8C457F0EB8}.Debug|x64.ActiveCfg = Debug|x64
		{3C07E07C-A040-4109-985A-CB8C457F0EB8}.Debug|x64.Build.0 = Debug|x64
		{3C07E07C-A040-4109-985A-CB8C457F0EB8}.Debug|x86.ActiveCfg = Debug|Win32
		{3C07E07C-A040-4109-985A-CB8C457F0EB8}.Debug|x86.Build.0 = Debug|Win32
		{3C07E07C-A040-4109-985A-CB8C457F0EB8}.Release|x64.ActiveCfg = Release|x64
		{3C07E07C-A040-4109-985A-CB8C457F0EB8}.Release|x64.Build.0 = Release|x64
		{3C07E07C-A040-4109-985A-CB8C457F0EB8}.Release|x86.ActiveCfg = Release|Win32
		{3C07E07C-A040-4109-985A-CB8C457F0EB8}.Release|x86.Build.0 = Release|Win32
		{9DAA5013-0425-4BC5-B4CB-075945C713B8}.Debug|x64.ActiveCfg = Debug|x64
		{9DAA5013-0425-4BC5-B4CB-075945C713B8}.Debug|x64.Build.0 = Debug|x64
		{9DAA5013-0425-4BC5-B4CB-075945C713B8}.Debug|x86.ActiveCfg = Debug|Win32
		{9DAA5013-0425-4BC5-B4CB-075945C713B8}.Debug|x86.Build.0 = Debug|Win32
		{9DAA5013-0425-4BC5-B4CB-075945C713B8}.Release|x64.ActiveCfg = Release|x64
		{9DAA5013-0425-4BC5-B4CB-075945C713B8}.Release|x64.Build.0 = Release|x64
		{9DAA5013-0425-4BC5-B4CB-075945C713B8}.Release|x86.ActiveCfg = Release|Win32
		{9DAA5013-0425-4BC5-B4CB-075945C713B8}.Release|x86.Build.0 = Release|Win32
		{5B217C20-CE42-4AA7-9D3B-ED98E5EA1EEE}.Debug|x64.ActiveCfg = Debug|x64
		{5B217C20-CE42-4AA7-9D3B-ED98E5EA1EEE}.Debug|x64.Build.0 = Debug|x64
		{5B217C20-CE42-4AA7-9D3B-ED98E5EA1EEE}.Debug|x86.ActiveCfg = Debug|Win32
		{5B217C20-CE42-4AA7-9D3B-ED98E5EA1EEE}.Debug|x86.Build.0 = Debug|Win32
		{5B217C20-CE42-4AA7-9D3B-ED98E5EA1EEE}.Release|x64.ActiveCfg = Release|x64
		{5B217C20-CE42-4AA7-9D3B-ED98E5EA1EEE}.Release|x64.Build.0 = Release|x64
		{5B217C20-CE42-4AA7-9D3B-ED98E5EA1EEE}.Release|x86.ActiveCfg = Release|Win32
		{5B217C20-CE42-4AA7-9D3B-ED98E5EA1EEE}.Release|x86.Build.0 = Release|Win32
		{AE03D4ED-609E-415B-A768-BE27869AB664}.Debug|x64.ActiveCfg = Debug|x64
		{AE03D4ED-609E-415B-A768-BE27869AB664}.Debug|x64.Build.0 = Debug|x64
		{AE03D4ED-609E-415B-A768-BE27869AB664}.Debug|x86.ActiveCfg = Debug|Win32
		{AE03D4ED-609E-415B-A768-BE27869AB664}.Debug|x86.Build.0 = Debug|Win32
		{AE03D4ED-609E-415B-A768-BE27869AB664}.Release|x64.ActiveCfg = Release|x64
		{AE03D4ED-609E-415B-A768-BE27869AB664}.Release|x64.Build.0 = Release|x64
		{AE03D4ED-609E-415B-A768-BE27869AB664}.Release|x86.ActiveCfg = Release|Win32
		{AE03D4ED-609E-415B-A768-BE27869AB664}.Release|x86.Build.0 = Release|Win32
		{B06562DD-324A-44E8-A587-42196CB6AFD6}.Debug|x64.ActiveCfg = Debug|x64
		{B06562DD-324A-44E8-A587-42196CB6AFD6}.Debug|x64.Build.0 = Debug|x64
		{B06562DD-324A-44E8-A587-42196CB6AFD6}.Debug|x86.ActiveCfg = Debug|Win32
		{B06562DD-324A-44E8-A587-42196CB6AFD6}.Debug|x86.Build.0 = Debug|Win32
		{B06562DD-324A-44E8-A587-42196CB6AFD6}.Release|x64.ActiveCfg = Release|x64
		{B06562DD-324A-44E8-A587-42196CB6AFD6}.Release|x64.Build.0 = Release|x64
		{B06562DD-324A-44E8-A587-42196CB6AFD6}.Release|x86.ActiveCfg = Release|Win32
		{B06562DD-324A-44E8-A587-42196CB6AFD6}.Release|x86.Build.0 = Release|Win32
		{92EFF273-CD5A-4E03-9BCC-684DE53C702F}.Debug|x64.ActiveCfg = Debug|x64
		{92EFF273-CD5A-4E03-9BCC-684DE53C702F}.Debug|x64.Build.0 = Debug|x64
		{92EFF273-CD5A-4E03-9BCC-684DE53C702F}.Debug|x86.ActiveCfg = Debug|Win32
		{92EFF273-CD5A-4E03-9BCC-684DE53C702F}.Debug|x86.Build.0 = Debug|Win32
		{92EFF273-CD5A-4E03-9BCC-684DE53C702F}.Release|x64.ActiveCfg = Release|x64
		{92EFF273-CD5A-4E03-9BCC-684DE53C702F}.Release|x64.Build.0 = Release|x64
		{92EFF273-CD5A-4E03-9BCC-684DE53C702F}.Release|x86.ActiveCfg = Release|Win32
		{92EFF273-CD5A-4E03-9BCC-684DE53C702F}.Release|x86.Build.0 = Release|Win32
		{690F2E76-485E-4F95-A739-473057200353}.Debug|x64.ActiveCfg = Debug|x64
		{690F2E76-485E-4F95-A739-473057200353}.Debug|x64.Build.0 = Debug|x64
		{690F2E76-485E-4F95-A739-473057200353}.Debug|x86.ActiveCfg = Debug|Win32
		{690F2E76-485E-4F95-A739-473057200353}.Debug|x86.Build.0 = Debug|Win32
		{690F2E76-485E-4F95-A739-473057200353}.Release|x64.ActiveCfg = Release|x64
		{690F2E76-485E-4F95-A739-473057200353}.Release|x64.Build.0 = Release|x64
		{690F2E76-485E-4F95-A739-473057200353}.Release|x86.ActiveCfg = Release|Win32
		{690F2E76-485E-4F95-A739-473057200353}.Release|x86.Build.0 = Release|Win32
		{175CAC63-FB72-4D0E-A9BF-4C1DC1C4E62E}.Debug|x64.ActiveCfg = Debug|x64
		{175CAC63-FB72-4D0E-A9BF-4C1DC1C4E62E}.Debug|x64.Build.0 = Debug|x64
		{175CAC63-FB72-4D0E-A9BF-4C1DC1C4E62E}.Debug|x86.ActiveCfg = Debug|Win32
		{175CAC63-FB72-4D0E-A9BF-4C1DC1C4E62E}.Debug|x86.Build.0 = Debug|Win32
		{175CAC63-FB72-4D0E-A9BF-4C1DC1C4E62E}.Release|x64.ActiveCfg = Release|x64
		{175CAC63-FB72-4D0E-A9BF-4C1DC1C4E62E}.Release|x64.Build.0 = Release|x64
		{175CAC63-FB72-4D0E-A9BF-4C1DC1C4E62E}.Release|x86.ActiveCfg = Release|Win32
		{175CAC63-FB72-4D0E-A9BF-4C1DC1C4E62E}.Release|x86.Build.0 = Release|Win32
		{B02F30BC-57C6-499E-BDEF-DFE77F94FA29}.Debug|x64.ActiveCfg = Debug|x64
		{B02F30BC-57C6-499E-BDEF-DFE77F94FA29}.Debug|x64.Build.0 = Debug|x64
		{B02F30BC-57C6-499E-BDEF-DFE77F94FA29}.Debug|x86.ActiveCfg = Debug|Win32
		{B02F30BC-57C6-499E-BDEF-DFE77F94FA29}.Debug|x86.Build.0 = Debug|Win32
		{B02F30BC-57C6-499E-BDEF-DFE77F94FA29}.Release|x64.ActiveCfg = Release|x64
		{B02F30BC-57C6-499E-BDEF-DFE77F94FA29}.Release|x64.Build.0 = Release|x64
		{B02F30BC-57C6-499E-BDEF-DFE77F94FA29}.Release|x86.ActiveCfg = Release|Win32
		{B02F30BC-57C6-499E-BDEF-DFE77F94FA29}.Release|x86.Build.0 = Release|Win32
		{B9E7EC70-2D05-44BB-8809-313BF5F41B52}.Debug|x64.ActiveCfg = Debug|x64
		{B9E7EC70-2D05-44BB-8809-313BF5F41B52}.Debug|x64.Build.0 = Debug|x64
		{B9E7EC70-2D05-44BB-8809-313BF5F41B52}.Debug|x86.ActiveCfg = Debug|Win32
		{B9E7EC70-2D05-44BB-8809-313BF5F41B52}.Debug|x86.Build.0 = Debug|Win32
		{B9E7EC70-2D05-44BB-8809-313BF5F41B52}.Release|x64.ActiveCfg = Release|x64
		{B9E7EC70-2D05-44BB-8809-313BF5F41B52}.Release|x64.Build.0 = Release|x64
		{B9E7EC70-2D05-44BB-8809-313BF5F41B52}.Release|x86.ActiveCfg = Release|Win32
		{B9E7EC70-2D05-44BB-8809-313BF5F41B52}.Release|x86.Build.0 = Release|Win32
		{6FD4CA54-A460-49C0-978F-ACBD0EF1F680}.Debug|x64.ActiveCfg = Debug|x64
		{6FD4CA54-A460-49C0-978F-ACBD0EF1F680}.Debug|x64.Build.0 = Debug|x64
		{6FD4CA54-A460-49C0-978F-ACBD0EF1F680}.Debug|x86.ActiveCfg = Debug|Win32
		{6FD4CA54-A460-49C0-978F-ACBD0EF1F680}.Debug|x86.Build.0 = Debug|Win32
		{6FD4CA54-A460-49C0-978F-ACBD0EF1F680}.Release|x64.ActiveCfg = Release|x64
		{6FD4CA54-A460-49C0-978F-ACBD0EF1F680}.Release|x64.Build.0 = Release|x64
		{6FD4CA54-A460-49C0-978F-ACBD0EF1F680}.Release|x86.ActiveCfg = Release|Win32
		{6FD4CA54-A460-49C0-978F-ACBD0EF1F680}.Release|x86.Build.0 = Release|Win32
		{6760677E-A246-4DFF-94D9-16438D3253D5}.Debug|x64.ActiveCfg = Debug|x64
		{6760677E-A246-4DFF-94D9-16438D3253D5}.Debug|x64.Build.0 = Debug|x64
		{6760677E-A246-4DFF-94D9-16438D3253D5}.Debug|x86.ActiveCfg = Debug|Win32
		{6760677E-A246-4DFF-94D9-16438D3253D5}.Debug|x86.Build.0 = Debug|Win32
		{6760677E-A246-4DFF-94D9-16438D3253D5}.Release|x64.ActiveCfg = Release|x64
		{6760677E-A246-4DFF-94D9-16438D3253D5}.Release|x64.Build.0 = Release|x64
		{6760677E-A246-4DFF-94D9-16438D3253D5}.Release|x86.ActiveCfg = Release|Win32
		{6760677E-A246-4DFF-94D9-16438D3253D5}.Release|x86.Build.0 = Release|Win32
		{A7F1DC91-D3C4-45CB-8B44-D3665ED8AEFF}.Debug|x64.ActiveCfg = Debug|x64
		{A7F1DC91-D3C4-45CB-8B44-D3665ED8AEFF}.Debug|x64.Build.0 = Debug|x64
		{A7F1DC91-D3C4-45CB-8B44-D3665ED8AEFF}.Debug|x86.ActiveCfg = Debug|Win32
		{A7F1DC91-D3C4-45CB-8B44-D3665ED8AEFF}.Debug|x86.Build.0 = Debug|Win32
		{A7F1DC91-D3C4-45CB-8B44-D3665ED8AEFF}.Release|x64.ActiveCfg = Release|x64
		{A7F1DC91-D3C4-45CB-8B44-D3665ED8AEFF}.Release|x64.Build.0 = Release|x64
		{A7F1DC91-D3C4-45CB-8B44-D3665ED8AEFF}.Release|x86.ActiveCfg = Release|Win32
		{A7F1DC91-D3C4-45CB-8B44-D3665ED8AEFF}.Release|x86.Build.0 = Release|Win32
		{5EEEDFF6-CD03-43A0-BB2F-AB01A590D4CD}.Debug|x64.ActiveCfg = Debug|x64
		{5EEEDFF6-CD03-43A0-BB2F-AB01A590D4CD}.Debug|x64.Build.0 = Debug|x64
		{5EEEDFF6-CD03-43A0-BB2F-AB01A590D4CD}.Debug|x86.ActiveCfg = Debug|Win32
		{5EEEDFF6-CD03-43A0-BB2F-AB01A590D4CD}.Debug|x86.Build.0 = Debug|Win32
		{5EEEDFF6-CD03-43A0-BB2F-AB01A590D4CD}.Release|x64.ActiveCfg = Release|x64
		{5EEEDFF6-CD03-43A0-BB2F-AB01A590D4CD}.Release|x64.Build.0 = Release|x64
		{5EEEDFF6-CD03-43A0-BB2F-AB01A590D4CD}.Release|x86.ActiveCfg = Release|Win32
		{5EEEDFF6-CD03-43A0-BB2F-AB01A590D4CD}.Release|x86.Build.0 = Release|Win32
		{17EFA974-2561-4E90-8A05-35495715BAE0}.Debug|x64.ActiveCfg = Debug|x64
		{17EFA974-2561-4E90-8A05-35495715BAE0}.Debug|x64.Build.0 = Debug|x64
		{17EFA974-2561-4E90-8A05-35495715BAE0}.Debug|x86.ActiveCfg = Debug|Win32
		{17EFA974-2561-4E90-8A05-35495715BAE0}.Debug|x86.Build.0 = Debug|Win32
		{17EFA974-2561-4E90-8A05-35495715BAE0}.Release|x64.ActiveCfg = Release|x64
		{17EFA974-2561-4E90-8A05-35495715BAE0}.Release|x64.Build.0 = Release|x64
		{17EFA974-2561-4E90-8A05-35495715BAE0}.Release|x86.ActiveCfg = Release|Win32
		{17EFA974-2561-4E90-8A05-35495715BAE0}.Release|x86.Build.0 = Release|Win32
		{3E2BC236-6BC3-4206-8DDB-4F9EB5F48A53}.Debug|x64.ActiveCfg = Debug|x64
		{3E2BC236-6BC3-4206-8DDB-4F9EB5F48A53}.Debug|x64.Build.0 = Debug|x64
		{3E2BC236-6BC3-4206-8DDB-4F9EB5F48A53}.Debug|x86.ActiveCfg = Debug|Win32
		{3E2BC236-6BC3-4206-8DDB-4F9EB5F48A53}.Debug|x86.Build.0 = Debug|Win32
		{3E2BC236-6BC3-4206-8DDB-4F9EB5F48A53}.Release|x64.ActiveCfg = Release|x64
		{3E2BC236-6BC3-4206-8DDB-4F9EB5F48A53}.Release|x64.Build.0 = Release|x64
		{3E2BC236-6BC3-4206-8DDB-4F9EB5F48A53}.Release|x86.ActiveCfg = Release|Win32
		{3E2BC236-6BC3-4206-8DDB-4F9EB5F48A53}.Release|x86.Build.0 = Release|Win32
		{3230E106-0037-4845-AA4A-9397734CEF39}.Debug|x64.ActiveCfg = Debug|x64
		{3230E106-0037-4845-AA4A-9397734CEF39}.Debug|x64.Build.0 = Debug|x64
		{3230E106-0037-4845-AA4A-9397734CEF39}.Debug|x86.ActiveCfg = Debug|Win32
		{3230E106-0037-4845-AA4A-9397734CEF39}.Debug|x86.Build.0 = Debug|Win32
		{3230E106-0037-4845-AA4A-9397734CEF39}.Release|x64.ActiveCfg = Release|x64
		{3230E106-0037-4845-AA4A-9397734CEF39}.Release|x64.Build.0 = Release|x64
		{3230E106-0037-4845-AA4A-9397734CEF39}.Release|x86.ActiveCfg = Release|Win32
		{3230E106-0037-4845-AA4A-9397734CEF39}.Release|x86.Build.0 = Release|Win32
		{EDDC859F-4358-4379-B986-6B6B9F6CC83B}.Debug|x64.ActiveCfg = Debug|x64
		{EDDC859F-4358-4379-B986-6B6B9F6CC83B}.Debug|x64.Build.0 = Debug|x64
		{EDDC859F-4358-4379-B986-6B6B9F6CC83B}.Debug|x86.ActiveCfg = Debug|Win32
		{EDDC859F-4358-4379-B986-6B6B9F6CC83B}.Debug|x86.Build.0 = Debug|Win32
		{EDDC859F-4358-4379-B986-6B6B9F6CC83B}.Release|x64.ActiveCfg = Release|x64
		{EDDC859F-4358-4379-B986-6B6B9F6CC83B}.Release|x64.Build.0 = Release|x64
		{EDDC859F-4358-4379-B986-6B6B9F6CC83B}.Release|x86.ActiveCfg = Release|Win32
		{EDDC859F-4358-4379-B986-6B6B9F6CC83B}.Release|x86.Build.0 = Release|Win32
		{C6AE9CDB-0F06-48B5-858A-7A4E02F6038E}.Debug|x64.ActiveCfg = Debug|x64
		{C6AE9CDB-0F06-48B5-858A-7A4E02F6038E}.Debug|x64.Build.0 = Debug|x64
		{C6AE9CDB-0F06-48B5-858A-7A4E02F6038E}.Debug|x86.ActiveCfg = Debug|Win32
		{C6AE9CDB-0F06-48B5-858A-7A4E02F6038E}.Debug|x86.Build.0 = Debug|Win32
		{C6AE9CDB-0F06-48B5-858A-7A4E02F6038E}.Release|x64.ActiveCfg = Release|x64
		{C6AE9CDB-0F06-48B5-858A-7A4E02F6038E}.Release|x64.Build.0 = Release|x64
		{C6AE9CDB-0F06-48B5-858A-7A4E02F6038E}.Release|x86.ActiveCfg = Release|Win32
		{C6AE9CDB-0F06-48B5-858A-7A4E02F6038E}.Release|x86.Build.0 = Release|Win32
		{0BB5BE1D-2410-4795-87EE-23CB80064F67}.Debug|x64.ActiveCfg = Debug|x64
		{0BB5BE1D-2410-4795-87EE-23CB80064F67}.Debug|x64.Build.0 = Debug|x64
		{0BB5BE1D-2410-4795-87EE-23CB80064F67}.Debug|x86.ActiveCfg = Debug|Win32
		{0BB5BE1D-2410-4795-87EE-23CB80064F67}.Debug|x86.Build.0 = Debug|Win32
		{0BB5BE1D-2410-4795-87EE-23CB80064F67}.Release|x64.ActiveCfg = Release|x64
		{0BB5BE1D-2410-4795-87EE-23CB80064F67}.Release|x64.Build.0 = Release|x64
		{0BB5BE1D-2410-4795-87EE-23CB80064F67}.Release|x86.ActiveCfg = Release|Win32
		{0BB5BE1D-2410-4795-87EE-23CB80064F67}.Release|x86.Build.0 = Release|Win32
		{D677BC03-CA06-4E98-9B29-86832120CD84}.Debug|x64.ActiveCfg = Debug|x64
		{D677BC03-CA06-4E98-9B29-86832120CD84}.Debug|x64.Build.0 = Debug|x64
		{D677BC03-CA06-4E98-9B29-86832120CD84}.Debug|x86.ActiveCfg = Debug|Win32
		{D677BC03-CA06-4E98-9B29-86832120CD84}.Debug|x86.Build.0 = Debug|Win32
		{D677BC03-CA06-4E98-9B29-86832120CD84}.Release|x64.ActiveCfg = Release|x64
		{D677BC03-CA06-4E98-9B29-86832120CD84}.Release|x64.Build.0 = Release|x64
		{D677BC03-CA06-4E98-9B29-86832120CD84}.Release|x86.ActiveCfg = Release|Win32
		{D677BC03-CA06-4E98-9B29-86832120CD84}.Release|x86.Build.0 = Release|Win32
		{E328B70D-5B43-4083-B863-DC55EBA0C561}.Debug|x64.ActiveCfg = Debug|x64
		{E328B70D-5B43-4083-B863-DC55EBA0C561}.Debug|x64.Build.0 = Debug|x64
		{E328B70D-5B43-4083-B863-DC55EBA0C561}.Debug|x86.ActiveCfg = Debug|Win32
		{E328B70D-5B43-4083-B863-DC55EBA0C561}.Debug|x86.Build.0 = Debug|Win32
		{E328B70D-5B43-4083-B863-DC55EBA0C561}.Release|x64.ActiveCfg = Release|x64
		{E328B70D-5B43-4083-B863-DC55EBA0C561}.Release|x64.Build.0 = Release|x64
		{E328B70D-5B43-4083-B863-DC55EBA0C561}.Release|x86.ActiveCfg = Release|Win32
		{E328B70D-5B43-4083-B863-DC55EBA0C561}.Release|x86.Build.0 = Release|Win32
		{CFEFFC5E-718A-48B5-8960-CA31A3CDD3C1}.Debug|x64.ActiveCfg = Debug|x64
		{CFEFFC5E-718A-48B5-8960-CA31A3CDD3C1}.Debug|x64.Build.0 = Debug|x64
		{CFEFFC5E-718A-48B5-8960-CA31A3CDD3C1}.Debug|x86.ActiveCfg = Debug|Win32
		{CFEFFC5E-718A-48B5-8960-CA31A3CDD3C1}.Debug|x86.Build.0 = Debug|Win32
		{CFEFFC5E-718A-48B5-8960-CA31A3CDD3C1}.Release|x64.ActiveCfg = Release|x64
		{CFEFFC5E-718A-48B5-8960-CA31A3CDD3C1}.Release|x64.Build.0 = Release|x64
		{CFEFFC5E-718A-48B5-8960-CA31A3CDD3C1}.Release|x86.ActiveCfg = Release|Win32
		{CFEFFC5E-718A-48B5-8960-CA31A3CDD3C1}.Release|x86.Build.0 = Release|Win32
		{7A1C084A-BA52-4A78-AE5B-210983B6F097}.Debug|x64.ActiveCfg = Debug|x64
		{7A1C084A-BA52-4A78-AE5B-210983B6F097}.Debug|x64.Build.0 = Debug|x64
		{7A1C084A-BA52-4A78-AE5B-210983B6F097}.Debug|x86.ActiveCfg = Debug|Win32
		{7A1C084A-BA52-4A78-AE5B-210983B6F097}.Debug|x86.Build.0 = Debug|Win32
		{7A1C084A-BA52-4A78-AE5B-210983B6F097}.Release|x64.ActiveCfg = Release|x64
		{7A1C084A-BA52-4A78-AE5B-210983B6F097}.Release|x64.Build.0 = Release|x64
		{7A1C084A-BA52-4A78-AE5B-210983B6F097}.Release|x86.ActiveCfg = Release|Win32
		{7A1C084A-BA52-4A78-AE5B-210983B6F097}.Release|x86.Build.0 = Release|Win32
		{17040541-67FB-46F4-B898-92C7DDA85302}.Debug|x64.ActiveCfg = Debug|x64
		{17040541-67FB-46F4-B898-92C7DDA85302}.Debug|x64.Build.0 = Debug|x64
		{17040541-67FB-46F4-B898-92C7DDA85302}.Debug|x86.ActiveCfg = Debug|Win32
		{17040541-67FB-46F4-B898-92C7DDA85302}.Debug|x86.Build.0 = Debug|Win32
		{17040541-67FB-46F4-B898-92C7DDA85302}.Release|x64.ActiveCfg = Release|x64
		{17040541-67FB-46F4-B898-92C7DDA85302}.Release|x64.Build.0 = Release|x64
		{17040541-67FB-46F4-B898-92C7DDA85302}.Release|x86.ActiveCfg = Release|Win32
		{17040541-67FB-46F4-B898-92C7DDA85302}.Release|x86.Build.0 = Release|Win32
		{469624E7-982B-40C7-85A8-00D42F23C641}.Debug|x64.ActiveCfg = Debug|x64
		{469624E7-982B-40C7-85A8-00D42F23C641}.Debug|x64.Build.0 = Debug|x64
		{469624E7-982B-40C7-85A8-00D42F23C641}.Debug|x86.ActiveCfg = Debug|Win32
		{469624E7-982B-40C7-85A8-00D42F23C641}.Debug|x86.Build.0 = Debug|Win32
		{469624E7-982B-40C7-85A8-00D42F23C641}.Release|x64.ActiveCfg = Release|x64
		{469624E7-982B-40C7-85A8-00D42F23C641}.Release|x64.Build.0 = Release|x64
		{469624E7-982B-40C7-85A8-00D42F23C641}.Release|x86.ActiveCfg = Release|Win32
		{469624E7-982B-40C7-85A8-00D42F23C641}.Release|x86.Build.0 = Release|Win32
		{FF106B6C-E666-443C-87C6-D2D78F245847}.Debug|x64.ActiveCfg = Debug|x64
		{FF106B6C-E666-443C-87C6-D2D78F245847}.Debug|x64.Build.0 = Debug|x64
		{FF106B6C-E666-443C-87C6-D2D78F245847}.Debug|x86.ActiveCfg = Debug|Win32
		{FF106B6C-E666-443C-87C6-D2D78F245847}.Debug|x86.Build.0 = Debug|Win32
		{FF106B6C-E666-443C-87C6-D2D78F245847}.Release|x64.ActiveCfg = Release|x64
		{FF106B6C-E666-443C-87C6-D2D78F245847}.Release|x64.Build.0 = Release|x64
		{FF106B6C-E666-443C-87C6-D2D78F245847}.Release|x86.ActiveCfg = Release|Win32
		{FF106B6C-E666-443C-87C6-D2D78F245847}.Release|x86.Build.0 = Release|Win32
		{04D9154E-2387-4EDE-BF45-D447D0F23A5C}.Debug|x64.ActiveCfg = Debug|x64
		{04D9154E-2387-4EDE-BF45-D447D0F23A5C}.Debug|x64.Build.0 = Debug|x64
		{04D9154E-2387-4EDE-BF45-D447D0F23A5C}.Debug|x86.ActiveCfg = Debug|Win32
		{04D9154E-2387-4EDE-BF45-D447D0F23A5C}.Debug|x86.Build.0 = Debug|Win32
		{04D9154E-2387-4EDE-BF45-D447D0F23A5C}.Release|x64.ActiveCfg = Release|x64
		{04D9154E-2387-4EDE-BF45-D447D0F23A5C}.Release|x64.Build.0 = Release|x64
		{04D9154E-2387-4EDE-BF45-D447D0F23A5C}.Release|x86.ActiveCfg = Release|Win32
		{04D9154E-2387-4EDE-BF45-D447D0F23A5C}.Release|x86.Build.0 = Release|Win32
		{DE5E3764-DBE4-4464-9080-3FBB1E4ACD32}.Debug|x64.ActiveCfg = Debug|x64
		{DE5E3764-DBE4-4464-9080-3FBB1E4ACD32}.Debug|x64.Build.0 = Debug|x64
		{DE5E3764-DBE4-4464-9080-3FBB1E4ACD32}.Debug|x86.ActiveCfg = Debug|Win32
		{DE5E3764-DBE4-4464-9080-3FBB1E4ACD32}.Debug|x86.Build.0 = Debug|Win32
		{DE5E3764-DBE4-4464-9080-3FBB1E4ACD32}.Release|x64.ActiveCfg = Release|x64
		{DE5E3764-DBE4-4464-9080-3FBB1E4ACD32}.Release|x64.Build.0 = Release|x64
		{DE5E3764-DBE4-4464-9080-3FBB1E4ACD32}.Release|x86.ActiveCfg = Release|Win32
		{DE5E3764-DBE4-4464-9080-3FBB1E4ACD32}.Release|x86.Build.0 = Release|Win32
		{35F4C510-742B-419C-A76C-4DCD8BFD8F98}.Debug|x64.ActiveCfg = Debug|x64
		{35F4C510-742B-419C-A76C-4DCD8BFD8F98}.Debug|x64.Build.0 = Debug|x64
		{35F4C510-742B-419C-A76C-4DCD8BFD8F98}.Debug|x86.ActiveCfg = Debug|Win32
		{35F4C510-742B-419C-A76C-4DCD8BFD8F98}.Debug|x86.Build.0 = Debug|Win32
		{35F4C510-742B-419C-A76C-4DCD8BFD8F98}.Release|x64.ActiveCfg = Release|x64
		{35F4C510-742B-419C-A76C-4DCD8BFD8F98}.Release|x64.Build.0 = Release|x64
		{35F4C510-742B-419C-A76C-4DCD8BFD8F98}.Release|x86.ActiveCfg = Release|Win32
		{35F4C510-742B-419C-A76C-4DCD8BFD8F98}.Release|x86.Build.0 = Release|Win32
		{80760322-911F-431F-B3F4-0E3E017886FA}.Debug|x64.ActiveCfg = Debug|x64
		{80760322-911F-431F-B3F4-0E3E017886FA}.Debug|x64.Build.0 = Debug|x64
		{80760322-911F-431F-B3F4-0E3E017886FA}.Debug|x86.ActiveCfg = Debug|Win32
		{80760322-911F-431F-B3F4-0E3E017886FA}.Debug|x86.Build.0 = Debug|Win32
		{80760322-911F-431F-B3F4-0E3E017886FA}.Release|x64.ActiveCfg = Release|x64
		{80760322-911F-431F-B3F4-0E3E017886FA}.Release|x64.Build.0 = Release|x64
		{80760322-911F-431F-B3F4-0E3E017886FA}.Release|x86.ActiveCfg = Release|Win32
		{80760322-911F-431F-B3F4-0E3E017886FA}.Release|x86.Build.0 = Release|Win32
		{C8E6D2BD-8E3E-42CC-93E3-8FBEBBBB6896}.Debug|x64.ActiveCfg = Debug|x64
		{C8E6D2BD-8E3E-42CC-93E3-8FBEBBBB6896}.Debug|x64.Build.0 = Debug|x64
		{C8E6D2BD-8E3E-42CC-93E3-8FBEBBBB6896}.Debug|x86.ActiveCfg = Debug|Win32
		{C8E6D2BD-8E3E-42CC-93E3-8FBEBBBB6896}.Debug|x86.Build.0 = Debug|Win32
		{C8E6D2BD-8E3E-42CC-93E3-8FBEBBBB6896}.Release|x64.ActiveCfg = Release|x64
		{C8E6D2BD-8E3E-42CC-93E3-8FBEBBBB6896}.Release|x64.Build.0 = Release|x64
		{C8E6D2BD-8E3E-42CC-93E3-8FBEBBBB6896}.Release|x86.ActiveCfg = Release|Win32
		{C8E6D2BD-8E3E-42CC-93E3-8FBEBBBB6896}.Release|x86.Build.0 = Release|Win32
		{8A9E0F1A-BA14-442D-9CFB-2050CEB24F25}.Debug|x64.ActiveCfg = Debug|x64
		{8A9E0F1A-BA14-442D-9CFB-2050CEB24F25}.Debug|x64.Build.0 = Debug|x64
		{8A9E0F1A-BA14-442D-9CFB-2050CEB24F25}.Debug|x86.ActiveCfg = Debug|Win32
		{8A9E0F1A-BA14-442D-9CFB-2050CEB24F25}.Debug|x86.Build.0 = Debug|Win32
		{8A9E0F1A-BA14-442D-9CFB-2050CEB24F25}.Release|x64.ActiveCfg = Release|x64
		{8A9E0F1A-BA14-442D-9CFB-2050CEB24F25}.Release|x64.Build.0 = Release|x64
		{8A9E0F1A-BA14-442D-9CFB-2050CEB24F25}.Release|x86.ActiveCfg = Release|Win32
		{8A9E0F1A-BA14-442D-9CFB-2050CEB24F25}.Release|x86.Build.0 = Release|Win32
		{96F84570-85FB-4FF5-B408-4BF6078F09AA}.Debug|x64.ActiveCfg = Debug|x64
		{96F84570-85FB-4FF5-B408-4BF6078F09AA}.Debug|x64.Build.0 = Debug|x64
		{96F84570-85FB-4FF5-B408-4BF6078F09AA}.Debug|x86.ActiveCfg = Debug|Win32
		{96F84570-85FB-4FF5-B408-4BF6078F09AA}.Debug|x86.Build.0 = Debug|Win32
		{96F84570-85FB-4FF5-B408-4BF6078F09AA}.Release|x64.ActiveCfg = Release|x64
		{96F84570-85FB-4FF5-B408-4BF6078F09AA}.Release|x64.Build.0 = Release|x64
		{96F84570-85FB-4FF5-B408-4BF6078F09AA}.Release|x86.ActiveCfg = Release|Win32
		{96F84570-85FB-4FF5-B408-4BF6078F09AA}.Release|x86.Build.0 = Release|Win32
		{1741D040-4C71-42B5-AB3B-150207B818FA}.Debug|x64.ActiveCfg = Debug|x64
		{1741D040-4C71-42B5-AB3B-150207B818FA}.Debug|x64.Build.0 = Debug|x64
		{1741D040-4C71-42B5-AB3B-150207B818FA}.Debug|x86.ActiveCfg = Debug|Win32
		{1741D040-4C71-42B5-AB3B-150207B818FA}.Debug|x86.Build.0 = Debug|Win32
		{1741D040-4C71-42B5-AB3B-150207B818FA}.Release|x64.ActiveCfg = Release|x64
		{1741D040-4C71-42B5-AB3B-150207B818FA}.Release|x64.Build.0 = Release|x64
		{1741D040-4C71-42B5-AB3B-150207B818FA}.Release|x86.ActiveCfg = Release|Win32
		{1741D040-4C71-42B5-AB3B-150207B818FA}.Release|x86.Build.0 = Release|Win32
		{9FD6953E-1F9E-4385-8026-FAD38951B3DA}.Debug|x64.ActiveCfg = Debug|x64
		{9FD6953E-1F9E-4385-8026-FAD38951B3DA}.Debug|x64.Build.0 = Debug|x64
		{9FD6953E-1F9E-4385-8026-FAD38951B3DA}.Debug|x86.ActiveCfg = Debug|Win32
		{9FD6953E-1F9E-4385-8026-FAD38951B3DA}.Debug|x86.Build.0 = Debug|Win32
		{9FD6953E-1F9E-4385-8026-FAD38951B3DA}.Release|x64.ActiveCfg = Release|x64
		{9FD6953E-1F9E-4385-8026-FAD38951B3DA}.Release|x64.Build.0 = Release|x64
		{9FD6953E-1F9E-4385-8026-FAD38951B3DA}.Release|x86.ActiveCfg = Release|Win32
		{9FD6953E-1F9E-4385-8026-FAD38951B3DA}.Release|x86.Build.0 = Release|Win32
	EndGlobalSection
	GlobalSection(SolutionProperties) = preSolution
		HideSolutionNode = FALSE
	EndGlobalSection
	GlobalSection(ExtensibilityGlobals) = postSolution
		SolutionGuid = {C0FF4A2D-E8BD-4A3D-825C-679D79A477DD}
	EndGlobalSection
EndGlobal
