
Microsoft Visual Studio Solution File, Format Version 12.00
# Visual Studio Version 17
VisualStudioVersion = 17.14.36310.24
MinimumVisualStudioVersion = 10.0.40219.1
Project("{8BC9CEB8-8B4A-11D0-8D11-00A0C91BC942}") = "Drill01", "Drill01\Drill01.vcxproj", "{111AD2F2-1C99-42E7-824D-AFA665BCFEA8}"
EndProject
Project("{8BC9CEB8-8B4A-11D0-8D11-00A0C91BC942}") = "Drill02", "Drill02\Drill02.vcxproj", "{BAFC5AFC-19C4-4AA8-A9B1-89DE755436F8}"
EndProject
Project("{8BC9CEB8-8B4A-11D0-8D11-00A0C91BC942}") = "LAB1", "LAB1\LAB1.vcxproj", "{530BB3C0-65C7-4D7C-B1CB-82F9EF405B26}"
EndProject
Project("{8BC9CEB8-8B4A-11D0-8D11-00A0C91BC942}") = "Drill03", "Drill03\Drill03.vcxproj", "{A6D5024C-280D-417F-8D1B-DB27BF8B08BF}"
EndProject
Project("{8BC9CEB8-8B4A-11D0-8D11-00A0C91BC942}") = "Drill04", "Drill04\Drill04.vcxproj", "{8680DBB2-FAF8-4A46-A663-771C229AF16F}"
EndProject
Project("{8BC9CEB8-8B4A-11D0-8D11-00A0C91BC942}") = "Drill05", "Drill05\Drill05.vcxproj", "{1EE9ED1C-5CD3-4465-95DC-288F15374813}"
EndProject
Project("{8BC9CEB8-8B4A-11D0-8D11-00A0C91BC942}") = "Drill06", "Drill06\Drill06.vcxproj", "{51F44777-78D4-468D-B818-B457127E8FE9}"
EndProject
Project("{8BC9CEB8-8B4A-11D0-8D11-00A0C91BC942}") = "Mini Project", "Mini Project\Mini Project.vcxproj", "{52E86E33-A614-4E94-A088-5E28B3F11CBF}"
EndProject
Project("{8BC9CEB8-8B4A-11D0-8D11-00A0C91BC942}") = "Programming01", "Programming01\Programming01.vcxproj", "{04802A6C-783B-4150-8580-661C254719B7}"
EndProject
Project("{8BC9CEB8-8B4A-11D0-8D11-00A0C91BC942}") = "Programming02", "Programming02\Programming02.vcxproj", "{76F8382B-E2CB-4ED3-8501-197706C0524E}"
EndProject
Project("{8BC9CEB8-8B4A-11D0-8D11-00A0C91BC942}") = "Programming03", "Programming03\Programming03.vcxproj", "{495065C4-A3DF-4718-A9BE-C6635DA7F6E3}"
EndProject
Project("{8BC9CEB8-8B4A-11D0-8D11-00A0C91BC942}") = "Programming04", "Programming04\Programming04.vcxproj", "{A1E74D83-3102-464F-84E2-01CF5A4DC6AD}"
EndProject
Project("{8BC9CEB8-8B4A-11D0-8D11-00A0C91BC942}") = "Programming05", "Programming05\Programming05.vcxproj", "{720E8F56-FD92-47F7-83BA-0CF8C812E30E}"
EndProject
Project("{8BC9CEB8-8B4A-11D0-8D11-00A0C91BC942}") = "Programming06", "Programming06\Programming06.vcxproj", "{F6A6C40C-F960-42F8-93BB-88676A507E28}"
EndProject
Project("{8BC9CEB8-8B4A-11D0-8D11-00A0C91BC942}") = "Programming07", "Programming07\Programming07.vcxproj", "{872B224D-EF52-4684-A472-E2481D1C589B}"
EndProject
Project("{8BC9CEB8-8B4A-11D0-8D11-00A0C91BC942}") = "Programming08", "Programming08\Programming08.vcxproj", "{A22F26D9-B50A-4264-A372-2F62929EE873}"
EndProject
Project("{8BC9CEB8-8B4A-11D0-8D11-00A0C91BC942}") = "Programming09", "Programming09\Programming09.vcxproj", "{8C436F2E-A06A-4AE4-9C67-06F681FE9A4E}"
EndProject
Project("{8BC9CEB8-8B4A-11D0-8D11-00A0C91BC942}") = "Programming10", "Programming10\Programming10.vcxproj", "{D2F509AF-B826-4395-94BC-E12685C526D0}"
EndProject
Global
	GlobalSection(SolutionConfigurationPlatforms) = preSolution
		Debug|x64 = Debug|x64
		Debug|x86 = Debug|x86
		Release|x64 = Release|x64
		Release|x86 = Release|x86
	EndGlobalSection
	GlobalSection(ProjectConfigurationPlatforms) = postSolution
		{111AD2F2-1C99-42E7-824D-AFA665BCFEA8}.Debug|x64.ActiveCfg = Debug|x64
		{111AD2F2-1C99-42E7-824D-AFA665BCFEA8}.Debug|x64.Build.0 = Debug|x64
		{111AD2F2-1C99-42E7-824D-AFA665BCFEA8}.Debug|x86.ActiveCfg = Debug|Win32
		{111AD2F2-1C99-42E7-824D-AFA665BCFEA8}.Debug|x86.Build.0 = Debug|Win32
		{111AD2F2-1C99-42E7-824D-AFA665BCFEA8}.Release|x64.ActiveCfg = Release|x64
		{111AD2F2-1C99-42E7-824D-AFA665BCFEA8}.Release|x64.Build.0 = Release|x64
		{111AD2F2-1C99-42E7-824D-AFA665BCFEA8}.Release|x86.ActiveCfg = Release|Win32
		{111AD2F2-1C99-42E7-824D-AFA665BCFEA8}.Release|x86.Build.0 = Release|Win32
		{BAFC5AFC-19C4-4AA8-A9B1-89DE755436F8}.Debug|x64.ActiveCfg = Debug|x64
		{BAFC5AFC-19C4-4AA8-A9B1-89DE755436F8}.Debug|x64.Build.0 = Debug|x64
		{BAFC5AFC-19C4-4AA8-A9B1-89DE755436F8}.Debug|x86.ActiveCfg = Debug|Win32
		{BAFC5AFC-19C4-4AA8-A9B1-89DE755436F8}.Debug|x86.Build.0 = Debug|Win32
		{BAFC5AFC-19C4-4AA8-A9B1-89DE755436F8}.Release|x64.ActiveCfg = Release|x64
		{BAFC5AFC-19C4-4AA8-A9B1-89DE755436F8}.Release|x64.Build.0 = Release|x64
		{BAFC5AFC-19C4-4AA8-A9B1-89DE755436F8}.Release|x86.ActiveCfg = Release|Win32
		{BAFC5AFC-19C4-4AA8-A9B1-89DE755436F8}.Release|x86.Build.0 = Release|Win32
		{530BB3C0-65C7-4D7C-B1CB-82F9EF405B26}.Debug|x64.ActiveCfg = Debug|x64
		{530BB3C0-65C7-4D7C-B1CB-82F9EF405B26}.Debug|x64.Build.0 = Debug|x64
		{530BB3C0-65C7-4D7C-B1CB-82F9EF405B26}.Debug|x86.ActiveCfg = Debug|Win32
		{530BB3C0-65C7-4D7C-B1CB-82F9EF405B26}.Debug|x86.Build.0 = Debug|Win32
		{530BB3C0-65C7-4D7C-B1CB-82F9EF405B26}.Release|x64.ActiveCfg = Release|x64
		{530BB3C0-65C7-4D7C-B1CB-82F9EF405B26}.Release|x64.Build.0 = Release|x64
		{530BB3C0-65C7-4D7C-B1CB-82F9EF405B26}.Release|x86.ActiveCfg = Release|Win32
		{530BB3C0-65C7-4D7C-B1CB-82F9EF405B26}.Release|x86.Build.0 = Release|Win32
		{A6D5024C-280D-417F-8D1B-DB27BF8B08BF}.Debug|x64.ActiveCfg = Debug|x64
		{A6D5024C-280D-417F-8D1B-DB27BF8B08BF}.Debug|x64.Build.0 = Debug|x64
		{A6D5024C-280D-417F-8D1B-DB27BF8B08BF}.Debug|x86.ActiveCfg = Debug|Win32
		{A6D5024C-280D-417F-8D1B-DB27BF8B08BF}.Debug|x86.Build.0 = Debug|Win32
		{A6D5024C-280D-417F-8D1B-DB27BF8B08BF}.Release|x64.ActiveCfg = Release|x64
		{A6D5024C-280D-417F-8D1B-DB27BF8B08BF}.Release|x64.Build.0 = Release|x64
		{A6D5024C-280D-417F-8D1B-DB27BF8B08BF}.Release|x86.ActiveCfg = Release|Win32
		{A6D5024C-280D-417F-8D1B-DB27BF8B08BF}.Release|x86.Build.0 = Release|Win32
		{8680DBB2-FAF8-4A46-A663-771C229AF16F}.Debug|x64.ActiveCfg = Debug|x64
		{8680DBB2-FAF8-4A46-A663-771C229AF16F}.Debug|x64.Build.0 = Debug|x64
		{8680DBB2-FAF8-4A46-A663-771C229AF16F}.Debug|x86.ActiveCfg = Debug|Win32
		{8680DBB2-FAF8-4A46-A663-771C229AF16F}.Debug|x86.Build.0 = Debug|Win32
		{8680DBB2-FAF8-4A46-A663-771C229AF16F}.Release|x64.ActiveCfg = Release|x64
		{8680DBB2-FAF8-4A46-A663-771C229AF16F}.Release|x64.Build.0 = Release|x64
		{8680DBB2-FAF8-4A46-A663-771C229AF16F}.Release|x86.ActiveCfg = Release|Win32
		{8680DBB2-FAF8-4A46-A663-771C229AF16F}.Release|x86.Build.0 = Release|Win32
		{1EE9ED1C-5CD3-4465-95DC-288F15374813}.Debug|x64.ActiveCfg = Debug|x64
		{1EE9ED1C-5CD3-4465-95DC-288F15374813}.Debug|x64.Build.0 = Debug|x64
		{1EE9ED1C-5CD3-4465-95DC-288F15374813}.Debug|x86.ActiveCfg = Debug|Win32
		{1EE9ED1C-5CD3-4465-95DC-288F15374813}.Debug|x86.Build.0 = Debug|Win32
		{1EE9ED1C-5CD3-4465-95DC-288F15374813}.Release|x64.ActiveCfg = Release|x64
		{1EE9ED1C-5CD3-4465-95DC-288F15374813}.Release|x64.Build.0 = Release|x64
		{1EE9ED1C-5CD3-4465-95DC-288F15374813}.Release|x86.ActiveCfg = Release|Win32
		{1EE9ED1C-5CD3-4465-95DC-288F15374813}.Release|x86.Build.0 = Release|Win32
		{51F44777-78D4-468D-B818-B457127E8FE9}.Debug|x64.ActiveCfg = Debug|x64
		{51F44777-78D4-468D-B818-B457127E8FE9}.Debug|x64.Build.0 = Debug|x64
		{51F44777-78D4-468D-B818-B457127E8FE9}.Debug|x86.ActiveCfg = Debug|Win32
		{51F44777-78D4-468D-B818-B457127E8FE9}.Debug|x86.Build.0 = Debug|Win32
		{51F44777-78D4-468D-B818-B457127E8FE9}.Release|x64.ActiveCfg = Release|x64
		{51F44777-78D4-468D-B818-B457127E8FE9}.Release|x64.Build.0 = Release|x64
		{51F44777-78D4-468D-B818-B457127E8FE9}.Release|x86.ActiveCfg = Release|Win32
		{51F44777-78D4-468D-B818-B457127E8FE9}.Release|x86.Build.0 = Release|Win32
		{52E86E33-A614-4E94-A088-5E28B3F11CBF}.Debug|x64.ActiveCfg = Debug|x64
		{52E86E33-A614-4E94-A088-5E28B3F11CBF}.Debug|x64.Build.0 = Debug|x64
		{52E86E33-A614-4E94-A088-5E28B3F11CBF}.Debug|x86.ActiveCfg = Debug|Win32
		{52E86E33-A614-4E94-A088-5E28B3F11CBF}.Debug|x86.Build.0 = Debug|Win32
		{52E86E33-A614-4E94-A088-5E28B3F11CBF}.Release|x64.ActiveCfg = Release|x64
		{52E86E33-A614-4E94-A088-5E28B3F11CBF}.Release|x64.Build.0 = Release|x64
		{52E86E33-A614-4E94-A088-5E28B3F11CBF}.Release|x86.ActiveCfg = Release|Win32
		{52E86E33-A614-4E94-A088-5E28B3F11CBF}.Release|x86.Build.0 = Release|Win32
		{04802A6C-783B-4150-8580-661C254719B7}.Debug|x64.ActiveCfg = Debug|x64
		{04802A6C-783B-4150-8580-661C254719B7}.Debug|x64.Build.0 = Debug|x64
		{04802A6C-783B-4150-8580-661C254719B7}.Debug|x86.ActiveCfg = Debug|Win32
		{04802A6C-783B-4150-8580-661C254719B7}.Debug|x86.Build.0 = Debug|Win32
		{04802A6C-783B-4150-8580-661C254719B7}.Release|x64.ActiveCfg = Release|x64
		{04802A6C-783B-4150-8580-661C254719B7}.Release|x64.Build.0 = Release|x64
		{04802A6C-783B-4150-8580-661C254719B7}.Release|x86.ActiveCfg = Release|Win32
		{04802A6C-783B-4150-8580-661C254719B7}.Release|x86.Build.0 = Release|Win32
		{76F8382B-E2CB-4ED3-8501-197706C0524E}.Debug|x64.ActiveCfg = Debug|x64
		{76F8382B-E2CB-4ED3-8501-197706C0524E}.Debug|x64.Build.0 = Debug|x64
		{76F8382B-E2CB-4ED3-8501-197706C0524E}.Debug|x86.ActiveCfg = Debug|Win32
		{76F8382B-E2CB-4ED3-8501-197706C0524E}.Debug|x86.Build.0 = Debug|Win32
		{76F8382B-E2CB-4ED3-8501-197706C0524E}.Release|x64.ActiveCfg = Release|x64
		{76F8382B-E2CB-4ED3-8501-197706C0524E}.Release|x64.Build.0 = Release|x64
		{76F8382B-E2CB-4ED3-8501-197706C0524E}.Release|x86.ActiveCfg = Release|Win32
		{76F8382B-E2CB-4ED3-8501-197706C0524E}.Release|x86.Build.0 = Release|Win32
		{495065C4-A3DF-4718-A9BE-C6635DA7F6E3}.Debug|x64.ActiveCfg = Debug|x64
		{495065C4-A3DF-4718-A9BE-C6635DA7F6E3}.Debug|x64.Build.0 = Debug|x64
		{495065C4-A3DF-4718-A9BE-C6635DA7F6E3}.Debug|x86.ActiveCfg = Debug|Win32
		{495065C4-A3DF-4718-A9BE-C6635DA7F6E3}.Debug|x86.Build.0 = Debug|Win32
		{495065C4-A3DF-4718-A9BE-C6635DA7F6E3}.Release|x64.ActiveCfg = Release|x64
		{495065C4-A3DF-4718-A9BE-C6635DA7F6E3}.Release|x64.Build.0 = Release|x64
		{495065C4-A3DF-4718-A9BE-C6635DA7F6E3}.Release|x86.ActiveCfg = Release|Win32
		{495065C4-A3DF-4718-A9BE-C6635DA7F6E3}.Release|x86.Build.0 = Release|Win32
		{A1E74D83-3102-464F-84E2-01CF5A4DC6AD}.Debug|x64.ActiveCfg = Debug|x64
		{A1E74D83-3102-464F-84E2-01CF5A4DC6AD}.Debug|x64.Build.0 = Debug|x64
		{A1E74D83-3102-464F-84E2-01CF5A4DC6AD}.Debug|x86.ActiveCfg = Debug|Win32
		{A1E74D83-3102-464F-84E2-01CF5A4DC6AD}.Debug|x86.Build.0 = Debug|Win32
		{A1E74D83-3102-464F-84E2-01CF5A4DC6AD}.Release|x64.ActiveCfg = Release|x64
		{A1E74D83-3102-464F-84E2-01CF5A4DC6AD}.Release|x64.Build.0 = Release|x64
		{A1E74D83-3102-464F-84E2-01CF5A4DC6AD}.Release|x86.ActiveCfg = Release|Win32
		{A1E74D83-3102-464F-84E2-01CF5A4DC6AD}.Release|x86.Build.0 = Release|Win32
		{720E8F56-FD92-47F7-83BA-0CF8C812E30E}.Debug|x64.ActiveCfg = Debug|x64
		{720E8F56-FD92-47F7-83BA-0CF8C812E30E}.Debug|x64.Build.0 = Debug|x64
		{720E8F56-FD92-47F7-83BA-0CF8C812E30E}.Debug|x86.ActiveCfg = Debug|Win32
		{720E8F56-FD92-47F7-83BA-0CF8C812E30E}.Debug|x86.Build.0 = Debug|Win32
		{720E8F56-FD92-47F7-83BA-0CF8C812E30E}.Release|x64.ActiveCfg = Release|x64
		{720E8F56-FD92-47F7-83BA-0CF8C812E30E}.Release|x64.Build.0 = Release|x64
		{720E8F56-FD92-47F7-83BA-0CF8C812E30E}.Release|x86.ActiveCfg = Release|Win32
		{720E8F56-FD92-47F7-83BA-0CF8C812E30E}.Release|x86.Build.0 = Release|Win32
		{F6A6C40C-F960-42F8-93BB-88676A507E28}.Debug|x64.ActiveCfg = Debug|x64
		{F6A6C40C-F960-42F8-93BB-88676A507E28}.Debug|x64.Build.0 = Debug|x64
		{F6A6C40C-F960-42F8-93BB-88676A507E28}.Debug|x86.ActiveCfg = Debug|Win32
		{F6A6C40C-F960-42F8-93BB-88676A507E28}.Debug|x86.Build.0 = Debug|Win32
		{F6A6C40C-F960-42F8-93BB-88676A507E28}.Release|x64.ActiveCfg = Release|x64
		{F6A6C40C-F960-42F8-93BB-88676A507E28}.Release|x64.Build.0 = Release|x64
		{F6A6C40C-F960-42F8-93BB-88676A507E28}.Release|x86.ActiveCfg = Release|Win32
		{F6A6C40C-F960-42F8-93BB-88676A507E28}.Release|x86.Build.0 = Release|Win32
		{872B224D-EF52-4684-A472-E2481D1C589B}.Debug|x64.ActiveCfg = Debug|x64
		{872B224D-EF52-4684-A472-E2481D1C589B}.Debug|x64.Build.0 = Debug|x64
		{872B224D-EF52-4684-A472-E2481D1C589B}.Debug|x86.ActiveCfg = Debug|Win32
		{872B224D-EF52-4684-A472-E2481D1C589B}.Debug|x86.Build.0 = Debug|Win32
		{872B224D-EF52-4684-A472-E2481D1C589B}.Release|x64.ActiveCfg = Release|x64
		{872B224D-EF52-4684-A472-E2481D1C589B}.Release|x64.Build.0 = Release|x64
		{872B224D-EF52-4684-A472-E2481D1C589B}.Release|x86.ActiveCfg = Release|Win32
		{872B224D-EF52-4684-A472-E2481D1C589B}.Release|x86.Build.0 = Release|Win32
		{A22F26D9-B50A-4264-A372-2F62929EE873}.Debug|x64.ActiveCfg = Debug|x64
		{A22F26D9-B50A-4264-A372-2F62929EE873}.Debug|x64.Build.0 = Debug|x64
		{A22F26D9-B50A-4264-A372-2F62929EE873}.Debug|x86.ActiveCfg = Debug|Win32
		{A22F26D9-B50A-4264-A372-2F62929EE873}.Debug|x86.Build.0 = Debug|Win32
		{A22F26D9-B50A-4264-A372-2F62929EE873}.Release|x64.ActiveCfg = Release|x64
		{A22F26D9-B50A-4264-A372-2F62929EE873}.Release|x64.Build.0 = Release|x64
		{A22F26D9-B50A-4264-A372-2F62929EE873}.Release|x86.ActiveCfg = Release|Win32
		{A22F26D9-B50A-4264-A372-2F62929EE873}.Release|x86.Build.0 = Release|Win32
		{8C436F2E-A06A-4AE4-9C67-06F681FE9A4E}.Debug|x64.ActiveCfg = Debug|x64
		{8C436F2E-A06A-4AE4-9C67-06F681FE9A4E}.Debug|x64.Build.0 = Debug|x64
		{8C436F2E-A06A-4AE4-9C67-06F681FE9A4E}.Debug|x86.ActiveCfg = Debug|Win32
		{8C436F2E-A06A-4AE4-9C67-06F681FE9A4E}.Debug|x86.Build.0 = Debug|Win32
		{8C436F2E-A06A-4AE4-9C67-06F681FE9A4E}.Release|x64.ActiveCfg = Release|x64
		{8C436F2E-A06A-4AE4-9C67-06F681FE9A4E}.Release|x64.Build.0 = Release|x64
		{8C436F2E-A06A-4AE4-9C67-06F681FE9A4E}.Release|x86.ActiveCfg = Release|Win32
		{8C436F2E-A06A-4AE4-9C67-06F681FE9A4E}.Release|x86.Build.0 = Release|Win32
		{D2F509AF-B826-4395-94BC-E12685C526D0}.Debug|x64.ActiveCfg = Debug|x64
		{D2F509AF-B826-4395-94BC-E12685C526D0}.Debug|x64.Build.0 = Debug|x64
		{D2F509AF-B826-4395-94BC-E12685C526D0}.Debug|x86.ActiveCfg = Debug|Win32
		{D2F509AF-B826-4395-94BC-E12685C526D0}.Debug|x86.Build.0 = Debug|Win32
		{D2F509AF-B826-4395-94BC-E12685C526D0}.Release|x64.ActiveCfg = Release|x64
		{D2F509AF-B826-4395-94BC-E12685C526D0}.Release|x64.Build.0 = Release|x64
		{D2F509AF-B826-4395-94BC-E12685C526D0}.Release|x86.ActiveCfg = Release|Win32
		{D2F509AF-B826-4395-94BC-E12685C526D0}.Release|x86.Build.0 = Release|Win32
	EndGlobalSection
	GlobalSection(SolutionProperties) = preSolution
		HideSolutionNode = FALSE
	EndGlobalSection
	GlobalSection(ExtensibilityGlobals) = postSolution
		SolutionGuid = {FD6BA4E6-33EA-4E3C-A436-827DA5657249}
	EndGlobalSection
EndGlobal
