
Microsoft Visual Studio Solution File, Format Version 12.00
# Visual Studio Version 17
VisualStudioVersion = 17.11.35312.102
MinimumVisualStudioVersion = 10.0.40219.1
Project("{8BC9CEB8-8B4A-11D0-8D11-00A0C91BC942}") = "Drill01", "Drill01\Drill01.vcxproj", "{47EF30B3-0DCA-47F6-B386-9540EF6F73F9}"
EndProject
Project("{8BC9CEB8-8B4A-11D0-8D11-00A0C91BC942}") = "Drill02", "Drill02\Drill02.vcxproj", "{DC366CD0-48FD-484C-ABA2-1374C82D0C4C}"
EndProject
Project("{8BC9CEB8-8B4A-11D0-8D11-00A0C91BC942}") = "Drill03", "Drill03\Drill03.vcxproj", "{ED7C0BBF-95C8-48D1-B3ED-9BFCE8618528}"
EndProject
Project("{8BC9CEB8-8B4A-11D0-8D11-00A0C91BC942}") = "Drill04", "Drill04\Drill04.vcxproj", "{7F463494-E911-4A98-934E-A08BAC65ACF4}"
EndProject
Project("{8BC9CEB8-8B4A-11D0-8D11-00A0C91BC942}") = "LAB1", "LAB1\LAB1.vcxproj", "{EDA95FC5-213C-4E77-B2C1-BB4D501504C1}"
EndProject
Project("{8BC9CEB8-8B4A-11D0-8D11-00A0C91BC942}") = "Drill05", "Drill05\Drill05.vcxproj", "{4BEC9BB8-B5D0-43E2-B9D6-76C2020DD36B}"
EndProject
Project("{8BC9CEB8-8B4A-11D0-8D11-00A0C91BC942}") = "Drill06", "Drill06\Drill06.vcxproj", "{167BE59A-4183-4157-AD35-468D08E2F1A0}"
EndProject
Project("{8BC9CEB8-8B4A-11D0-8D11-00A0C91BC942}") = "Drill07", "Drill07\Drill07.vcxproj", "{357F216E-558D-4DD7-AFC7-560762C4F16E}"
EndProject
Project("{8BC9CEB8-8B4A-11D0-8D11-00A0C91BC942}") = "Drill08", "Drill08\Drill08.vcxproj", "{1796B123-F2F3-448D-9453-00F7E6EA28DE}"
EndProject
Project("{8BC9CEB8-8B4A-11D0-8D11-00A0C91BC942}") = "Drill09", "Drill09\Drill09.vcxproj", "{CFCCA86E-D28B-4152-84B9-E6C56A21790E}"
EndProject
Project("{8BC9CEB8-8B4A-11D0-8D11-00A0C91BC942}") = "LAB2", "LAB2\LAB2.vcxproj", "{952D2A8A-DFFF-4230-A7D4-CC5D25C81522}"
EndProject
Project("{8BC9CEB8-8B4A-11D0-8D11-00A0C91BC942}") = "Drill10", "Drill10\Drill10.vcxproj", "{81AD493A-BF56-4369-8788-DB0D870DF4C3}"
EndProject
Project("{8BC9CEB8-8B4A-11D0-8D11-00A0C91BC942}") = "Drill11", "Drill11\Drill11.vcxproj", "{22C8B422-6EE8-47DB-9F09-26CCCEA099AA}"
EndProject
Project("{8BC9CEB8-8B4A-11D0-8D11-00A0C91BC942}") = "Drill12", "Drill12\Drill12.vcxproj", "{1A6A9B77-6772-4D73-945F-D5C2F7EC57AE}"
EndProject
Project("{8BC9CEB8-8B4A-11D0-8D11-00A0C91BC942}") = "LAB3", "LAB3\LAB3.vcxproj", "{51B927FC-0891-4098-8611-EB964CFE8F15}"
EndProject
Project("{8BC9CEB8-8B4A-11D0-8D11-00A0C91BC942}") = "LAB4", "LAB4\LAB4.vcxproj", "{F732E0FA-F58E-4E22-8674-30D01F83E84C}"
EndProject
Project("{8BC9CEB8-8B4A-11D0-8D11-00A0C91BC942}") = "Drill13", "Drill13\Drill13.vcxproj", "{61730B89-FA99-4518-AFA4-3BC87B733540}"
EndProject
Project("{8BC9CEB8-8B4A-11D0-8D11-00A0C91BC942}") = "Drill14", "Drill14\Drill14.vcxproj", "{22660996-AF7C-48F4-93CA-8B2AF2FE5904}"
EndProject
Project("{8BC9CEB8-8B4A-11D0-8D11-00A0C91BC942}") = "Drill15", "Drill15\Drill15.vcxproj", "{733020F8-06F6-473F-A95D-48B0905C1286}"
EndProject
Project("{8BC9CEB8-8B4A-11D0-8D11-00A0C91BC942}") = "LAB5", "LAB5\LAB5.vcxproj", "{E130F82A-57BF-4C06-97DF-BAFDA30C2119}"
EndProject
Project("{8BC9CEB8-8B4A-11D0-8D11-00A0C91BC942}") = "Programming01", "Programming01\Programming01.vcxproj", "{73E4B48B-3F35-4BD9-9AA5-39B48A00859B}"
EndProject
Project("{8BC9CEB8-8B4A-11D0-8D11-00A0C91BC942}") = "Programming02", "Programming02\Programming02.vcxproj", "{67D19AD2-D831-4758-ADEF-E3550E102585}"
EndProject
Project("{8BC9CEB8-8B4A-11D0-8D11-00A0C91BC942}") = "Programming03", "Programming03\Programming03.vcxproj", "{E8CFEDC7-9C19-4BAC-8AC9-E31EAC11A83E}"
EndProject
Project("{8BC9CEB8-8B4A-11D0-8D11-00A0C91BC942}") = "Programming04", "Programming04\Programming04.vcxproj", "{250265E3-3EC7-4CEB-B358-9C4822FB120A}"
EndProject
Project("{8BC9CEB8-8B4A-11D0-8D11-00A0C91BC942}") = "Programming05", "Programming05\Programming05.vcxproj", "{EEA3A938-8D7C-4FB0-BC56-72FA8654A286}"
EndProject
Project("{8BC9CEB8-8B4A-11D0-8D11-00A0C91BC942}") = "Programming06", "Programming06\Programming06.vcxproj", "{24187E53-BDAD-446D-B5FB-DCE85CDEFB74}"
EndProject
Project("{8BC9CEB8-8B4A-11D0-8D11-00A0C91BC942}") = "Programming07", "Programming07\Programming07.vcxproj", "{6B97AE8C-3CCB-4F16-9BD8-EB7DFCB3258F}"
EndProject
Project("{8BC9CEB8-8B4A-11D0-8D11-00A0C91BC942}") = "Programming08", "Programming08\Programming08.vcxproj", "{7EBC0572-5200-4D7B-AF56-F275D4CAD8AF}"
EndProject
Project("{8BC9CEB8-8B4A-11D0-8D11-00A0C91BC942}") = "Programming09", "Programming09\Programming09.vcxproj", "{F31D5651-BC4C-4CD2-A5EF-29AB3A30CA97}"
EndProject
Project("{8BC9CEB8-8B4A-11D0-8D11-00A0C91BC942}") = "Programming10", "Programming10\Programming10.vcxproj", "{4BB3241D-CDE3-4FB1-A4E3-1901495188D5}"
EndProject
Project("{8BC9CEB8-8B4A-11D0-8D11-00A0C91BC942}") = "Programming11", "Programming11\Programming11.vcxproj", "{2F6F59CA-498E-4BF3-AA6C-49D804822037}"
EndProject
Project("{8BC9CEB8-8B4A-11D0-8D11-00A0C91BC942}") = "Programming12", "Programming12\Programming12.vcxproj", "{C27C2B22-6E6D-48D4-9F55-680647B27752}"
EndProject
Global
	GlobalSection(SolutionConfigurationPlatforms) = preSolution
		Debug|x64 = Debug|x64
		Debug|x86 = Debug|x86
		Release|x64 = Release|x64
		Release|x86 = Release|x86
	EndGlobalSection
	GlobalSection(ProjectConfigurationPlatforms) = postSolution
		{47EF30B3-0DCA-47F6-B386-9540EF6F73F9}.Debug|x64.ActiveCfg = Debug|x64
		{47EF30B3-0DCA-47F6-B386-9540EF6F73F9}.Debug|x64.Build.0 = Debug|x64
		{47EF30B3-0DCA-47F6-B386-9540EF6F73F9}.Debug|x86.ActiveCfg = Debug|Win32
		{47EF30B3-0DCA-47F6-B386-9540EF6F73F9}.Debug|x86.Build.0 = Debug|Win32
		{47EF30B3-0DCA-47F6-B386-9540EF6F73F9}.Release|x64.ActiveCfg = Release|x64
		{47EF30B3-0DCA-47F6-B386-9540EF6F73F9}.Release|x64.Build.0 = Release|x64
		{47EF30B3-0DCA-47F6-B386-9540EF6F73F9}.Release|x86.ActiveCfg = Release|Win32
		{47EF30B3-0DCA-47F6-B386-9540EF6F73F9}.Release|x86.Build.0 = Release|Win32
		{DC366CD0-48FD-484C-ABA2-1374C82D0C4C}.Debug|x64.ActiveCfg = Debug|x64
		{DC366CD0-48FD-484C-ABA2-1374C82D0C4C}.Debug|x64.Build.0 = Debug|x64
		{DC366CD0-48FD-484C-ABA2-1374C82D0C4C}.Debug|x86.ActiveCfg = Debug|Win32
		{DC366CD0-48FD-484C-ABA2-1374C82D0C4C}.Debug|x86.Build.0 = Debug|Win32
		{DC366CD0-48FD-484C-ABA2-1374C82D0C4C}.Release|x64.ActiveCfg = Release|x64
		{DC366CD0-48FD-484C-ABA2-1374C82D0C4C}.Release|x64.Build.0 = Release|x64
		{DC366CD0-48FD-484C-ABA2-1374C82D0C4C}.Release|x86.ActiveCfg = Release|Win32
		{DC366CD0-48FD-484C-ABA2-1374C82D0C4C}.Release|x86.Build.0 = Release|Win32
		{ED7C0BBF-95C8-48D1-B3ED-9BFCE8618528}.Debug|x64.ActiveCfg = Debug|x64
		{ED7C0BBF-95C8-48D1-B3ED-9BFCE8618528}.Debug|x64.Build.0 = Debug|x64
		{ED7C0BBF-95C8-48D1-B3ED-9BFCE8618528}.Debug|x86.ActiveCfg = Debug|Win32
		{ED7C0BBF-95C8-48D1-B3ED-9BFCE8618528}.Debug|x86.Build.0 = Debug|Win32
		{ED7C0BBF-95C8-48D1-B3ED-9BFCE8618528}.Release|x64.ActiveCfg = Release|x64
		{ED7C0BBF-95C8-48D1-B3ED-9BFCE8618528}.Release|x64.Build.0 = Release|x64
		{ED7C0BBF-95C8-48D1-B3ED-9BFCE8618528}.Release|x86.ActiveCfg = Release|Win32
		{ED7C0BBF-95C8-48D1-B3ED-9BFCE8618528}.Release|x86.Build.0 = Release|Win32
		{7F463494-E911-4A98-934E-A08BAC65ACF4}.Debug|x64.ActiveCfg = Debug|x64
		{7F463494-E911-4A98-934E-A08BAC65ACF4}.Debug|x64.Build.0 = Debug|x64
		{7F463494-E911-4A98-934E-A08BAC65ACF4}.Debug|x86.ActiveCfg = Debug|Win32
		{7F463494-E911-4A98-934E-A08BAC65ACF4}.Debug|x86.Build.0 = Debug|Win32
		{7F463494-E911-4A98-934E-A08BAC65ACF4}.Release|x64.ActiveCfg = Release|x64
		{7F463494-E911-4A98-934E-A08BAC65ACF4}.Release|x64.Build.0 = Release|x64
		{7F463494-E911-4A98-934E-A08BAC65ACF4}.Release|x86.ActiveCfg = Release|Win32
		{7F463494-E911-4A98-934E-A08BAC65ACF4}.Release|x86.Build.0 = Release|Win32
		{EDA95FC5-213C-4E77-B2C1-BB4D501504C1}.Debug|x64.ActiveCfg = Debug|x64
		{EDA95FC5-213C-4E77-B2C1-BB4D501504C1}.Debug|x64.Build.0 = Debug|x64
		{EDA95FC5-213C-4E77-B2C1-BB4D501504C1}.Debug|x86.ActiveCfg = Debug|Win32
		{EDA95FC5-213C-4E77-B2C1-BB4D501504C1}.Debug|x86.Build.0 = Debug|Win32
		{EDA95FC5-213C-4E77-B2C1-BB4D501504C1}.Release|x64.ActiveCfg = Release|x64
		{EDA95FC5-213C-4E77-B2C1-BB4D501504C1}.Release|x64.Build.0 = Release|x64
		{EDA95FC5-213C-4E77-B2C1-BB4D501504C1}.Release|x86.ActiveCfg = Release|Win32
		{EDA95FC5-213C-4E77-B2C1-BB4D501504C1}.Release|x86.Build.0 = Release|Win32
		{4BEC9BB8-B5D0-43E2-B9D6-76C2020DD36B}.Debug|x64.ActiveCfg = Debug|x64
		{4BEC9BB8-B5D0-43E2-B9D6-76C2020DD36B}.Debug|x64.Build.0 = Debug|x64
		{4BEC9BB8-B5D0-43E2-B9D6-76C2020DD36B}.Debug|x86.ActiveCfg = Debug|Win32
		{4BEC9BB8-B5D0-43E2-B9D6-76C2020DD36B}.Debug|x86.Build.0 = Debug|Win32
		{4BEC9BB8-B5D0-43E2-B9D6-76C2020DD36B}.Release|x64.ActiveCfg = Release|x64
		{4BEC9BB8-B5D0-43E2-B9D6-76C2020DD36B}.Release|x64.Build.0 = Release|x64
		{4BEC9BB8-B5D0-43E2-B9D6-76C2020DD36B}.Release|x86.ActiveCfg = Release|Win32
		{4BEC9BB8-B5D0-43E2-B9D6-76C2020DD36B}.Release|x86.Build.0 = Release|Win32
		{167BE59A-4183-4157-AD35-468D08E2F1A0}.Debug|x64.ActiveCfg = Debug|x64
		{167BE59A-4183-4157-AD35-468D08E2F1A0}.Debug|x64.Build.0 = Debug|x64
		{167BE59A-4183-4157-AD35-468D08E2F1A0}.Debug|x86.ActiveCfg = Debug|Win32
		{167BE59A-4183-4157-AD35-468D08E2F1A0}.Debug|x86.Build.0 = Debug|Win32
		{167BE59A-4183-4157-AD35-468D08E2F1A0}.Release|x64.ActiveCfg = Release|x64
		{167BE59A-4183-4157-AD35-468D08E2F1A0}.Release|x64.Build.0 = Release|x64
		{167BE59A-4183-4157-AD35-468D08E2F1A0}.Release|x86.ActiveCfg = Release|Win32
		{167BE59A-4183-4157-AD35-468D08E2F1A0}.Release|x86.Build.0 = Release|Win32
		{357F216E-558D-4DD7-AFC7-560762C4F16E}.Debug|x64.ActiveCfg = Debug|x64
		{357F216E-558D-4DD7-AFC7-560762C4F16E}.Debug|x64.Build.0 = Debug|x64
		{357F216E-558D-4DD7-AFC7-560762C4F16E}.Debug|x86.ActiveCfg = Debug|Win32
		{357F216E-558D-4DD7-AFC7-560762C4F16E}.Debug|x86.Build.0 = Debug|Win32
		{357F216E-558D-4DD7-AFC7-560762C4F16E}.Release|x64.ActiveCfg = Release|x64
		{357F216E-558D-4DD7-AFC7-560762C4F16E}.Release|x64.Build.0 = Release|x64
		{357F216E-558D-4DD7-AFC7-560762C4F16E}.Release|x86.ActiveCfg = Release|Win32
		{357F216E-558D-4DD7-AFC7-560762C4F16E}.Release|x86.Build.0 = Release|Win32
		{1796B123-F2F3-448D-9453-00F7E6EA28DE}.Debug|x64.ActiveCfg = Debug|x64
		{1796B123-F2F3-448D-9453-00F7E6EA28DE}.Debug|x64.Build.0 = Debug|x64
		{1796B123-F2F3-448D-9453-00F7E6EA28DE}.Debug|x86.ActiveCfg = Debug|Win32
		{1796B123-F2F3-448D-9453-00F7E6EA28DE}.Debug|x86.Build.0 = Debug|Win32
		{1796B123-F2F3-448D-9453-00F7E6EA28DE}.Release|x64.ActiveCfg = Release|x64
		{1796B123-F2F3-448D-9453-00F7E6EA28DE}.Release|x64.Build.0 = Release|x64
		{1796B123-F2F3-448D-9453-00F7E6EA28DE}.Release|x86.ActiveCfg = Release|Win32
		{1796B123-F2F3-448D-9453-00F7E6EA28DE}.Release|x86.Build.0 = Release|Win32
		{CFCCA86E-D28B-4152-84B9-E6C56A21790E}.Debug|x64.ActiveCfg = Debug|x64
		{CFCCA86E-D28B-4152-84B9-E6C56A21790E}.Debug|x64.Build.0 = Debug|x64
		{CFCCA86E-D28B-4152-84B9-E6C56A21790E}.Debug|x86.ActiveCfg = Debug|Win32
		{CFCCA86E-D28B-4152-84B9-E6C56A21790E}.Debug|x86.Build.0 = Debug|Win32
		{CFCCA86E-D28B-4152-84B9-E6C56A21790E}.Release|x64.ActiveCfg = Release|x64
		{CFCCA86E-D28B-4152-84B9-E6C56A21790E}.Release|x64.Build.0 = Release|x64
		{CFCCA86E-D28B-4152-84B9-E6C56A21790E}.Release|x86.ActiveCfg = Release|Win32
		{CFCCA86E-D28B-4152-84B9-E6C56A21790E}.Release|x86.Build.0 = Release|Win32
		{952D2A8A-DFFF-4230-A7D4-CC5D25C81522}.Debug|x64.ActiveCfg = Debug|x64
		{952D2A8A-DFFF-4230-A7D4-CC5D25C81522}.Debug|x64.Build.0 = Debug|x64
		{952D2A8A-DFFF-4230-A7D4-CC5D25C81522}.Debug|x86.ActiveCfg = Debug|Win32
		{952D2A8A-DFFF-4230-A7D4-CC5D25C81522}.Debug|x86.Build.0 = Debug|Win32
		{952D2A8A-DFFF-4230-A7D4-CC5D25C81522}.Release|x64.ActiveCfg = Release|x64
		{952D2A8A-DFFF-4230-A7D4-CC5D25C81522}.Release|x64.Build.0 = Release|x64
		{952D2A8A-DFFF-4230-A7D4-CC5D25C81522}.Release|x86.ActiveCfg = Release|Win32
		{952D2A8A-DFFF-4230-A7D4-CC5D25C81522}.Release|x86.Build.0 = Release|Win32
		{81AD493A-BF56-4369-8788-DB0D870DF4C3}.Debug|x64.ActiveCfg = Debug|x64
		{81AD493A-BF56-4369-8788-DB0D870DF4C3}.Debug|x64.Build.0 = Debug|x64
		{81AD493A-BF56-4369-8788-DB0D870DF4C3}.Debug|x86.ActiveCfg = Debug|Win32
		{81AD493A-BF56-4369-8788-DB0D870DF4C3}.Debug|x86.Build.0 = Debug|Win32
		{81AD493A-BF56-4369-8788-DB0D870DF4C3}.Release|x64.ActiveCfg = Release|x64
		{81AD493A-BF56-4369-8788-DB0D870DF4C3}.Release|x64.Build.0 = Release|x64
		{81AD493A-BF56-4369-8788-DB0D870DF4C3}.Release|x86.ActiveCfg = Release|Win32
		{81AD493A-BF56-4369-8788-DB0D870DF4C3}.Release|x86.Build.0 = Release|Win32
		{22C8B422-6EE8-47DB-9F09-26CCCEA099AA}.Debug|x64.ActiveCfg = Debug|x64
		{22C8B422-6EE8-47DB-9F09-26CCCEA099AA}.Debug|x64.Build.0 = Debug|x64
		{22C8B422-6EE8-47DB-9F09-26CCCEA099AA}.Debug|x86.ActiveCfg = Debug|Win32
		{22C8B422-6EE8-47DB-9F09-26CCCEA099AA}.Debug|x86.Build.0 = Debug|Win32
		{22C8B422-6EE8-47DB-9F09-26CCCEA099AA}.Release|x64.ActiveCfg = Release|x64
		{22C8B422-6EE8-47DB-9F09-26CCCEA099AA}.Release|x64.Build.0 = Release|x64
		{22C8B422-6EE8-47DB-9F09-26CCCEA099AA}.Release|x86.ActiveCfg = Release|Win32
		{22C8B422-6EE8-47DB-9F09-26CCCEA099AA}.Release|x86.Build.0 = Release|Win32
		{1A6A9B77-6772-4D73-945F-D5C2F7EC57AE}.Debug|x64.ActiveCfg = Debug|x64
		{1A6A9B77-6772-4D73-945F-D5C2F7EC57AE}.Debug|x64.Build.0 = Debug|x64
		{1A6A9B77-6772-4D73-945F-D5C2F7EC57AE}.Debug|x86.ActiveCfg = Debug|Win32
		{1A6A9B77-6772-4D73-945F-D5C2F7EC57AE}.Debug|x86.Build.0 = Debug|Win32
		{1A6A9B77-6772-4D73-945F-D5C2F7EC57AE}.Release|x64.ActiveCfg = Release|x64
		{1A6A9B77-6772-4D73-945F-D5C2F7EC57AE}.Release|x64.Build.0 = Release|x64
		{1A6A9B77-6772-4D73-945F-D5C2F7EC57AE}.Release|x86.ActiveCfg = Release|Win32
		{1A6A9B77-6772-4D73-945F-D5C2F7EC57AE}.Release|x86.Build.0 = Release|Win32
		{51B927FC-0891-4098-8611-EB964CFE8F15}.Debug|x64.ActiveCfg = Debug|x64
		{51B927FC-0891-4098-8611-EB964CFE8F15}.Debug|x64.Build.0 = Debug|x64
		{51B927FC-0891-4098-8611-EB964CFE8F15}.Debug|x86.ActiveCfg = Debug|Win32
		{51B927FC-0891-4098-8611-EB964CFE8F15}.Debug|x86.Build.0 = Debug|Win32
		{51B927FC-0891-4098-8611-EB964CFE8F15}.Release|x64.ActiveCfg = Release|x64
		{51B927FC-0891-4098-8611-EB964CFE8F15}.Release|x64.Build.0 = Release|x64
		{51B927FC-0891-4098-8611-EB964CFE8F15}.Release|x86.ActiveCfg = Release|Win32
		{51B927FC-0891-4098-8611-EB964CFE8F15}.Release|x86.Build.0 = Release|Win32
		{F732E0FA-F58E-4E22-8674-30D01F83E84C}.Debug|x64.ActiveCfg = Debug|x64
		{F732E0FA-F58E-4E22-8674-30D01F83E84C}.Debug|x64.Build.0 = Debug|x64
		{F732E0FA-F58E-4E22-8674-30D01F83E84C}.Debug|x86.ActiveCfg = Debug|Win32
		{F732E0FA-F58E-4E22-8674-30D01F83E84C}.Debug|x86.Build.0 = Debug|Win32
		{F732E0FA-F58E-4E22-8674-30D01F83E84C}.Release|x64.ActiveCfg = Release|x64
		{F732E0FA-F58E-4E22-8674-30D01F83E84C}.Release|x64.Build.0 = Release|x64
		{F732E0FA-F58E-4E22-8674-30D01F83E84C}.Release|x86.ActiveCfg = Release|Win32
		{F732E0FA-F58E-4E22-8674-30D01F83E84C}.Release|x86.Build.0 = Release|Win32
		{61730B89-FA99-4518-AFA4-3BC87B733540}.Debug|x64.ActiveCfg = Debug|x64
		{61730B89-FA99-4518-AFA4-3BC87B733540}.Debug|x64.Build.0 = Debug|x64
		{61730B89-FA99-4518-AFA4-3BC87B733540}.Debug|x86.ActiveCfg = Debug|Win32
		{61730B89-FA99-4518-AFA4-3BC87B733540}.Debug|x86.Build.0 = Debug|Win32
		{61730B89-FA99-4518-AFA4-3BC87B733540}.Release|x64.ActiveCfg = Release|x64
		{61730B89-FA99-4518-AFA4-3BC87B733540}.Release|x64.Build.0 = Release|x64
		{61730B89-FA99-4518-AFA4-3BC87B733540}.Release|x86.ActiveCfg = Release|Win32
		{61730B89-FA99-4518-AFA4-3BC87B733540}.Release|x86.Build.0 = Release|Win32
		{22660996-AF7C-48F4-93CA-8B2AF2FE5904}.Debug|x64.ActiveCfg = Debug|x64
		{22660996-AF7C-48F4-93CA-8B2AF2FE5904}.Debug|x64.Build.0 = Debug|x64
		{22660996-AF7C-48F4-93CA-8B2AF2FE5904}.Debug|x86.ActiveCfg = Debug|Win32
		{22660996-AF7C-48F4-93CA-8B2AF2FE5904}.Debug|x86.Build.0 = Debug|Win32
		{22660996-AF7C-48F4-93CA-8B2AF2FE5904}.Release|x64.ActiveCfg = Release|x64
		{22660996-AF7C-48F4-93CA-8B2AF2FE5904}.Release|x64.Build.0 = Release|x64
		{22660996-AF7C-48F4-93CA-8B2AF2FE5904}.Release|x86.ActiveCfg = Release|Win32
		{22660996-AF7C-48F4-93CA-8B2AF2FE5904}.Release|x86.Build.0 = Release|Win32
		{733020F8-06F6-473F-A95D-48B0905C1286}.Debug|x64.ActiveCfg = Debug|x64
		{733020F8-06F6-473F-A95D-48B0905C1286}.Debug|x64.Build.0 = Debug|x64
		{733020F8-06F6-473F-A95D-48B0905C1286}.Debug|x86.ActiveCfg = Debug|Win32
		{733020F8-06F6-473F-A95D-48B0905C1286}.Debug|x86.Build.0 = Debug|Win32
		{733020F8-06F6-473F-A95D-48B0905C1286}.Release|x64.ActiveCfg = Release|x64
		{733020F8-06F6-473F-A95D-48B0905C1286}.Release|x64.Build.0 = Release|x64
		{733020F8-06F6-473F-A95D-48B0905C1286}.Release|x86.ActiveCfg = Release|Win32
		{733020F8-06F6-473F-A95D-48B0905C1286}.Release|x86.Build.0 = Release|Win32
		{E130F82A-57BF-4C06-97DF-BAFDA30C2119}.Debug|x64.ActiveCfg = Debug|x64
		{E130F82A-57BF-4C06-97DF-BAFDA30C2119}.Debug|x64.Build.0 = Debug|x64
		{E130F82A-57BF-4C06-97DF-BAFDA30C2119}.Debug|x86.ActiveCfg = Debug|Win32
		{E130F82A-57BF-4C06-97DF-BAFDA30C2119}.Debug|x86.Build.0 = Debug|Win32
		{E130F82A-57BF-4C06-97DF-BAFDA30C2119}.Release|x64.ActiveCfg = Release|x64
		{E130F82A-57BF-4C06-97DF-BAFDA30C2119}.Release|x64.Build.0 = Release|x64
		{E130F82A-57BF-4C06-97DF-BAFDA30C2119}.Release|x86.ActiveCfg = Release|Win32
		{E130F82A-57BF-4C06-97DF-BAFDA30C2119}.Release|x86.Build.0 = Release|Win32
		{73E4B48B-3F35-4BD9-9AA5-39B48A00859B}.Debug|x64.ActiveCfg = Debug|x64
		{73E4B48B-3F35-4BD9-9AA5-39B48A00859B}.Debug|x64.Build.0 = Debug|x64
		{73E4B48B-3F35-4BD9-9AA5-39B48A00859B}.Debug|x86.ActiveCfg = Debug|Win32
		{73E4B48B-3F35-4BD9-9AA5-39B48A00859B}.Debug|x86.Build.0 = Debug|Win32
		{73E4B48B-3F35-4BD9-9AA5-39B48A00859B}.Release|x64.ActiveCfg = Release|x64
		{73E4B48B-3F35-4BD9-9AA5-39B48A00859B}.Release|x64.Build.0 = Release|x64
		{73E4B48B-3F35-4BD9-9AA5-39B48A00859B}.Release|x86.ActiveCfg = Release|Win32
		{73E4B48B-3F35-4BD9-9AA5-39B48A00859B}.Release|x86.Build.0 = Release|Win32
		{67D19AD2-D831-4758-ADEF-E3550E102585}.Debug|x64.ActiveCfg = Debug|x64
		{67D19AD2-D831-4758-ADEF-E3550E102585}.Debug|x64.Build.0 = Debug|x64
		{67D19AD2-D831-4758-ADEF-E3550E102585}.Debug|x86.ActiveCfg = Debug|Win32
		{67D19AD2-D831-4758-ADEF-E3550E102585}.Debug|x86.Build.0 = Debug|Win32
		{67D19AD2-D831-4758-ADEF-E3550E102585}.Release|x64.ActiveCfg = Release|x64
		{67D19AD2-D831-4758-ADEF-E3550E102585}.Release|x64.Build.0 = Release|x64
		{67D19AD2-D831-4758-ADEF-E3550E102585}.Release|x86.ActiveCfg = Release|Win32
		{67D19AD2-D831-4758-ADEF-E3550E102585}.Release|x86.Build.0 = Release|Win32
		{E8CFEDC7-9C19-4BAC-8AC9-E31EAC11A83E}.Debug|x64.ActiveCfg = Debug|x64
		{E8CFEDC7-9C19-4BAC-8AC9-E31EAC11A83E}.Debug|x64.Build.0 = Debug|x64
		{E8CFEDC7-9C19-4BAC-8AC9-E31EAC11A83E}.Debug|x86.ActiveCfg = Debug|Win32
		{E8CFEDC7-9C19-4BAC-8AC9-E31EAC11A83E}.Debug|x86.Build.0 = Debug|Win32
		{E8CFEDC7-9C19-4BAC-8AC9-E31EAC11A83E}.Release|x64.ActiveCfg = Release|x64
		{E8CFEDC7-9C19-4BAC-8AC9-E31EAC11A83E}.Release|x64.Build.0 = Release|x64
		{E8CFEDC7-9C19-4BAC-8AC9-E31EAC11A83E}.Release|x86.ActiveCfg = Release|Win32
		{E8CFEDC7-9C19-4BAC-8AC9-E31EAC11A83E}.Release|x86.Build.0 = Release|Win32
		{250265E3-3EC7-4CEB-B358-9C4822FB120A}.Debug|x64.ActiveCfg = Debug|x64
		{250265E3-3EC7-4CEB-B358-9C4822FB120A}.Debug|x64.Build.0 = Debug|x64
		{250265E3-3EC7-4CEB-B358-9C4822FB120A}.Debug|x86.ActiveCfg = Debug|Win32
		{250265E3-3EC7-4CEB-B358-9C4822FB120A}.Debug|x86.Build.0 = Debug|Win32
		{250265E3-3EC7-4CEB-B358-9C4822FB120A}.Release|x64.ActiveCfg = Release|x64
		{250265E3-3EC7-4CEB-B358-9C4822FB120A}.Release|x64.Build.0 = Release|x64
		{250265E3-3EC7-4CEB-B358-9C4822FB120A}.Release|x86.ActiveCfg = Release|Win32
		{250265E3-3EC7-4CEB-B358-9C4822FB120A}.Release|x86.Build.0 = Release|Win32
		{EEA3A938-8D7C-4FB0-BC56-72FA8654A286}.Debug|x64.ActiveCfg = Debug|x64
		{EEA3A938-8D7C-4FB0-BC56-72FA8654A286}.Debug|x64.Build.0 = Debug|x64
		{EEA3A938-8D7C-4FB0-BC56-72FA8654A286}.Debug|x86.ActiveCfg = Debug|Win32
		{EEA3A938-8D7C-4FB0-BC56-72FA8654A286}.Debug|x86.Build.0 = Debug|Win32
		{EEA3A938-8D7C-4FB0-BC56-72FA8654A286}.Release|x64.ActiveCfg = Release|x64
		{EEA3A938-8D7C-4FB0-BC56-72FA8654A286}.Release|x64.Build.0 = Release|x64
		{EEA3A938-8D7C-4FB0-BC56-72FA8654A286}.Release|x86.ActiveCfg = Release|Win32
		{EEA3A938-8D7C-4FB0-BC56-72FA8654A286}.Release|x86.Build.0 = Release|Win32
		{24187E53-BDAD-446D-B5FB-DCE85CDEFB74}.Debug|x64.ActiveCfg = Debug|x64
		{24187E53-BDAD-446D-B5FB-DCE85CDEFB74}.Debug|x64.Build.0 = Debug|x64
		{24187E53-BDAD-446D-B5FB-DCE85CDEFB74}.Debug|x86.ActiveCfg = Debug|Win32
		{24187E53-BDAD-446D-B5FB-DCE85CDEFB74}.Debug|x86.Build.0 = Debug|Win32
		{24187E53-BDAD-446D-B5FB-DCE85CDEFB74}.Release|x64.ActiveCfg = Release|x64
		{24187E53-BDAD-446D-B5FB-DCE85CDEFB74}.Release|x64.Build.0 = Release|x64
		{24187E53-BDAD-446D-B5FB-DCE85CDEFB74}.Release|x86.ActiveCfg = Release|Win32
		{24187E53-BDAD-446D-B5FB-DCE85CDEFB74}.Release|x86.Build.0 = Release|Win32
		{6B97AE8C-3CCB-4F16-9BD8-EB7DFCB3258F}.Debug|x64.ActiveCfg = Debug|x64
		{6B97AE8C-3CCB-4F16-9BD8-EB7DFCB3258F}.Debug|x64.Build.0 = Debug|x64
		{6B97AE8C-3CCB-4F16-9BD8-EB7DFCB3258F}.Debug|x86.ActiveCfg = Debug|Win32
		{6B97AE8C-3CCB-4F16-9BD8-EB7DFCB3258F}.Debug|x86.Build.0 = Debug|Win32
		{6B97AE8C-3CCB-4F16-9BD8-EB7DFCB3258F}.Release|x64.ActiveCfg = Release|x64
		{6B97AE8C-3CCB-4F16-9BD8-EB7DFCB3258F}.Release|x64.Build.0 = Release|x64
		{6B97AE8C-3CCB-4F16-9BD8-EB7DFCB3258F}.Release|x86.ActiveCfg = Release|Win32
		{6B97AE8C-3CCB-4F16-9BD8-EB7DFCB3258F}.Release|x86.Build.0 = Release|Win32
		{7EBC0572-5200-4D7B-AF56-F275D4CAD8AF}.Debug|x64.ActiveCfg = Debug|x64
		{7EBC0572-5200-4D7B-AF56-F275D4CAD8AF}.Debug|x64.Build.0 = Debug|x64
		{7EBC0572-5200-4D7B-AF56-F275D4CAD8AF}.Debug|x86.ActiveCfg = Debug|Win32
		{7EBC0572-5200-4D7B-AF56-F275D4CAD8AF}.Debug|x86.Build.0 = Debug|Win32
		{7EBC0572-5200-4D7B-AF56-F275D4CAD8AF}.Release|x64.ActiveCfg = Release|x64
		{7EBC0572-5200-4D7B-AF56-F275D4CAD8AF}.Release|x64.Build.0 = Release|x64
		{7EBC0572-5200-4D7B-AF56-F275D4CAD8AF}.Release|x86.ActiveCfg = Release|Win32
		{7EBC0572-5200-4D7B-AF56-F275D4CAD8AF}.Release|x86.Build.0 = Release|Win32
		{F31D5651-BC4C-4CD2-A5EF-29AB3A30CA97}.Debug|x64.ActiveCfg = Debug|x64
		{F31D5651-BC4C-4CD2-A5EF-29AB3A30CA97}.Debug|x64.Build.0 = Debug|x64
		{F31D5651-BC4C-4CD2-A5EF-29AB3A30CA97}.Debug|x86.ActiveCfg = Debug|Win32
		{F31D5651-BC4C-4CD2-A5EF-29AB3A30CA97}.Debug|x86.Build.0 = Debug|Win32
		{F31D5651-BC4C-4CD2-A5EF-29AB3A30CA97}.Release|x64.ActiveCfg = Release|x64
		{F31D5651-BC4C-4CD2-A5EF-29AB3A30CA97}.Release|x64.Build.0 = Release|x64
		{F31D5651-BC4C-4CD2-A5EF-29AB3A30CA97}.Release|x86.ActiveCfg = Release|Win32
		{F31D5651-BC4C-4CD2-A5EF-29AB3A30CA97}.Release|x86.Build.0 = Release|Win32
		{4BB3241D-CDE3-4FB1-A4E3-1901495188D5}.Debug|x64.ActiveCfg = Debug|x64
		{4BB3241D-CDE3-4FB1-A4E3-1901495188D5}.Debug|x64.Build.0 = Debug|x64
		{4BB3241D-CDE3-4FB1-A4E3-1901495188D5}.Debug|x86.ActiveCfg = Debug|Win32
		{4BB3241D-CDE3-4FB1-A4E3-1901495188D5}.Debug|x86.Build.0 = Debug|Win32
		{4BB3241D-CDE3-4FB1-A4E3-1901495188D5}.Release|x64.ActiveCfg = Release|x64
		{4BB3241D-CDE3-4FB1-A4E3-1901495188D5}.Release|x64.Build.0 = Release|x64
		{4BB3241D-CDE3-4FB1-A4E3-1901495188D5}.Release|x86.ActiveCfg = Release|Win32
		{4BB3241D-CDE3-4FB1-A4E3-1901495188D5}.Release|x86.Build.0 = Release|Win32
		{2F6F59CA-498E-4BF3-AA6C-49D804822037}.Debug|x64.ActiveCfg = Debug|x64
		{2F6F59CA-498E-4BF3-AA6C-49D804822037}.Debug|x64.Build.0 = Debug|x64
		{2F6F59CA-498E-4BF3-AA6C-49D804822037}.Debug|x86.ActiveCfg = Debug|Win32
		{2F6F59CA-498E-4BF3-AA6C-49D804822037}.Debug|x86.Build.0 = Debug|Win32
		{2F6F59CA-498E-4BF3-AA6C-49D804822037}.Release|x64.ActiveCfg = Release|x64
		{2F6F59CA-498E-4BF3-AA6C-49D804822037}.Release|x64.Build.0 = Release|x64
		{2F6F59CA-498E-4BF3-AA6C-49D804822037}.Release|x86.ActiveCfg = Release|Win32
		{2F6F59CA-498E-4BF3-AA6C-49D804822037}.Release|x86.Build.0 = Release|Win32
		{C27C2B22-6E6D-48D4-9F55-680647B27752}.Debug|x64.ActiveCfg = Debug|x64
		{C27C2B22-6E6D-48D4-9F55-680647B27752}.Debug|x64.Build.0 = Debug|x64
		{C27C2B22-6E6D-48D4-9F55-680647B27752}.Debug|x86.ActiveCfg = Debug|Win32
		{C27C2B22-6E6D-48D4-9F55-680647B27752}.Debug|x86.Build.0 = Debug|Win32
		{C27C2B22-6E6D-48D4-9F55-680647B27752}.Release|x64.ActiveCfg = Release|x64
		{C27C2B22-6E6D-48D4-9F55-680647B27752}.Release|x64.Build.0 = Release|x64
		{C27C2B22-6E6D-48D4-9F55-680647B27752}.Release|x86.ActiveCfg = Release|Win32
		{C27C2B22-6E6D-48D4-9F55-680647B27752}.Release|x86.Build.0 = Release|Win32
	EndGlobalSection
	GlobalSection(SolutionProperties) = preSolution
		HideSolutionNode = FALSE
	EndGlobalSection
	GlobalSection(ExtensibilityGlobals) = postSolution
		SolutionGuid = {0F32F1CA-09E6-4584-A3EE-4D517664F066}
	EndGlobalSection
EndGlobal
