
Microsoft Visual Studio Solution File, Format Version 12.00
# Visual Studio Version 17
VisualStudioVersion = 17.14.36310.24
MinimumVisualStudioVersion = 10.0.40219.1
Project("{8BC9CEB8-8B4A-11D0-8D11-00A0C91BC942}") = "Drill01", "Drill01\Drill01.vcxproj", "{F37F5233-C7B1-47F5-A284-D11512E4C871}"
EndProject
Project("{8BC9CEB8-8B4A-11D0-8D11-00A0C91BC942}") = "Drill02", "Drill02\Drill02.vcxproj", "{311B875F-16BE-415B-BE86-531302A1EE11}"
EndProject
Project("{8BC9CEB8-8B4A-11D0-8D11-00A0C91BC942}") = "Drill03", "Drill03\Drill03.vcxproj", "{B5965D68-FC1C-4716-BD9A-8C70D66F150B}"
EndProject
Project("{8BC9CEB8-8B4A-11D0-8D11-00A0C91BC942}") = "LAB1", "LAB1\LAB1.vcxproj", "{AA4AECDC-4E0A-4CF1-BD7B-2608358F5A00}"
EndProject
Project("{8BC9CEB8-8B4A-11D0-8D11-00A0C91BC942}") = "LAB2", "LAB2\LAB2.vcxproj", "{7C6CA01D-44A1-4BD7-B4D4-CA05F9B77987}"
EndProject
Project("{8BC9CEB8-8B4A-11D0-8D11-00A0C91BC942}") = "Drill04", "Drill04\Drill04.vcxproj", "{473BAC59-D17D-4D8E-ACB5-5B4C225343B9}"
EndProject
Project("{8BC9CEB8-8B4A-11D0-8D11-00A0C91BC942}") = "Drill05", "Drill05\Drill05.vcxproj", "{B65BB367-D933-4377-9B95-A9B2D892CC60}"
EndProject
Project("{8BC9CEB8-8B4A-11D0-8D11-00A0C91BC942}") = "Drill06", "Drill06\Drill06.vcxproj", "{D94FBC39-D46D-41EA-A8E1-5A769D421FFE}"
EndProject
Project("{8BC9CEB8-8B4A-11D0-8D11-00A0C91BC942}") = "LAB3", "LAB3\LAB3.vcxproj", "{D21EFD71-DE37-47D0-BF4A-2E3258A2293D}"
EndProject
Project("{8BC9CEB8-8B4A-11D0-8D11-00A0C91BC942}") = "Drill07", "Drill07\Drill07.vcxproj", "{C8C02BCB-065B-422A-8CAD-004C2E244D45}"
EndProject
Project("{8BC9CEB8-8B4A-11D0-8D11-00A0C91BC942}") = "Drill08", "Drill08\Drill08.vcxproj", "{E00CFA9B-0BA6-4F9B-82BF-1CC77B2EBB95}"
EndProject
Project("{8BC9CEB8-8B4A-11D0-8D11-00A0C91BC942}") = "Drill09", "Drill09\Drill09.vcxproj", "{B3A0DCDC-89C1-4468-B4DD-11411690AE30}"
EndProject
Project("{8BC9CEB8-8B4A-11D0-8D11-00A0C91BC942}") = "LAB4", "LAB4\LAB4.vcxproj", "{09854CEA-A99B-4B05-B84E-AA6805181FB5}"
EndProject
Project("{8BC9CEB8-8B4A-11D0-8D11-00A0C91BC942}") = "Mini Project", "Mini Project\Mini Project.vcxproj", "{35202D13-E1D9-4250-A31C-E859443EBD95}"
EndProject
Project("{8BC9CEB8-8B4A-11D0-8D11-00A0C91BC942}") = "Programming01", "Programming01\Programming01.vcxproj", "{149CA9EF-D500-42CD-9CDD-D05DE4F9BA20}"
EndProject
Project("{8BC9CEB8-8B4A-11D0-8D11-00A0C91BC942}") = "Programming02", "Programming02\Programming02.vcxproj", "{91E59DF0-3416-4ADC-9A55-9DAF14783723}"
EndProject
Project("{8BC9CEB8-8B4A-11D0-8D11-00A0C91BC942}") = "Programming03", "Programming03\Programming03.vcxproj", "{CF971A46-C802-489A-95A8-5E7F835DCCBC}"
EndProject
Project("{8BC9CEB8-8B4A-11D0-8D11-00A0C91BC942}") = "Programming04", "Programming04\Programming04.vcxproj", "{DE75506D-59C7-4DB1-B87E-0DED1C369FE8}"
EndProject
Project("{8BC9CEB8-8B4A-11D0-8D11-00A0C91BC942}") = "Programming05", "Programming05\Programming05.vcxproj", "{D51EDB47-4022-4BD8-BF94-FA052C427768}"
EndProject
Project("{8BC9CEB8-8B4A-11D0-8D11-00A0C91BC942}") = "Programming06", "Programming06\Programming06.vcxproj", "{F77D96D2-8CAC-4EBE-8708-5C3509FAF959}"
EndProject
Project("{8BC9CEB8-8B4A-11D0-8D11-00A0C91BC942}") = "Programming07", "Programming07\Programming07.vcxproj", "{50C5AA46-2D17-4181-8C85-114423A158C7}"
EndProject
Project("{8BC9CEB8-8B4A-11D0-8D11-00A0C91BC942}") = "Programming08", "Programming08\Programming08.vcxproj", "{2FCF1CDC-F73D-4BB9-85F9-75A715204ED1}"
EndProject
Project("{8BC9CEB8-8B4A-11D0-8D11-00A0C91BC942}") = "Programming09", "Programming09\Programming09.vcxproj", "{A123CE3A-3955-466F-AEB6-F2F87ED4671A}"
EndProject
Project("{8BC9CEB8-8B4A-11D0-8D11-00A0C91BC942}") = "Programming10", "Programming10\Programming10.vcxproj", "{897A8801-CEB7-4AE8-ACE2-817876F5157D}"
EndProject
Project("{8BC9CEB8-8B4A-11D0-8D11-00A0C91BC942}") = "Programming11", "Programming11\Programming11.vcxproj", "{322DB75D-68E1-4C1E-BD8A-C1627A826FC8}"
EndProject
Project("{8BC9CEB8-8B4A-11D0-8D11-00A0C91BC942}") = "Programming12", "Programming12\Programming12.vcxproj", "{7EF322D7-FD15-4635-943F-3EA8AEC49297}"
EndProject
Project("{8BC9CEB8-8B4A-11D0-8D11-00A0C91BC942}") = "Programming13", "Programming13\Programming13.vcxproj", "{F611B1FB-5A27-4070-9EEF-89ED90F69609}"
EndProject
Project("{8BC9CEB8-8B4A-11D0-8D11-00A0C91BC942}") = "Programming14", "Programming14\Programming14.vcxproj", "{FEFC6410-D5E1-4E04-BE0F-92DC209C1F37}"
EndProject
Project("{8BC9CEB8-8B4A-11D0-8D11-00A0C91BC942}") = "Programming15", "Programming15\Programming15.vcxproj", "{65A2FF21-C108-4B0E-9CCA-6D88789F672D}"
EndProject
Project("{8BC9CEB8-8B4A-11D0-8D11-00A0C91BC942}") = "Programming16", "Programming16\Programming16.vcxproj", "{349D6E8E-9376-49FF-A879-763FF1340100}"
EndProject
Global
	GlobalSection(SolutionConfigurationPlatforms) = preSolution
		Debug|x64 = Debug|x64
		Debug|x86 = Debug|x86
		Release|x64 = Release|x64
		Release|x86 = Release|x86
	EndGlobalSection
	GlobalSection(ProjectConfigurationPlatforms) = postSolution
		{F37F5233-C7B1-47F5-A284-D11512E4C871}.Debug|x64.ActiveCfg = Debug|x64
		{F37F5233-C7B1-47F5-A284-D11512E4C871}.Debug|x64.Build.0 = Debug|x64
		{F37F5233-C7B1-47F5-A284-D11512E4C871}.Debug|x86.ActiveCfg = Debug|Win32
		{F37F5233-C7B1-47F5-A284-D11512E4C871}.Debug|x86.Build.0 = Debug|Win32
		{F37F5233-C7B1-47F5-A284-D11512E4C871}.Release|x64.ActiveCfg = Release|x64
		{F37F5233-C7B1-47F5-A284-D11512E4C871}.Release|x64.Build.0 = Release|x64
		{F37F5233-C7B1-47F5-A284-D11512E4C871}.Release|x86.ActiveCfg = Release|Win32
		{F37F5233-C7B1-47F5-A284-D11512E4C871}.Release|x86.Build.0 = Release|Win32
		{311B875F-16BE-415B-BE86-531302A1EE11}.Debug|x64.ActiveCfg = Debug|x64
		{311B875F-16BE-415B-BE86-531302A1EE11}.Debug|x64.Build.0 = Debug|x64
		{311B875F-16BE-415B-BE86-531302A1EE11}.Debug|x86.ActiveCfg = Debug|Win32
		{311B875F-16BE-415B-BE86-531302A1EE11}.Debug|x86.Build.0 = Debug|Win32
		{311B875F-16BE-415B-BE86-531302A1EE11}.Release|x64.ActiveCfg = Release|x64
		{311B875F-16BE-415B-BE86-531302A1EE11}.Release|x64.Build.0 = Release|x64
		{311B875F-16BE-415B-BE86-531302A1EE11}.Release|x86.ActiveCfg = Release|Win32
		{311B875F-16BE-415B-BE86-531302A1EE11}.Release|x86.Build.0 = Release|Win32
		{B5965D68-FC1C-4716-BD9A-8C70D66F150B}.Debug|x64.ActiveCfg = Debug|x64
		{B5965D68-FC1C-4716-BD9A-8C70D66F150B}.Debug|x64.Build.0 = Debug|x64
		{B5965D68-FC1C-4716-BD9A-8C70D66F150B}.Debug|x86.ActiveCfg = Debug|Win32
		{B5965D68-FC1C-4716-BD9A-8C70D66F150B}.Debug|x86.Build.0 = Debug|Win32
		{B5965D68-FC1C-4716-BD9A-8C70D66F150B}.Release|x64.ActiveCfg = Release|x64
		{B5965D68-FC1C-4716-BD9A-8C70D66F150B}.Release|x64.Build.0 = Release|x64
		{B5965D68-FC1C-4716-BD9A-8C70D66F150B}.Release|x86.ActiveCfg = Release|Win32
		{B5965D68-FC1C-4716-BD9A-8C70D66F150B}.Release|x86.Build.0 = Release|Win32
		{AA4AECDC-4E0A-4CF1-BD7B-2608358F5A00}.Debug|x64.ActiveCfg = Debug|x64
		{AA4AECDC-4E0A-4CF1-BD7B-2608358F5A00}.Debug|x64.Build.0 = Debug|x64
		{AA4AECDC-4E0A-4CF1-BD7B-2608358F5A00}.Debug|x86.ActiveCfg = Debug|Win32
		{AA4AECDC-4E0A-4CF1-BD7B-2608358F5A00}.Debug|x86.Build.0 = Debug|Win32
		{AA4AECDC-4E0A-4CF1-BD7B-2608358F5A00}.Release|x64.ActiveCfg = Release|x64
		{AA4AECDC-4E0A-4CF1-BD7B-2608358F5A00}.Release|x64.Build.0 = Release|x64
		{AA4AECDC-4E0A-4CF1-BD7B-2608358F5A00}.Release|x86.ActiveCfg = Release|Win32
		{AA4AECDC-4E0A-4CF1-BD7B-2608358F5A00}.Release|x86.Build.0 = Release|Win32
		{7C6CA01D-44A1-4BD7-B4D4-CA05F9B77987}.Debug|x64.ActiveCfg = Debug|x64
		{7C6CA01D-44A1-4BD7-B4D4-CA05F9B77987}.Debug|x64.Build.0 = Debug|x64
		{7C6CA01D-44A1-4BD7-B4D4-CA05F9B77987}.Debug|x86.ActiveCfg = Debug|Win32
		{7C6CA01D-44A1-4BD7-B4D4-CA05F9B77987}.Debug|x86.Build.0 = Debug|Win32
		{7C6CA01D-44A1-4BD7-B4D4-CA05F9B77987}.Release|x64.ActiveCfg = Release|x64
		{7C6CA01D-44A1-4BD7-B4D4-CA05F9B77987}.Release|x64.Build.0 = Release|x64
		{7C6CA01D-44A1-4BD7-B4D4-CA05F9B77987}.Release|x86.ActiveCfg = Release|Win32
		{7C6CA01D-44A1-4BD7-B4D4-CA05F9B77987}.Release|x86.Build.0 = Release|Win32
		{473BAC59-D17D-4D8E-ACB5-5B4C225343B9}.Debug|x64.ActiveCfg = Debug|x64
		{473BAC59-D17D-4D8E-ACB5-5B4C225343B9}.Debug|x64.Build.0 = Debug|x64
		{473BAC59-D17D-4D8E-ACB5-5B4C225343B9}.Debug|x86.ActiveCfg = Debug|Win32
		{473BAC59-D17D-4D8E-ACB5-5B4C225343B9}.Debug|x86.Build.0 = Debug|Win32
		{473BAC59-D17D-4D8E-ACB5-5B4C225343B9}.Release|x64.ActiveCfg = Release|x64
		{473BAC59-D17D-4D8E-ACB5-5B4C225343B9}.Release|x64.Build.0 = Release|x64
		{473BAC59-D17D-4D8E-ACB5-5B4C225343B9}.Release|x86.ActiveCfg = Release|Win32
		{473BAC59-D17D-4D8E-ACB5-5B4C225343B9}.Release|x86.Build.0 = Release|Win32
		{B65BB367-D933-4377-9B95-A9B2D892CC60}.Debug|x64.ActiveCfg = Debug|x64
		{B65BB367-D933-4377-9B95-A9B2D892CC60}.Debug|x64.Build.0 = Debug|x64
		{B65BB367-D933-4377-9B95-A9B2D892CC60}.Debug|x86.ActiveCfg = Debug|Win32
		{B65BB367-D933-4377-9B95-A9B2D892CC60}.Debug|x86.Build.0 = Debug|Win32
		{B65BB367-D933-4377-9B95-A9B2D892CC60}.Release|x64.ActiveCfg = Release|x64
		{B65BB367-D933-4377-9B95-A9B2D892CC60}.Release|x64.Build.0 = Release|x64
		{B65BB367-D933-4377-9B95-A9B2D892CC60}.Release|x86.ActiveCfg = Release|Win32
		{B65BB367-D933-4377-9B95-A9B2D892CC60}.Release|x86.Build.0 = Release|Win32
		{D94FBC39-D46D-41EA-A8E1-5A769D421FFE}.Debug|x64.ActiveCfg = Debug|x64
		{D94FBC39-D46D-41EA-A8E1-5A769D421FFE}.Debug|x64.Build.0 = Debug|x64
		{D94FBC39-D46D-41EA-A8E1-5A769D421FFE}.Debug|x86.ActiveCfg = Debug|Win32
		{D94FBC39-D46D-41EA-A8E1-5A769D421FFE}.Debug|x86.Build.0 = Debug|Win32
		{D94FBC39-D46D-41EA-A8E1-5A769D421FFE}.Release|x64.ActiveCfg = Release|x64
		{D94FBC39-D46D-41EA-A8E1-5A769D421FFE}.Release|x64.Build.0 = Release|x64
		{D94FBC39-D46D-41EA-A8E1-5A769D421FFE}.Release|x86.ActiveCfg = Release|Win32
		{D94FBC39-D46D-41EA-A8E1-5A769D421FFE}.Release|x86.Build.0 = Release|Win32
		{D21EFD71-DE37-47D0-BF4A-2E3258A2293D}.Debug|x64.ActiveCfg = Debug|x64
		{D21EFD71-DE37-47D0-BF4A-2E3258A2293D}.Debug|x64.Build.0 = Debug|x64
		{D21EFD71-DE37-47D0-BF4A-2E3258A2293D}.Debug|x86.ActiveCfg = Debug|Win32
		{D21EFD71-DE37-47D0-BF4A-2E3258A2293D}.Debug|x86.Build.0 = Debug|Win32
		{D21EFD71-DE37-47D0-BF4A-2E3258A2293D}.Release|x64.ActiveCfg = Release|x64
		{D21EFD71-DE37-47D0-BF4A-2E3258A2293D}.Release|x64.Build.0 = Release|x64
		{D21EFD71-DE37-47D0-BF4A-2E3258A2293D}.Release|x86.ActiveCfg = Release|Win32
		{D21EFD71-DE37-47D0-BF4A-2E3258A2293D}.Release|x86.Build.0 = Release|Win32
		{C8C02BCB-065B-422A-8CAD-004C2E244D45}.Debug|x64.ActiveCfg = Debug|x64
		{C8C02BCB-065B-422A-8CAD-004C2E244D45}.Debug|x64.Build.0 = Debug|x64
		{C8C02BCB-065B-422A-8CAD-004C2E244D45}.Debug|x86.ActiveCfg = Debug|Win32
		{C8C02BCB-065B-422A-8CAD-004C2E244D45}.Debug|x86.Build.0 = Debug|Win32
		{C8C02BCB-065B-422A-8CAD-004C2E244D45}.Release|x64.ActiveCfg = Release|x64
		{C8C02BCB-065B-422A-8CAD-004C2E244D45}.Release|x64.Build.0 = Release|x64
		{C8C02BCB-065B-422A-8CAD-004C2E244D45}.Release|x86.ActiveCfg = Release|Win32
		{C8C02BCB-065B-422A-8CAD-004C2E244D45}.Release|x86.Build.0 = Release|Win32
		{E00CFA9B-0BA6-4F9B-82BF-1CC77B2EBB95}.Debug|x64.ActiveCfg = Debug|x64
		{E00CFA9B-0BA6-4F9B-82BF-1CC77B2EBB95}.Debug|x64.Build.0 = Debug|x64
		{E00CFA9B-0BA6-4F9B-82BF-1CC77B2EBB95}.Debug|x86.ActiveCfg = Debug|Win32
		{E00CFA9B-0BA6-4F9B-82BF-1CC77B2EBB95}.Debug|x86.Build.0 = Debug|Win32
		{E00CFA9B-0BA6-4F9B-82BF-1CC77B2EBB95}.Release|x64.ActiveCfg = Release|x64
		{E00CFA9B-0BA6-4F9B-82BF-1CC77B2EBB95}.Release|x64.Build.0 = Release|x64
		{E00CFA9B-0BA6-4F9B-82BF-1CC77B2EBB95}.Release|x86.ActiveCfg = Release|Win32
		{E00CFA9B-0BA6-4F9B-82BF-1CC77B2EBB95}.Release|x86.Build.0 = Release|Win32
		{B3A0DCDC-89C1-4468-B4DD-11411690AE30}.Debug|x64.ActiveCfg = Debug|x64
		{B3A0DCDC-89C1-4468-B4DD-11411690AE30}.Debug|x64.Build.0 = Debug|x64
		{B3A0DCDC-89C1-4468-B4DD-11411690AE30}.Debug|x86.ActiveCfg = Debug|Win32
		{B3A0DCDC-89C1-4468-B4DD-11411690AE30}.Debug|x86.Build.0 = Debug|Win32
		{B3A0DCDC-89C1-4468-B4DD-11411690AE30}.Release|x64.ActiveCfg = Release|x64
		{B3A0DCDC-89C1-4468-B4DD-11411690AE30}.Release|x64.Build.0 = Release|x64
		{B3A0DCDC-89C1-4468-B4DD-11411690AE30}.Release|x86.ActiveCfg = Release|Win32
		{B3A0DCDC-89C1-4468-B4DD-11411690AE30}.Release|x86.Build.0 = Release|Win32
		{09854CEA-A99B-4B05-B84E-AA6805181FB5}.Debug|x64.ActiveCfg = Debug|x64
		{09854CEA-A99B-4B05-B84E-AA6805181FB5}.Debug|x64.Build.0 = Debug|x64
		{09854CEA-A99B-4B05-B84E-AA6805181FB5}.Debug|x86.ActiveCfg = Debug|Win32
		{09854CEA-A99B-4B05-B84E-AA6805181FB5}.Debug|x86.Build.0 = Debug|Win32
		{09854CEA-A99B-4B05-B84E-AA6805181FB5}.Release|x64.ActiveCfg = Release|x64
		{09854CEA-A99B-4B05-B84E-AA6805181FB5}.Release|x64.Build.0 = Release|x64
		{09854CEA-A99B-4B05-B84E-AA6805181FB5}.Release|x86.ActiveCfg = Release|Win32
		{09854CEA-A99B-4B05-B84E-AA6805181FB5}.Release|x86.Build.0 = Release|Win32
		{35202D13-E1D9-4250-A31C-E859443EBD95}.Debug|x64.ActiveCfg = Debug|x64
		{35202D13-E1D9-4250-A31C-E859443EBD95}.Debug|x64.Build.0 = Debug|x64
		{35202D13-E1D9-4250-A31C-E859443EBD95}.Debug|x86.ActiveCfg = Debug|Win32
		{35202D13-E1D9-4250-A31C-E859443EBD95}.Debug|x86.Build.0 = Debug|Win32
		{35202D13-E1D9-4250-A31C-E859443EBD95}.Release|x64.ActiveCfg = Release|x64
		{35202D13-E1D9-4250-A31C-E859443EBD95}.Release|x64.Build.0 = Release|x64
		{35202D13-E1D9-4250-A31C-E859443EBD95}.Release|x86.ActiveCfg = Release|Win32
		{35202D13-E1D9-4250-A31C-E859443EBD95}.Release|x86.Build.0 = Release|Win32
		{149CA9EF-D500-42CD-9CDD-D05DE4F9BA20}.Debug|x64.ActiveCfg = Debug|x64
		{149CA9EF-D500-42CD-9CDD-D05DE4F9BA20}.Debug|x64.Build.0 = Debug|x64
		{149CA9EF-D500-42CD-9CDD-D05DE4F9BA20}.Debug|x86.ActiveCfg = Debug|Win32
		{149CA9EF-D500-42CD-9CDD-D05DE4F9BA20}.Debug|x86.Build.0 = Debug|Win32
		{149CA9EF-D500-42CD-9CDD-D05DE4F9BA20}.Release|x64.ActiveCfg = Release|x64
		{149CA9EF-D500-42CD-9CDD-D05DE4F9BA20}.Release|x64.Build.0 = Release|x64
		{149CA9EF-D500-42CD-9CDD-D05DE4F9BA20}.Release|x86.ActiveCfg = Release|Win32
		{149CA9EF-D500-42CD-9CDD-D05DE4F9BA20}.Release|x86.Build.0 = Release|Win32
		{91E59DF0-3416-4ADC-9A55-9DAF14783723}.Debug|x64.ActiveCfg = Debug|x64
		{91E59DF0-3416-4ADC-9A55-9DAF14783723}.Debug|x64.Build.0 = Debug|x64
		{91E59DF0-3416-4ADC-9A55-9DAF14783723}.Debug|x86.ActiveCfg = Debug|Win32
		{91E59DF0-3416-4ADC-9A55-9DAF14783723}.Debug|x86.Build.0 = Debug|Win32
		{91E59DF0-3416-4ADC-9A55-9DAF14783723}.Release|x64.ActiveCfg = Release|x64
		{91E59DF0-3416-4ADC-9A55-9DAF14783723}.Release|x64.Build.0 = Release|x64
		{91E59DF0-3416-4ADC-9A55-9DAF14783723}.Release|x86.ActiveCfg = Release|Win32
		{91E59DF0-3416-4ADC-9A55-9DAF14783723}.Release|x86.Build.0 = Release|Win32
		{CF971A46-C802-489A-95A8-5E7F835DCCBC}.Debug|x64.ActiveCfg = Debug|x64
		{CF971A46-C802-489A-95A8-5E7F835DCCBC}.Debug|x64.Build.0 = Debug|x64
		{CF971A46-C802-489A-95A8-5E7F835DCCBC}.Debug|x86.ActiveCfg = Debug|Win32
		{CF971A46-C802-489A-95A8-5E7F835DCCBC}.Debug|x86.Build.0 = Debug|Win32
		{CF971A46-C802-489A-95A8-5E7F835DCCBC}.Release|x64.ActiveCfg = Release|x64
		{CF971A46-C802-489A-95A8-5E7F835DCCBC}.Release|x64.Build.0 = Release|x64
		{CF971A46-C802-489A-95A8-5E7F835DCCBC}.Release|x86.ActiveCfg = Release|Win32
		{CF971A46-C802-489A-95A8-5E7F835DCCBC}.Release|x86.Build.0 = Release|Win32
		{DE75506D-59C7-4DB1-B87E-0DED1C369FE8}.Debug|x64.ActiveCfg = Debug|x64
		{DE75506D-59C7-4DB1-B87E-0DED1C369FE8}.Debug|x64.Build.0 = Debug|x64
		{DE75506D-59C7-4DB1-B87E-0DED1C369FE8}.Debug|x86.ActiveCfg = Debug|Win32
		{DE75506D-59C7-4DB1-B87E-0DED1C369FE8}.Debug|x86.Build.0 = Debug|Win32
		{DE75506D-59C7-4DB1-B87E-0DED1C369FE8}.Release|x64.ActiveCfg = Release|x64
		{DE75506D-59C7-4DB1-B87E-0DED1C369FE8}.Release|x64.Build.0 = Release|x64
		{DE75506D-59C7-4DB1-B87E-0DED1C369FE8}.Release|x86.ActiveCfg = Release|Win32
		{DE75506D-59C7-4DB1-B87E-0DED1C369FE8}.Release|x86.Build.0 = Release|Win32
		{D51EDB47-4022-4BD8-BF94-FA052C427768}.Debug|x64.ActiveCfg = Debug|x64
		{D51EDB47-4022-4BD8-BF94-FA052C427768}.Debug|x64.Build.0 = Debug|x64
		{D51EDB47-4022-4BD8-BF94-FA052C427768}.Debug|x86.ActiveCfg = Debug|Win32
		{D51EDB47-4022-4BD8-BF94-FA052C427768}.Debug|x86.Build.0 = Debug|Win32
		{D51EDB47-4022-4BD8-BF94-FA052C427768}.Release|x64.ActiveCfg = Release|x64
		{D51EDB47-4022-4BD8-BF94-FA052C427768}.Release|x64.Build.0 = Release|x64
		{D51EDB47-4022-4BD8-BF94-FA052C427768}.Release|x86.ActiveCfg = Release|Win32
		{D51EDB47-4022-4BD8-BF94-FA052C427768}.Release|x86.Build.0 = Release|Win32
		{F77D96D2-8CAC-4EBE-8708-5C3509FAF959}.Debug|x64.ActiveCfg = Debug|x64
		{F77D96D2-8CAC-4EBE-8708-5C3509FAF959}.Debug|x64.Build.0 = Debug|x64
		{F77D96D2-8CAC-4EBE-8708-5C3509FAF959}.Debug|x86.ActiveCfg = Debug|Win32
		{F77D96D2-8CAC-4EBE-8708-5C3509FAF959}.Debug|x86.Build.0 = Debug|Win32
		{F77D96D2-8CAC-4EBE-8708-5C3509FAF959}.Release|x64.ActiveCfg = Release|x64
		{F77D96D2-8CAC-4EBE-8708-5C3509FAF959}.Release|x64.Build.0 = Release|x64
		{F77D96D2-8CAC-4EBE-8708-5C3509FAF959}.Release|x86.ActiveCfg = Release|Win32
		{F77D96D2-8CAC-4EBE-8708-5C3509FAF959}.Release|x86.Build.0 = Release|Win32
		{50C5AA46-2D17-4181-8C85-114423A158C7}.Debug|x64.ActiveCfg = Debug|x64
		{50C5AA46-2D17-4181-8C85-114423A158C7}.Debug|x64.Build.0 = Debug|x64
		{50C5AA46-2D17-4181-8C85-114423A158C7}.Debug|x86.ActiveCfg = Debug|Win32
		{50C5AA46-2D17-4181-8C85-114423A158C7}.Debug|x86.Build.0 = Debug|Win32
		{50C5AA46-2D17-4181-8C85-114423A158C7}.Release|x64.ActiveCfg = Release|x64
		{50C5AA46-2D17-4181-8C85-114423A158C7}.Release|x64.Build.0 = Release|x64
		{50C5AA46-2D17-4181-8C85-114423A158C7}.Release|x86.ActiveCfg = Release|Win32
		{50C5AA46-2D17-4181-8C85-114423A158C7}.Release|x86.Build.0 = Release|Win32
		{2FCF1CDC-F73D-4BB9-85F9-75A715204ED1}.Debug|x64.ActiveCfg = Debug|x64
		{2FCF1CDC-F73D-4BB9-85F9-75A715204ED1}.Debug|x64.Build.0 = Debug|x64
		{2FCF1CDC-F73D-4BB9-85F9-75A715204ED1}.Debug|x86.ActiveCfg = Debug|Win32
		{2FCF1CDC-F73D-4BB9-85F9-75A715204ED1}.Debug|x86.Build.0 = Debug|Win32
		{2FCF1CDC-F73D-4BB9-85F9-75A715204ED1}.Release|x64.ActiveCfg = Release|x64
		{2FCF1CDC-F73D-4BB9-85F9-75A715204ED1}.Release|x64.Build.0 = Release|x64
		{2FCF1CDC-F73D-4BB9-85F9-75A715204ED1}.Release|x86.ActiveCfg = Release|Win32
		{2FCF1CDC-F73D-4BB9-85F9-75A715204ED1}.Release|x86.Build.0 = Release|Win32
		{A123CE3A-3955-466F-AEB6-F2F87ED4671A}.Debug|x64.ActiveCfg = Debug|x64
		{A123CE3A-3955-466F-AEB6-F2F87ED4671A}.Debug|x64.Build.0 = Debug|x64
		{A123CE3A-3955-466F-AEB6-F2F87ED4671A}.Debug|x86.ActiveCfg = Debug|Win32
		{A123CE3A-3955-466F-AEB6-F2F87ED4671A}.Debug|x86.Build.0 = Debug|Win32
		{A123CE3A-3955-466F-AEB6-F2F87ED4671A}.Release|x64.ActiveCfg = Release|x64
		{A123CE3A-3955-466F-AEB6-F2F87ED4671A}.Release|x64.Build.0 = Release|x64
		{A123CE3A-3955-466F-AEB6-F2F87ED4671A}.Release|x86.ActiveCfg = Release|Win32
		{A123CE3A-3955-466F-AEB6-F2F87ED4671A}.Release|x86.Build.0 = Release|Win32
		{897A8801-CEB7-4AE8-ACE2-817876F5157D}.Debug|x64.ActiveCfg = Debug|x64
		{897A8801-CEB7-4AE8-ACE2-817876F5157D}.Debug|x64.Build.0 = Debug|x64
		{897A8801-CEB7-4AE8-ACE2-817876F5157D}.Debug|x86.ActiveCfg = Debug|Win32
		{897A8801-CEB7-4AE8-ACE2-817876F5157D}.Debug|x86.Build.0 = Debug|Win32
		{897A8801-CEB7-4AE8-ACE2-817876F5157D}.Release|x64.ActiveCfg = Release|x64
		{897A8801-CEB7-4AE8-ACE2-817876F5157D}.Release|x64.Build.0 = Release|x64
		{897A8801-CEB7-4AE8-ACE2-817876F5157D}.Release|x86.ActiveCfg = Release|Win32
		{897A8801-CEB7-4AE8-ACE2-817876F5157D}.Release|x86.Build.0 = Release|Win32
		{322DB75D-68E1-4C1E-BD8A-C1627A826FC8}.Debug|x64.ActiveCfg = Debug|x64
		{322DB75D-68E1-4C1E-BD8A-C1627A826FC8}.Debug|x64.Build.0 = Debug|x64
		{322DB75D-68E1-4C1E-BD8A-C1627A826FC8}.Debug|x86.ActiveCfg = Debug|Win32
		{322DB75D-68E1-4C1E-BD8A-C1627A826FC8}.Debug|x86.Build.0 = Debug|Win32
		{322DB75D-68E1-4C1E-BD8A-C1627A826FC8}.Release|x64.ActiveCfg = Release|x64
		{322DB75D-68E1-4C1E-BD8A-C1627A826FC8}.Release|x64.Build.0 = Release|x64
		{322DB75D-68E1-4C1E-BD8A-C1627A826FC8}.Release|x86.ActiveCfg = Release|Win32
		{322DB75D-68E1-4C1E-BD8A-C1627A826FC8}.Release|x86.Build.0 = Release|Win32
		{7EF322D7-FD15-4635-943F-3EA8AEC49297}.Debug|x64.ActiveCfg = Debug|x64
		{7EF322D7-FD15-4635-943F-3EA8AEC49297}.Debug|x64.Build.0 = Debug|x64
		{7EF322D7-FD15-4635-943F-3EA8AEC49297}.Debug|x86.ActiveCfg = Debug|Win32
		{7EF322D7-FD15-4635-943F-3EA8AEC49297}.Debug|x86.Build.0 = Debug|Win32
		{7EF322D7-FD15-4635-943F-3EA8AEC49297}.Release|x64.ActiveCfg = Release|x64
		{7EF322D7-FD15-4635-943F-3EA8AEC49297}.Release|x64.Build.0 = Release|x64
		{7EF322D7-FD15-4635-943F-3EA8AEC49297}.Release|x86.ActiveCfg = Release|Win32
		{7EF322D7-FD15-4635-943F-3EA8AEC49297}.Release|x86.Build.0 = Release|Win32
		{F611B1FB-5A27-4070-9EEF-89ED90F69609}.Debug|x64.ActiveCfg = Debug|x64
		{F611B1FB-5A27-4070-9EEF-89ED90F69609}.Debug|x64.Build.0 = Debug|x64
		{F611B1FB-5A27-4070-9EEF-89ED90F69609}.Debug|x86.ActiveCfg = Debug|Win32
		{F611B1FB-5A27-4070-9EEF-89ED90F69609}.Debug|x86.Build.0 = Debug|Win32
		{F611B1FB-5A27-4070-9EEF-89ED90F69609}.Release|x64.ActiveCfg = Release|x64
		{F611B1FB-5A27-4070-9EEF-89ED90F69609}.Release|x64.Build.0 = Release|x64
		{F611B1FB-5A27-4070-9EEF-89ED90F69609}.Release|x86.ActiveCfg = Release|Win32
		{F611B1FB-5A27-4070-9EEF-89ED90F69609}.Release|x86.Build.0 = Release|Win32
		{FEFC6410-D5E1-4E04-BE0F-92DC209C1F37}.Debug|x64.ActiveCfg = Debug|x64
		{FEFC6410-D5E1-4E04-BE0F-92DC209C1F37}.Debug|x64.Build.0 = Debug|x64
		{FEFC6410-D5E1-4E04-BE0F-92DC209C1F37}.Debug|x86.ActiveCfg = Debug|Win32
		{FEFC6410-D5E1-4E04-BE0F-92DC209C1F37}.Debug|x86.Build.0 = Debug|Win32
		{FEFC6410-D5E1-4E04-BE0F-92DC209C1F37}.Release|x64.ActiveCfg = Release|x64
		{FEFC6410-D5E1-4E04-BE0F-92DC209C1F37}.Release|x64.Build.0 = Release|x64
		{FEFC6410-D5E1-4E04-BE0F-92DC209C1F37}.Release|x86.ActiveCfg = Release|Win32
		{FEFC6410-D5E1-4E04-BE0F-92DC209C1F37}.Release|x86.Build.0 = Release|Win32
		{65A2FF21-C108-4B0E-9CCA-6D88789F672D}.Debug|x64.ActiveCfg = Debug|x64
		{65A2FF21-C108-4B0E-9CCA-6D88789F672D}.Debug|x64.Build.0 = Debug|x64
		{65A2FF21-C108-4B0E-9CCA-6D88789F672D}.Debug|x86.ActiveCfg = Debug|Win32
		{65A2FF21-C108-4B0E-9CCA-6D88789F672D}.Debug|x86.Build.0 = Debug|Win32
		{65A2FF21-C108-4B0E-9CCA-6D88789F672D}.Release|x64.ActiveCfg = Release|x64
		{65A2FF21-C108-4B0E-9CCA-6D88789F672D}.Release|x64.Build.0 = Release|x64
		{65A2FF21-C108-4B0E-9CCA-6D88789F672D}.Release|x86.ActiveCfg = Release|Win32
		{65A2FF21-C108-4B0E-9CCA-6D88789F672D}.Release|x86.Build.0 = Release|Win32
		{349D6E8E-9376-49FF-A879-763FF1340100}.Debug|x64.ActiveCfg = Debug|x64
		{349D6E8E-9376-49FF-A879-763FF1340100}.Debug|x64.Build.0 = Debug|x64
		{349D6E8E-9376-49FF-A879-763FF1340100}.Debug|x86.ActiveCfg = Debug|Win32
		{349D6E8E-9376-49FF-A879-763FF1340100}.Debug|x86.Build.0 = Debug|Win32
		{349D6E8E-9376-49FF-A879-763FF1340100}.Release|x64.ActiveCfg = Release|x64
		{349D6E8E-9376-49FF-A879-763FF1340100}.Release|x64.Build.0 = Release|x64
		{349D6E8E-9376-49FF-A879-763FF1340100}.Release|x86.ActiveCfg = Release|Win32
		{349D6E8E-9376-49FF-A879-763FF1340100}.Release|x86.Build.0 = Release|Win32
	EndGlobalSection
	GlobalSection(SolutionProperties) = preSolution
		HideSolutionNode = FALSE
	EndGlobalSection
	GlobalSection(ExtensibilityGlobals) = postSolution
		SolutionGuid = {1296B7B1-D294-4997-AAF0-69463A60A7E1}
	EndGlobalSection
EndGlobal
