
Microsoft Visual Studio Solution File, Format Version 12.00
# Visual Studio Version 17
VisualStudioVersion = 17.14.36310.24
MinimumVisualStudioVersion = 10.0.40219.1
Project("{8BC9CEB8-8B4A-11D0-8D11-00A0C91BC942}") = "Drill01", "Drill01\Drill01.vcxproj", "{BE9B6AE6-D307-4816-AF10-D87CB14D7552}"
EndProject
Project("{8BC9CEB8-8B4A-11D0-8D11-00A0C91BC942}") = "Drill02", "Drill02\Drill02.vcxproj", "{EFEA5BBF-A966-4190-9D47-0CA34570E5F1}"
EndProject
Project("{8BC9CEB8-8B4A-11D0-8D11-00A0C91BC942}") = "Drill03", "Drill03\Drill03.vcxproj", "{8D9004D0-EF3C-473B-9E7F-7D9E9A7805B5}"
EndProject
Project("{8BC9CEB8-8B4A-11D0-8D11-00A0C91BC942}") = "Drill04", "Drill04\Drill04.vcxproj", "{CF5ACD24-2691-4033-B563-D5E7FA44A0E1}"
EndProject
Project("{8BC9CEB8-8B4A-11D0-8D11-00A0C91BC942}") = "Drill05", "Drill05\Drill05.vcxproj", "{CD51BF14-A9E9-4F03-990A-88CEC0AC370E}"
EndProject
Project("{8BC9CEB8-8B4A-11D0-8D11-00A0C91BC942}") = "LAB1", "LAB1\LAB1.vcxproj", "{CBB42BD9-3F3F-45A7-966E-6C9755243CF2}"
EndProject
Project("{8BC9CEB8-8B4A-11D0-8D11-00A0C91BC942}") = "Drill06", "Drill06\Drill06.vcxproj", "{4B025206-D145-46EA-8C1E-7264D11793CB}"
EndProject
Project("{8BC9CEB8-8B4A-11D0-8D11-00A0C91BC942}") = "Drill07", "Drill07\Drill07.vcxproj", "{8D711B58-2756-49E5-A263-D07EAB24ABED}"
EndProject
Project("{8BC9CEB8-8B4A-11D0-8D11-00A0C91BC942}") = "Drill08", "Drill08\Drill08.vcxproj", "{2487AF89-0248-4E70-BBA1-8BFE8699D08A}"
EndProject
Project("{8BC9CEB8-8B4A-11D0-8D11-00A0C91BC942}") = "Drill09", "Drill09\Drill09.vcxproj", "{B4364111-ED97-4C27-80D6-1A903A0464CE}"
EndProject
Project("{8BC9CEB8-8B4A-11D0-8D11-00A0C91BC942}") = "Drill10", "Drill10\Drill10.vcxproj", "{7C18A81D-C24A-4347-9F81-EE3C223DE2ED}"
EndProject
Project("{8BC9CEB8-8B4A-11D0-8D11-00A0C91BC942}") = "Drill11", "Drill11\Drill11.vcxproj", "{3321A6B1-CBE2-4123-B129-D34829190BE0}"
EndProject
Project("{8BC9CEB8-8B4A-11D0-8D11-00A0C91BC942}") = "Drill12", "Drill12\Drill12.vcxproj", "{BC5EB948-83A6-425C-B314-0D7398DC77AB}"
EndProject
Project("{8BC9CEB8-8B4A-11D0-8D11-00A0C91BC942}") = "Drill13", "Drill13\Drill13.vcxproj", "{7B635B32-0F1D-4B45-9421-A7E6BF88E79A}"
EndProject
Project("{8BC9CEB8-8B4A-11D0-8D11-00A0C91BC942}") = "Drill14", "Drill14\Drill14.vcxproj", "{8F9AF2AD-E348-4D54-B1F0-4DE76794FEA1}"
EndProject
Project("{8BC9CEB8-8B4A-11D0-8D11-00A0C91BC942}") = "Drill15", "Drill15\Drill15.vcxproj", "{0F2C13CD-1690-4FB1-B885-1F9C606A6905}"
EndProject
Project("{8BC9CEB8-8B4A-11D0-8D11-00A0C91BC942}") = "LAB2", "LAB2\LAB2.vcxproj", "{3F6933F8-EB7A-42CB-A145-F538C796AAAA}"
EndProject
Project("{8BC9CEB8-8B4A-11D0-8D11-00A0C91BC942}") = "Mini Project", "Mini Project\Mini Project.vcxproj", "{BF961351-CC35-4721-8A1C-57180824B48A}"
EndProject
Project("{8BC9CEB8-8B4A-11D0-8D11-00A0C91BC942}") = "Programming01", "Programming01\Programming01.vcxproj", "{E701783B-48B0-4EDA-9572-605460CA7C61}"
EndProject
Project("{8BC9CEB8-8B4A-11D0-8D11-00A0C91BC942}") = "Programming02", "Programming02\Programming02.vcxproj", "{F1A9506D-CA2E-4AEE-9D32-1603153ED068}"
EndProject
Project("{8BC9CEB8-8B4A-11D0-8D11-00A0C91BC942}") = "Programming03", "Programming03\Programming03.vcxproj", "{9176E6FB-DC72-4771-A50E-1D252D0813E8}"
EndProject
Project("{8BC9CEB8-8B4A-11D0-8D11-00A0C91BC942}") = "Programming04", "Programming04\Programming04.vcxproj", "{B0EA3019-B385-47F2-B38F-18EEAFEE7991}"
EndProject
Project("{8BC9CEB8-8B4A-11D0-8D11-00A0C91BC942}") = "Programming05", "Programming05\Programming05.vcxproj", "{F2562D26-C8FF-4A47-8AA6-5785074BE173}"
EndProject
Project("{8BC9CEB8-8B4A-11D0-8D11-00A0C91BC942}") = "Programming06", "Programming06\Programming06.vcxproj", "{7D5F80F1-AE92-40B8-8489-3A6069D29406}"
EndProject
Project("{8BC9CEB8-8B4A-11D0-8D11-00A0C91BC942}") = "Programming07", "Programming07\Programming07.vcxproj", "{21D46B73-6DCF-4F07-8B91-96208090FA9A}"
EndProject
Project("{8BC9CEB8-8B4A-11D0-8D11-00A0C91BC942}") = "Programming08", "Programming08\Programming08.vcxproj", "{906646C9-30F0-42DA-95A0-C5994453E12B}"
EndProject
Project("{8BC9CEB8-8B4A-11D0-8D11-00A0C91BC942}") = "Programming09", "Programming09\Programming09.vcxproj", "{AAC6075B-9093-4218-906D-E33CC54A44C6}"
EndProject
Project("{8BC9CEB8-8B4A-11D0-8D11-00A0C91BC942}") = "Programming10", "Programming10\Programming10.vcxproj", "{803C7E29-39E8-4E93-ACA9-7EFAA095A876}"
EndProject
Project("{8BC9CEB8-8B4A-11D0-8D11-00A0C91BC942}") = "Programming11", "Programming11\Programming11.vcxproj", "{C2D257B6-42CA-4DAA-8873-6CD1FDFE4845}"
EndProject
Project("{8BC9CEB8-8B4A-11D0-8D11-00A0C91BC942}") = "Programming12", "Programming12\Programming12.vcxproj", "{3458AEA4-2767-46D5-B31C-A51886678A0A}"
EndProject
Project("{8BC9CEB8-8B4A-11D0-8D11-00A0C91BC942}") = "Programming13", "Programming13\Programming13.vcxproj", "{E746CB53-4807-4DCD-8FF5-C07738DE9F9E}"
EndProject
Project("{8BC9CEB8-8B4A-11D0-8D11-00A0C91BC942}") = "Programming14", "Programming14\Programming14.vcxproj", "{F585C30D-F564-4F41-8B27-108FA49B254D}"
EndProject
Project("{8BC9CEB8-8B4A-11D0-8D11-00A0C91BC942}") = "Programming15", "Programming15\Programming15.vcxproj", "{CFE52E0B-0531-4EF6-AE54-347CE612209C}"
EndProject
Project("{8BC9CEB8-8B4A-11D0-8D11-00A0C91BC942}") = "Programming16", "Programming16\Programming16.vcxproj", "{B8C2199F-5888-4FA3-9C9E-FC96EC9B66A0}"
EndProject
Global
	GlobalSection(SolutionConfigurationPlatforms) = preSolution
		Debug|x64 = Debug|x64
		Debug|x86 = Debug|x86
		Release|x64 = Release|x64
		Release|x86 = Release|x86
	EndGlobalSection
	GlobalSection(ProjectConfigurationPlatforms) = postSolution
		{BE9B6AE6-D307-4816-AF10-D87CB14D7552}.Debug|x64.ActiveCfg = Debug|x64
		{BE9B6AE6-D307-4816-AF10-D87CB14D7552}.Debug|x64.Build.0 = Debug|x64
		{BE9B6AE6-D307-4816-AF10-D87CB14D7552}.Debug|x86.ActiveCfg = Debug|Win32
		{BE9B6AE6-D307-4816-AF10-D87CB14D7552}.Debug|x86.Build.0 = Debug|Win32
		{BE9B6AE6-D307-4816-AF10-D87CB14D7552}.Release|x64.ActiveCfg = Release|x64
		{BE9B6AE6-D307-4816-AF10-D87CB14D7552}.Release|x64.Build.0 = Release|x64
		{BE9B6AE6-D307-4816-AF10-D87CB14D7552}.Release|x86.ActiveCfg = Release|Win32
		{BE9B6AE6-D307-4816-AF10-D87CB14D7552}.Release|x86.Build.0 = Release|Win32
		{EFEA5BBF-A966-4190-9D47-0CA34570E5F1}.Debug|x64.ActiveCfg = Debug|x64
		{EFEA5BBF-A966-4190-9D47-0CA34570E5F1}.Debug|x64.Build.0 = Debug|x64
		{EFEA5BBF-A966-4190-9D47-0CA34570E5F1}.Debug|x86.ActiveCfg = Debug|Win32
		{EFEA5BBF-A966-4190-9D47-0CA34570E5F1}.Debug|x86.Build.0 = Debug|Win32
		{EFEA5BBF-A966-4190-9D47-0CA34570E5F1}.Release|x64.ActiveCfg = Release|x64
		{EFEA5BBF-A966-4190-9D47-0CA34570E5F1}.Release|x64.Build.0 = Release|x64
		{EFEA5BBF-A966-4190-9D47-0CA34570E5F1}.Release|x86.ActiveCfg = Release|Win32
		{EFEA5BBF-A966-4190-9D47-0CA34570E5F1}.Release|x86.Build.0 = Release|Win32
		{8D9004D0-EF3C-473B-9E7F-7D9E9A7805B5}.Debug|x64.ActiveCfg = Debug|x64
		{8D9004D0-EF3C-473B-9E7F-7D9E9A7805B5}.Debug|x64.Build.0 = Debug|x64
		{8D9004D0-EF3C-473B-9E7F-7D9E9A7805B5}.Debug|x86.ActiveCfg = Debug|Win32
		{8D9004D0-EF3C-473B-9E7F-7D9E9A7805B5}.Debug|x86.Build.0 = Debug|Win32
		{8D9004D0-EF3C-473B-9E7F-7D9E9A7805B5}.Release|x64.ActiveCfg = Release|x64
		{8D9004D0-EF3C-473B-9E7F-7D9E9A7805B5}.Release|x64.Build.0 = Release|x64
		{8D9004D0-EF3C-473B-9E7F-7D9E9A7805B5}.Release|x86.ActiveCfg = Release|Win32
		{8D9004D0-EF3C-473B-9E7F-7D9E9A7805B5}.Release|x86.Build.0 = Release|Win32
		{CF5ACD24-2691-4033-B563-D5E7FA44A0E1}.Debug|x64.ActiveCfg = Debug|x64
		{CF5ACD24-2691-4033-B563-D5E7FA44A0E1}.Debug|x64.Build.0 = Debug|x64
		{CF5ACD24-2691-4033-B563-D5E7FA44A0E1}.Debug|x86.ActiveCfg = Debug|Win32
		{CF5ACD24-2691-4033-B563-D5E7FA44A0E1}.Debug|x86.Build.0 = Debug|Win32
		{CF5ACD24-2691-4033-B563-D5E7FA44A0E1}.Release|x64.ActiveCfg = Release|x64
		{CF5ACD24-2691-4033-B563-D5E7FA44A0E1}.Release|x64.Build.0 = Release|x64
		{CF5ACD24-2691-4033-B563-D5E7FA44A0E1}.Release|x86.ActiveCfg = Release|Win32
		{CF5ACD24-2691-4033-B563-D5E7FA44A0E1}.Release|x86.Build.0 = Release|Win32
		{CD51BF14-A9E9-4F03-990A-88CEC0AC370E}.Debug|x64.ActiveCfg = Debug|x64
		{CD51BF14-A9E9-4F03-990A-88CEC0AC370E}.Debug|x64.Build.0 = Debug|x64
		{CD51BF14-A9E9-4F03-990A-88CEC0AC370E}.Debug|x86.ActiveCfg = Debug|Win32
		{CD51BF14-A9E9-4F03-990A-88CEC0AC370E}.Debug|x86.Build.0 = Debug|Win32
		{CD51BF14-A9E9-4F03-990A-88CEC0AC370E}.Release|x64.ActiveCfg = Release|x64
		{CD51BF14-A9E9-4F03-990A-88CEC0AC370E}.Release|x64.Build.0 = Release|x64
		{CD51BF14-A9E9-4F03-990A-88CEC0AC370E}.Release|x86.ActiveCfg = Release|Win32
		{CD51BF14-A9E9-4F03-990A-88CEC0AC370E}.Release|x86.Build.0 = Release|Win32
		{CBB42BD9-3F3F-45A7-966E-6C9755243CF2}.Debug|x64.ActiveCfg = Debug|x64
		{CBB42BD9-3F3F-45A7-966E-6C9755243CF2}.Debug|x64.Build.0 = Debug|x64
		{CBB42BD9-3F3F-45A7-966E-6C9755243CF2}.Debug|x86.ActiveCfg = Debug|Win32
		{CBB42BD9-3F3F-45A7-966E-6C9755243CF2}.Debug|x86.Build.0 = Debug|Win32
		{CBB42BD9-3F3F-45A7-966E-6C9755243CF2}.Release|x64.ActiveCfg = Release|x64
		{CBB42BD9-3F3F-45A7-966E-6C9755243CF2}.Release|x64.Build.0 = Release|x64
		{CBB42BD9-3F3F-45A7-966E-6C9755243CF2}.Release|x86.ActiveCfg = Release|Win32
		{CBB42BD9-3F3F-45A7-966E-6C9755243CF2}.Release|x86.Build.0 = Release|Win32
		{4B025206-D145-46EA-8C1E-7264D11793CB}.Debug|x64.ActiveCfg = Debug|x64
		{4B025206-D145-46EA-8C1E-7264D11793CB}.Debug|x64.Build.0 = Debug|x64
		{4B025206-D145-46EA-8C1E-7264D11793CB}.Debug|x86.ActiveCfg = Debug|Win32
		{4B025206-D145-46EA-8C1E-7264D11793CB}.Debug|x86.Build.0 = Debug|Win32
		{4B025206-D145-46EA-8C1E-7264D11793CB}.Release|x64.ActiveCfg = Release|x64
		{4B025206-D145-46EA-8C1E-7264D11793CB}.Release|x64.Build.0 = Release|x64
		{4B025206-D145-46EA-8C1E-7264D11793CB}.Release|x86.ActiveCfg = Release|Win32
		{4B025206-D145-46EA-8C1E-7264D11793CB}.Release|x86.Build.0 = Release|Win32
		{8D711B58-2756-49E5-A263-D07EAB24ABED}.Debug|x64.ActiveCfg = Debug|x64
		{8D711B58-2756-49E5-A263-D07EAB24ABED}.Debug|x64.Build.0 = Debug|x64
		{8D711B58-2756-49E5-A263-D07EAB24ABED}.Debug|x86.ActiveCfg = Debug|Win32
		{8D711B58-2756-49E5-A263-D07EAB24ABED}.Debug|x86.Build.0 = Debug|Win32
		{8D711B58-2756-49E5-A263-D07EAB24ABED}.Release|x64.ActiveCfg = Release|x64
		{8D711B58-2756-49E5-A263-D07EAB24ABED}.Release|x64.Build.0 = Release|x64
		{8D711B58-2756-49E5-A263-D07EAB24ABED}.Release|x86.ActiveCfg = Release|Win32
		{8D711B58-2756-49E5-A263-D07EAB24ABED}.Release|x86.Build.0 = Release|Win32
		{2487AF89-0248-4E70-BBA1-8BFE8699D08A}.Debug|x64.ActiveCfg = Debug|x64
		{2487AF89-0248-4E70-BBA1-8BFE8699D08A}.Debug|x64.Build.0 = Debug|x64
		{2487AF89-0248-4E70-BBA1-8BFE8699D08A}.Debug|x86.ActiveCfg = Debug|Win32
		{2487AF89-0248-4E70-BBA1-8BFE8699D08A}.Debug|x86.Build.0 = Debug|Win32
		{2487AF89-0248-4E70-BBA1-8BFE8699D08A}.Release|x64.ActiveCfg = Release|x64
		{2487AF89-0248-4E70-BBA1-8BFE8699D08A}.Release|x64.Build.0 = Release|x64
		{2487AF89-0248-4E70-BBA1-8BFE8699D08A}.Release|x86.ActiveCfg = Release|Win32
		{2487AF89-0248-4E70-BBA1-8BFE8699D08A}.Release|x86.Build.0 = Release|Win32
		{B4364111-ED97-4C27-80D6-1A903A0464CE}.Debug|x64.ActiveCfg = Debug|x64
		{B4364111-ED97-4C27-80D6-1A903A0464CE}.Debug|x64.Build.0 = Debug|x64
		{B4364111-ED97-4C27-80D6-1A903A0464CE}.Debug|x86.ActiveCfg = Debug|Win32
		{B4364111-ED97-4C27-80D6-1A903A0464CE}.Debug|x86.Build.0 = Debug|Win32
		{B4364111-ED97-4C27-80D6-1A903A0464CE}.Release|x64.ActiveCfg = Release|x64
		{B4364111-ED97-4C27-80D6-1A903A0464CE}.Release|x64.Build.0 = Release|x64
		{B4364111-ED97-4C27-80D6-1A903A0464CE}.Release|x86.ActiveCfg = Release|Win32
		{B4364111-ED97-4C27-80D6-1A903A0464CE}.Release|x86.Build.0 = Release|Win32
		{7C18A81D-C24A-4347-9F81-EE3C223DE2ED}.Debug|x64.ActiveCfg = Debug|x64
		{7C18A81D-C24A-4347-9F81-EE3C223DE2ED}.Debug|x64.Build.0 = Debug|x64
		{7C18A81D-C24A-4347-9F81-EE3C223DE2ED}.Debug|x86.ActiveCfg = Debug|Win32
		{7C18A81D-C24A-4347-9F81-EE3C223DE2ED}.Debug|x86.Build.0 = Debug|Win32
		{7C18A81D-C24A-4347-9F81-EE3C223DE2ED}.Release|x64.ActiveCfg = Release|x64
		{7C18A81D-C24A-4347-9F81-EE3C223DE2ED}.Release|x64.Build.0 = Release|x64
		{7C18A81D-C24A-4347-9F81-EE3C223DE2ED}.Release|x86.ActiveCfg = Release|Win32
		{7C18A81D-C24A-4347-9F81-EE3C223DE2ED}.Release|x86.Build.0 = Release|Win32
		{3321A6B1-CBE2-4123-B129-D34829190BE0}.Debug|x64.ActiveCfg = Debug|x64
		{3321A6B1-CBE2-4123-B129-D34829190BE0}.Debug|x64.Build.0 = Debug|x64
		{3321A6B1-CBE2-4123-B129-D34829190BE0}.Debug|x86.ActiveCfg = Debug|Win32
		{3321A6B1-CBE2-4123-B129-D34829190BE0}.Debug|x86.Build.0 = Debug|Win32
		{3321A6B1-CBE2-4123-B129-D34829190BE0}.Release|x64.ActiveCfg = Release|x64
		{3321A6B1-CBE2-4123-B129-D34829190BE0}.Release|x64.Build.0 = Release|x64
		{3321A6B1-CBE2-4123-B129-D34829190BE0}.Release|x86.ActiveCfg = Release|Win32
		{3321A6B1-CBE2-4123-B129-D34829190BE0}.Release|x86.Build.0 = Release|Win32
		{BC5EB948-83A6-425C-B314-0D7398DC77AB}.Debug|x64.ActiveCfg = Debug|x64
		{BC5EB948-83A6-425C-B314-0D7398DC77AB}.Debug|x64.Build.0 = Debug|x64
		{BC5EB948-83A6-425C-B314-0D7398DC77AB}.Debug|x86.ActiveCfg = Debug|Win32
		{BC5EB948-83A6-425C-B314-0D7398DC77AB}.Debug|x86.Build.0 = Debug|Win32
		{BC5EB948-83A6-425C-B314-0D7398DC77AB}.Release|x64.ActiveCfg = Release|x64
		{BC5EB948-83A6-425C-B314-0D7398DC77AB}.Release|x64.Build.0 = Release|x64
		{BC5EB948-83A6-425C-B314-0D7398DC77AB}.Release|x86.ActiveCfg = Release|Win32
		{BC5EB948-83A6-425C-B314-0D7398DC77AB}.Release|x86.Build.0 = Release|Win32
		{7B635B32-0F1D-4B45-9421-A7E6BF88E79A}.Debug|x64.ActiveCfg = Debug|x64
		{7B635B32-0F1D-4B45-9421-A7E6BF88E79A}.Debug|x64.Build.0 = Debug|x64
		{7B635B32-0F1D-4B45-9421-A7E6BF88E79A}.Debug|x86.ActiveCfg = Debug|Win32
		{7B635B32-0F1D-4B45-9421-A7E6BF88E79A}.Debug|x86.Build.0 = Debug|Win32
		{7B635B32-0F1D-4B45-9421-A7E6BF88E79A}.Release|x64.ActiveCfg = Release|x64
		{7B635B32-0F1D-4B45-9421-A7E6BF88E79A}.Release|x64.Build.0 = Release|x64
		{7B635B32-0F1D-4B45-9421-A7E6BF88E79A}.Release|x86.ActiveCfg = Release|Win32
		{7B635B32-0F1D-4B45-9421-A7E6BF88E79A}.Release|x86.Build.0 = Release|Win32
		{8F9AF2AD-E348-4D54-B1F0-4DE76794FEA1}.Debug|x64.ActiveCfg = Debug|x64
		{8F9AF2AD-E348-4D54-B1F0-4DE76794FEA1}.Debug|x64.Build.0 = Debug|x64
		{8F9AF2AD-E348-4D54-B1F0-4DE76794FEA1}.Debug|x86.ActiveCfg = Debug|Win32
		{8F9AF2AD-E348-4D54-B1F0-4DE76794FEA1}.Debug|x86.Build.0 = Debug|Win32
		{8F9AF2AD-E348-4D54-B1F0-4DE76794FEA1}.Release|x64.ActiveCfg = Release|x64
		{8F9AF2AD-E348-4D54-B1F0-4DE76794FEA1}.Release|x64.Build.0 = Release|x64
		{8F9AF2AD-E348-4D54-B1F0-4DE76794FEA1}.Release|x86.ActiveCfg = Release|Win32
		{8F9AF2AD-E348-4D54-B1F0-4DE76794FEA1}.Release|x86.Build.0 = Release|Win32
		{0F2C13CD-1690-4FB1-B885-1F9C606A6905}.Debug|x64.ActiveCfg = Debug|x64
		{0F2C13CD-1690-4FB1-B885-1F9C606A6905}.Debug|x64.Build.0 = Debug|x64
		{0F2C13CD-1690-4FB1-B885-1F9C606A6905}.Debug|x86.ActiveCfg = Debug|Win32
		{0F2C13CD-1690-4FB1-B885-1F9C606A6905}.Debug|x86.Build.0 = Debug|Win32
		{0F2C13CD-1690-4FB1-B885-1F9C606A6905}.Release|x64.ActiveCfg = Release|x64
		{0F2C13CD-1690-4FB1-B885-1F9C606A6905}.Release|x64.Build.0 = Release|x64
		{0F2C13CD-1690-4FB1-B885-1F9C606A6905}.Release|x86.ActiveCfg = Release|Win32
		{0F2C13CD-1690-4FB1-B885-1F9C606A6905}.Release|x86.Build.0 = Release|Win32
		{3F6933F8-EB7A-42CB-A145-F538C796AAAA}.Debug|x64.ActiveCfg = Debug|x64
		{3F6933F8-EB7A-42CB-A145-F538C796AAAA}.Debug|x64.Build.0 = Debug|x64
		{3F6933F8-EB7A-42CB-A145-F538C796AAAA}.Debug|x86.ActiveCfg = Debug|Win32
		{3F6933F8-EB7A-42CB-A145-F538C796AAAA}.Debug|x86.Build.0 = Debug|Win32
		{3F6933F8-EB7A-42CB-A145-F538C796AAAA}.Release|x64.ActiveCfg = Release|x64
		{3F6933F8-EB7A-42CB-A145-F538C796AAAA}.Release|x64.Build.0 = Release|x64
		{3F6933F8-EB7A-42CB-A145-F538C796AAAA}.Release|x86.ActiveCfg = Release|Win32
		{3F6933F8-EB7A-42CB-A145-F538C796AAAA}.Release|x86.Build.0 = Release|Win32
		{BF961351-CC35-4721-8A1C-57180824B48A}.Debug|x64.ActiveCfg = Debug|x64
		{BF961351-CC35-4721-8A1C-57180824B48A}.Debug|x64.Build.0 = Debug|x64
		{BF961351-CC35-4721-8A1C-57180824B48A}.Debug|x86.ActiveCfg = Debug|Win32
		{BF961351-CC35-4721-8A1C-57180824B48A}.Debug|x86.Build.0 = Debug|Win32
		{BF961351-CC35-4721-8A1C-57180824B48A}.Release|x64.ActiveCfg = Release|x64
		{BF961351-CC35-4721-8A1C-57180824B48A}.Release|x64.Build.0 = Release|x64
		{BF961351-CC35-4721-8A1C-57180824B48A}.Release|x86.ActiveCfg = Release|Win32
		{BF961351-CC35-4721-8A1C-57180824B48A}.Release|x86.Build.0 = Release|Win32
		{E701783B-48B0-4EDA-9572-605460CA7C61}.Debug|x64.ActiveCfg = Debug|x64
		{E701783B-48B0-4EDA-9572-605460CA7C61}.Debug|x64.Build.0 = Debug|x64
		{E701783B-48B0-4EDA-9572-605460CA7C61}.Debug|x86.ActiveCfg = Debug|Win32
		{E701783B-48B0-4EDA-9572-605460CA7C61}.Debug|x86.Build.0 = Debug|Win32
		{E701783B-48B0-4EDA-9572-605460CA7C61}.Release|x64.ActiveCfg = Release|x64
		{E701783B-48B0-4EDA-9572-605460CA7C61}.Release|x64.Build.0 = Release|x64
		{E701783B-48B0-4EDA-9572-605460CA7C61}.Release|x86.ActiveCfg = Release|Win32
		{E701783B-48B0-4EDA-9572-605460CA7C61}.Release|x86.Build.0 = Release|Win32
		{F1A9506D-CA2E-4AEE-9D32-1603153ED068}.Debug|x64.ActiveCfg = Debug|x64
		{F1A9506D-CA2E-4AEE-9D32-1603153ED068}.Debug|x64.Build.0 = Debug|x64
		{F1A9506D-CA2E-4AEE-9D32-1603153ED068}.Debug|x86.ActiveCfg = Debug|Win32
		{F1A9506D-CA2E-4AEE-9D32-1603153ED068}.Debug|x86.Build.0 = Debug|Win32
		{F1A9506D-CA2E-4AEE-9D32-1603153ED068}.Release|x64.ActiveCfg = Release|x64
		{F1A9506D-CA2E-4AEE-9D32-1603153ED068}.Release|x64.Build.0 = Release|x64
		{F1A9506D-CA2E-4AEE-9D32-1603153ED068}.Release|x86.ActiveCfg = Release|Win32
		{F1A9506D-CA2E-4AEE-9D32-1603153ED068}.Release|x86.Build.0 = Release|Win32
		{9176E6FB-DC72-4771-A50E-1D252D0813E8}.Debug|x64.ActiveCfg = Debug|x64
		{9176E6FB-DC72-4771-A50E-1D252D0813E8}.Debug|x64.Build.0 = Debug|x64
		{9176E6FB-DC72-4771-A50E-1D252D0813E8}.Debug|x86.ActiveCfg = Debug|Win32
		{9176E6FB-DC72-4771-A50E-1D252D0813E8}.Debug|x86.Build.0 = Debug|Win32
		{9176E6FB-DC72-4771-A50E-1D252D0813E8}.Release|x64.ActiveCfg = Release|x64
		{9176E6FB-DC72-4771-A50E-1D252D0813E8}.Release|x64.Build.0 = Release|x64
		{9176E6FB-DC72-4771-A50E-1D252D0813E8}.Release|x86.ActiveCfg = Release|Win32
		{9176E6FB-DC72-4771-A50E-1D252D0813E8}.Release|x86.Build.0 = Release|Win32
		{B0EA3019-B385-47F2-B38F-18EEAFEE7991}.Debug|x64.ActiveCfg = Debug|x64
		{B0EA3019-B385-47F2-B38F-18EEAFEE7991}.Debug|x64.Build.0 = Debug|x64
		{B0EA3019-B385-47F2-B38F-18EEAFEE7991}.Debug|x86.ActiveCfg = Debug|Win32
		{B0EA3019-B385-47F2-B38F-18EEAFEE7991}.Debug|x86.Build.0 = Debug|Win32
		{B0EA3019-B385-47F2-B38F-18EEAFEE7991}.Release|x64.ActiveCfg = Release|x64
		{B0EA3019-B385-47F2-B38F-18EEAFEE7991}.Release|x64.Build.0 = Release|x64
		{B0EA3019-B385-47F2-B38F-18EEAFEE7991}.Release|x86.ActiveCfg = Release|Win32
		{B0EA3019-B385-47F2-B38F-18EEAFEE7991}.Release|x86.Build.0 = Release|Win32
		{F2562D26-C8FF-4A47-8AA6-5785074BE173}.Debug|x64.ActiveCfg = Debug|x64
		{F2562D26-C8FF-4A47-8AA6-5785074BE173}.Debug|x64.Build.0 = Debug|x64
		{F2562D26-C8FF-4A47-8AA6-5785074BE173}.Debug|x86.ActiveCfg = Debug|Win32
		{F2562D26-C8FF-4A47-8AA6-5785074BE173}.Debug|x86.Build.0 = Debug|Win32
		{F2562D26-C8FF-4A47-8AA6-5785074BE173}.Release|x64.ActiveCfg = Release|x64
		{F2562D26-C8FF-4A47-8AA6-5785074BE173}.Release|x64.Build.0 = Release|x64
		{F2562D26-C8FF-4A47-8AA6-5785074BE173}.Release|x86.ActiveCfg = Release|Win32
		{F2562D26-C8FF-4A47-8AA6-5785074BE173}.Release|x86.Build.0 = Release|Win32
		{7D5F80F1-AE92-40B8-8489-3A6069D29406}.Debug|x64.ActiveCfg = Debug|x64
		{7D5F80F1-AE92-40B8-8489-3A6069D29406}.Debug|x64.Build.0 = Debug|x64
		{7D5F80F1-AE92-40B8-8489-3A6069D29406}.Debug|x86.ActiveCfg = Debug|Win32
		{7D5F80F1-AE92-40B8-8489-3A6069D29406}.Debug|x86.Build.0 = Debug|Win32
		{7D5F80F1-AE92-40B8-8489-3A6069D29406}.Release|x64.ActiveCfg = Release|x64
		{7D5F80F1-AE92-40B8-8489-3A6069D29406}.Release|x64.Build.0 = Release|x64
		{7D5F80F1-AE92-40B8-8489-3A6069D29406}.Release|x86.ActiveCfg = Release|Win32
		{7D5F80F1-AE92-40B8-8489-3A6069D29406}.Release|x86.Build.0 = Release|Win32
		{21D46B73-6DCF-4F07-8B91-96208090FA9A}.Debug|x64.ActiveCfg = Debug|x64
		{21D46B73-6DCF-4F07-8B91-96208090FA9A}.Debug|x64.Build.0 = Debug|x64
		{21D46B73-6DCF-4F07-8B91-96208090FA9A}.Debug|x86.ActiveCfg = Debug|Win32
		{21D46B73-6DCF-4F07-8B91-96208090FA9A}.Debug|x86.Build.0 = Debug|Win32
		{21D46B73-6DCF-4F07-8B91-96208090FA9A}.Release|x64.ActiveCfg = Release|x64
		{21D46B73-6DCF-4F07-8B91-96208090FA9A}.Release|x64.Build.0 = Release|x64
		{21D46B73-6DCF-4F07-8B91-96208090FA9A}.Release|x86.ActiveCfg = Release|Win32
		{21D46B73-6DCF-4F07-8B91-96208090FA9A}.Release|x86.Build.0 = Release|Win32
		{906646C9-30F0-42DA-95A0-C5994453E12B}.Debug|x64.ActiveCfg = Debug|x64
		{906646C9-30F0-42DA-95A0-C5994453E12B}.Debug|x64.Build.0 = Debug|x64
		{906646C9-30F0-42DA-95A0-C5994453E12B}.Debug|x86.ActiveCfg = Debug|Win32
		{906646C9-30F0-42DA-95A0-C5994453E12B}.Debug|x86.Build.0 = Debug|Win32
		{906646C9-30F0-42DA-95A0-C5994453E12B}.Release|x64.ActiveCfg = Release|x64
		{906646C9-30F0-42DA-95A0-C5994453E12B}.Release|x64.Build.0 = Release|x64
		{906646C9-30F0-42DA-95A0-C5994453E12B}.Release|x86.ActiveCfg = Release|Win32
		{906646C9-30F0-42DA-95A0-C5994453E12B}.Release|x86.Build.0 = Release|Win32
		{AAC6075B-9093-4218-906D-E33CC54A44C6}.Debug|x64.ActiveCfg = Debug|x64
		{AAC6075B-9093-4218-906D-E33CC54A44C6}.Debug|x64.Build.0 = Debug|x64
		{AAC6075B-9093-4218-906D-E33CC54A44C6}.Debug|x86.ActiveCfg = Debug|Win32
		{AAC6075B-9093-4218-906D-E33CC54A44C6}.Debug|x86.Build.0 = Debug|Win32
		{AAC6075B-9093-4218-906D-E33CC54A44C6}.Release|x64.ActiveCfg = Release|x64
		{AAC6075B-9093-4218-906D-E33CC54A44C6}.Release|x64.Build.0 = Release|x64
		{AAC6075B-9093-4218-906D-E33CC54A44C6}.Release|x86.ActiveCfg = Release|Win32
		{AAC6075B-9093-4218-906D-E33CC54A44C6}.Release|x86.Build.0 = Release|Win32
		{803C7E29-39E8-4E93-ACA9-7EFAA095A876}.Debug|x64.ActiveCfg = Debug|x64
		{803C7E29-39E8-4E93-ACA9-7EFAA095A876}.Debug|x64.Build.0 = Debug|x64
		{803C7E29-39E8-4E93-ACA9-7EFAA095A876}.Debug|x86.ActiveCfg = Debug|Win32
		{803C7E29-39E8-4E93-ACA9-7EFAA095A876}.Debug|x86.Build.0 = Debug|Win32
		{803C7E29-39E8-4E93-ACA9-7EFAA095A876}.Release|x64.ActiveCfg = Release|x64
		{803C7E29-39E8-4E93-ACA9-7EFAA095A876}.Release|x64.Build.0 = Release|x64
		{803C7E29-39E8-4E93-ACA9-7EFAA095A876}.Release|x86.ActiveCfg = Release|Win32
		{803C7E29-39E8-4E93-ACA9-7EFAA095A876}.Release|x86.Build.0 = Release|Win32
		{C2D257B6-42CA-4DAA-8873-6CD1FDFE4845}.Debug|x64.ActiveCfg = Debug|x64
		{C2D257B6-42CA-4DAA-8873-6CD1FDFE4845}.Debug|x64.Build.0 = Debug|x64
		{C2D257B6-42CA-4DAA-8873-6CD1FDFE4845}.Debug|x86.ActiveCfg = Debug|Win32
		{C2D257B6-42CA-4DAA-8873-6CD1FDFE4845}.Debug|x86.Build.0 = Debug|Win32
		{C2D257B6-42CA-4DAA-8873-6CD1FDFE4845}.Release|x64.ActiveCfg = Release|x64
		{C2D257B6-42CA-4DAA-8873-6CD1FDFE4845}.Release|x64.Build.0 = Release|x64
		{C2D257B6-42CA-4DAA-8873-6CD1FDFE4845}.Release|x86.ActiveCfg = Release|Win32
		{C2D257B6-42CA-4DAA-8873-6CD1FDFE4845}.Release|x86.Build.0 = Release|Win32
		{3458AEA4-2767-46D5-B31C-A51886678A0A}.Debug|x64.ActiveCfg = Debug|x64
		{3458AEA4-2767-46D5-B31C-A51886678A0A}.Debug|x64.Build.0 = Debug|x64
		{3458AEA4-2767-46D5-B31C-A51886678A0A}.Debug|x86.ActiveCfg = Debug|Win32
		{3458AEA4-2767-46D5-B31C-A51886678A0A}.Debug|x86.Build.0 = Debug|Win32
		{3458AEA4-2767-46D5-B31C-A51886678A0A}.Release|x64.ActiveCfg = Release|x64
		{3458AEA4-2767-46D5-B31C-A51886678A0A}.Release|x64.Build.0 = Release|x64
		{3458AEA4-2767-46D5-B31C-A51886678A0A}.Release|x86.ActiveCfg = Release|Win32
		{3458AEA4-2767-46D5-B31C-A51886678A0A}.Release|x86.Build.0 = Release|Win32
		{E746CB53-4807-4DCD-8FF5-C07738DE9F9E}.Debug|x64.ActiveCfg = Debug|x64
		{E746CB53-4807-4DCD-8FF5-C07738DE9F9E}.Debug|x64.Build.0 = Debug|x64
		{E746CB53-4807-4DCD-8FF5-C07738DE9F9E}.Debug|x86.ActiveCfg = Debug|Win32
		{E746CB53-4807-4DCD-8FF5-C07738DE9F9E}.Debug|x86.Build.0 = Debug|Win32
		{E746CB53-4807-4DCD-8FF5-C07738DE9F9E}.Release|x64.ActiveCfg = Release|x64
		{E746CB53-4807-4DCD-8FF5-C07738DE9F9E}.Release|x64.Build.0 = Release|x64
		{E746CB53-4807-4DCD-8FF5-C07738DE9F9E}.Release|x86.ActiveCfg = Release|Win32
		{E746CB53-4807-4DCD-8FF5-C07738DE9F9E}.Release|x86.Build.0 = Release|Win32
		{F585C30D-F564-4F41-8B27-108FA49B254D}.Debug|x64.ActiveCfg = Debug|x64
		{F585C30D-F564-4F41-8B27-108FA49B254D}.Debug|x64.Build.0 = Debug|x64
		{F585C30D-F564-4F41-8B27-108FA49B254D}.Debug|x86.ActiveCfg = Debug|Win32
		{F585C30D-F564-4F41-8B27-108FA49B254D}.Debug|x86.Build.0 = Debug|Win32
		{F585C30D-F564-4F41-8B27-108FA49B254D}.Release|x64.ActiveCfg = Release|x64
		{F585C30D-F564-4F41-8B27-108FA49B254D}.Release|x64.Build.0 = Release|x64
		{F585C30D-F564-4F41-8B27-108FA49B254D}.Release|x86.ActiveCfg = Release|Win32
		{F585C30D-F564-4F41-8B27-108FA49B254D}.Release|x86.Build.0 = Release|Win32
		{CFE52E0B-0531-4EF6-AE54-347CE612209C}.Debug|x64.ActiveCfg = Debug|x64
		{CFE52E0B-0531-4EF6-AE54-347CE612209C}.Debug|x64.Build.0 = Debug|x64
		{CFE52E0B-0531-4EF6-AE54-347CE612209C}.Debug|x86.ActiveCfg = Debug|Win32
		{CFE52E0B-0531-4EF6-AE54-347CE612209C}.Debug|x86.Build.0 = Debug|Win32
		{CFE52E0B-0531-4EF6-AE54-347CE612209C}.Release|x64.ActiveCfg = Release|x64
		{CFE52E0B-0531-4EF6-AE54-347CE612209C}.Release|x64.Build.0 = Release|x64
		{CFE52E0B-0531-4EF6-AE54-347CE612209C}.Release|x86.ActiveCfg = Release|Win32
		{CFE52E0B-0531-4EF6-AE54-347CE612209C}.Release|x86.Build.0 = Release|Win32
		{B8C2199F-5888-4FA3-9C9E-FC96EC9B66A0}.Debug|x64.ActiveCfg = Debug|x64
		{B8C2199F-5888-4FA3-9C9E-FC96EC9B66A0}.Debug|x64.Build.0 = Debug|x64
		{B8C2199F-5888-4FA3-9C9E-FC96EC9B66A0}.Debug|x86.ActiveCfg = Debug|Win32
		{B8C2199F-5888-4FA3-9C9E-FC96EC9B66A0}.Debug|x86.Build.0 = Debug|Win32
		{B8C2199F-5888-4FA3-9C9E-FC96EC9B66A0}.Release|x64.ActiveCfg = Release|x64
		{B8C2199F-5888-4FA3-9C9E-FC96EC9B66A0}.Release|x64.Build.0 = Release|x64
		{B8C2199F-5888-4FA3-9C9E-FC96EC9B66A0}.Release|x86.ActiveCfg = Release|Win32
		{B8C2199F-5888-4FA3-9C9E-FC96EC9B66A0}.Release|x86.Build.0 = Release|Win32
	EndGlobalSection
	GlobalSection(SolutionProperties) = preSolution
		HideSolutionNode = FALSE
	EndGlobalSection
	GlobalSection(ExtensibilityGlobals) = postSolution
		SolutionGuid = {D4F19AAE-C9E6-4A66-9410-F17C63B756D3}
	EndGlobalSection
EndGlobal
