
Microsoft Visual Studio Solution File, Format Version 12.00
# Visual Studio Version 17
VisualStudioVersion = 17.14.36310.24
MinimumVisualStudioVersion = 10.0.40219.1
Project("{8BC9CEB8-8B4A-11D0-8D11-00A0C91BC942}") = "Drill01", "Drill01\Drill01.vcxproj", "{E7EA0F1A-AA6B-455B-9B13-9AD36F23FE48}"
EndProject
Project("{8BC9CEB8-8B4A-11D0-8D11-00A0C91BC942}") = "Drill02", "Drill02\Drill02.vcxproj", "{B6C8E82B-3104-4985-BBF0-E4F3246A266E}"
EndProject
Project("{8BC9CEB8-8B4A-11D0-8D11-00A0C91BC942}") = "LAB1", "LAB1\LAB1.vcxproj", "{3E36DA68-235F-4471-8EF5-3AB5D33DBDBE}"
EndProject
Project("{8BC9CEB8-8B4A-11D0-8D11-00A0C91BC942}") = "LAB2", "LAB2\LAB2.vcxproj", "{7AEAFE24-CD8A-40A7-91DA-7B8A2504A5CB}"
EndProject
Project("{8BC9CEB8-8B4A-11D0-8D11-00A0C91BC942}") = "LAB3", "LAB3\LAB3.vcxproj", "{F0CD9BCC-B3AD-42E7-9059-3D8B89A98FE3}"
EndProject
Project("{8BC9CEB8-8B4A-11D0-8D11-00A0C91BC942}") = "LAB4", "LAB4\LAB4.vcxproj", "{D15EED21-D482-4238-86F8-374271988EE6}"
EndProject
Project("{8BC9CEB8-8B4A-11D0-8D11-00A0C91BC942}") = "Drill03", "Drill03\Drill03.vcxproj", "{C518C193-1B04-4169-AF3F-42B27D52DFD2}"
EndProject
Project("{8BC9CEB8-8B4A-11D0-8D11-00A0C91BC942}") = "Drill04", "Drill04\Drill04.vcxproj", "{9CB03895-C2BB-48ED-9F54-7C1D100FEFC0}"
EndProject
Project("{8BC9CEB8-8B4A-11D0-8D11-00A0C91BC942}") = "LAB5", "LAB5\LAB5.vcxproj", "{92D1483C-B898-4012-B1C6-D6C454ED4755}"
EndProject
Project("{8BC9CEB8-8B4A-11D0-8D11-00A0C91BC942}") = "Drill05", "Drill05\Drill05.vcxproj", "{189C9C98-8E51-4E19-B00A-42D20A4CEBD0}"
EndProject
Project("{8BC9CEB8-8B4A-11D0-8D11-00A0C91BC942}") = "LAB6", "LAB6\LAB6.vcxproj", "{4D1E5676-01B1-4558-8D50-772D172A0835}"
EndProject
Project("{8BC9CEB8-8B4A-11D0-8D11-00A0C91BC942}") = "Mini Project", "Mini Project\Mini Project.vcxproj", "{55883763-A90E-460F-A63F-B92C902DED46}"
EndProject
Project("{8BC9CEB8-8B4A-11D0-8D11-00A0C91BC942}") = "Programming01", "Programming01\Programming01.vcxproj", "{9E26A3DF-4514-44C7-BFCA-3E38115B72AC}"
EndProject
Project("{8BC9CEB8-8B4A-11D0-8D11-00A0C91BC942}") = "Programming02", "Programming02\Programming02.vcxproj", "{13A64361-94A3-4FE7-B13A-960AB5E0BEC3}"
EndProject
Project("{8BC9CEB8-8B4A-11D0-8D11-00A0C91BC942}") = "Programming03", "Programming03\Programming03.vcxproj", "{480D6CF5-521E-4B76-8F40-726119C15A6C}"
EndProject
Project("{8BC9CEB8-8B4A-11D0-8D11-00A0C91BC942}") = "Programming04", "Programming04\Programming04.vcxproj", "{1E6D0469-E373-498C-B24B-A6F016BFA069}"
EndProject
Project("{8BC9CEB8-8B4A-11D0-8D11-00A0C91BC942}") = "Programming05", "Programming05\Programming05.vcxproj", "{61D38121-89C5-4B37-B579-1C97409C00F3}"
EndProject
Project("{8BC9CEB8-8B4A-11D0-8D11-00A0C91BC942}") = "Programming06", "Programming06\Programming06.vcxproj", "{6EAC7874-870A-42BA-B5E3-5B6F41D57CC2}"
EndProject
Project("{8BC9CEB8-8B4A-11D0-8D11-00A0C91BC942}") = "Programming07", "Programming07\Programming07.vcxproj", "{CE076474-A3BB-4AC3-A6DD-EA866E9008FD}"
EndProject
Project("{8BC9CEB8-8B4A-11D0-8D11-00A0C91BC942}") = "Programming08", "Programming08\Programming08.vcxproj", "{6EB15071-E1E4-487F-B133-309AEDF15257}"
EndProject
Project("{8BC9CEB8-8B4A-11D0-8D11-00A0C91BC942}") = "Programming09", "Programming09\Programming09.vcxproj", "{92D184D6-EECF-46EF-A701-25A45816EA0D}"
EndProject
Project("{8BC9CEB8-8B4A-11D0-8D11-00A0C91BC942}") = "Programming10", "Programming10\Programming10.vcxproj", "{852E929E-5DEE-4C48-B075-32104F768A84}"
EndProject
Project("{8BC9CEB8-8B4A-11D0-8D11-00A0C91BC942}") = "Programming11", "Programming11\Programming11.vcxproj", "{0AC9B863-C91E-4862-A03F-B50D771C3734}"
EndProject
Project("{8BC9CEB8-8B4A-11D0-8D11-00A0C91BC942}") = "Programming12", "Programming12\Programming12.vcxproj", "{49C25802-2D64-4F49-B6ED-05BAEEDE5C42}"
EndProject
Global
	GlobalSection(SolutionConfigurationPlatforms) = preSolution
		Debug|x64 = Debug|x64
		Debug|x86 = Debug|x86
		Release|x64 = Release|x64
		Release|x86 = Release|x86
	EndGlobalSection
	GlobalSection(ProjectConfigurationPlatforms) = postSolution
		{E7EA0F1A-AA6B-455B-9B13-9AD36F23FE48}.Debug|x64.ActiveCfg = Debug|x64
		{E7EA0F1A-AA6B-455B-9B13-9AD36F23FE48}.Debug|x64.Build.0 = Debug|x64
		{E7EA0F1A-AA6B-455B-9B13-9AD36F23FE48}.Debug|x86.ActiveCfg = Debug|Win32
		{E7EA0F1A-AA6B-455B-9B13-9AD36F23FE48}.Debug|x86.Build.0 = Debug|Win32
		{E7EA0F1A-AA6B-455B-9B13-9AD36F23FE48}.Release|x64.ActiveCfg = Release|x64
		{E7EA0F1A-AA6B-455B-9B13-9AD36F23FE48}.Release|x64.Build.0 = Release|x64
		{E7EA0F1A-AA6B-455B-9B13-9AD36F23FE48}.Release|x86.ActiveCfg = Release|Win32
		{E7EA0F1A-AA6B-455B-9B13-9AD36F23FE48}.Release|x86.Build.0 = Release|Win32
		{B6C8E82B-3104-4985-BBF0-E4F3246A266E}.Debug|x64.ActiveCfg = Debug|x64
		{B6C8E82B-3104-4985-BBF0-E4F3246A266E}.Debug|x64.Build.0 = Debug|x64
		{B6C8E82B-3104-4985-BBF0-E4F3246A266E}.Debug|x86.ActiveCfg = Debug|Win32
		{B6C8E82B-3104-4985-BBF0-E4F3246A266E}.Debug|x86.Build.0 = Debug|Win32
		{B6C8E82B-3104-4985-BBF0-E4F3246A266E}.Release|x64.ActiveCfg = Release|x64
		{B6C8E82B-3104-4985-BBF0-E4F3246A266E}.Release|x64.Build.0 = Release|x64
		{B6C8E82B-3104-4985-BBF0-E4F3246A266E}.Release|x86.ActiveCfg = Release|Win32
		{B6C8E82B-3104-4985-BBF0-E4F3246A266E}.Release|x86.Build.0 = Release|Win32
		{3E36DA68-235F-4471-8EF5-3AB5D33DBDBE}.Debug|x64.ActiveCfg = Debug|x64
		{3E36DA68-235F-4471-8EF5-3AB5D33DBDBE}.Debug|x64.Build.0 = Debug|x64
		{3E36DA68-235F-4471-8EF5-3AB5D33DBDBE}.Debug|x86.ActiveCfg = Debug|Win32
		{3E36DA68-235F-4471-8EF5-3AB5D33DBDBE}.Debug|x86.Build.0 = Debug|Win32
		{3E36DA68-235F-4471-8EF5-3AB5D33DBDBE}.Release|x64.ActiveCfg = Release|x64
		{3E36DA68-235F-4471-8EF5-3AB5D33DBDBE}.Release|x64.Build.0 = Release|x64
		{3E36DA68-235F-4471-8EF5-3AB5D33DBDBE}.Release|x86.ActiveCfg = Release|Win32
		{3E36DA68-235F-4471-8EF5-3AB5D33DBDBE}.Release|x86.Build.0 = Release|Win32
		{7AEAFE24-CD8A-40A7-91DA-7B8A2504A5CB}.Debug|x64.ActiveCfg = Debug|x64
		{7AEAFE24-CD8A-40A7-91DA-7B8A2504A5CB}.Debug|x64.Build.0 = Debug|x64
		{7AEAFE24-CD8A-40A7-91DA-7B8A2504A5CB}.Debug|x86.ActiveCfg = Debug|Win32
		{7AEAFE24-CD8A-40A7-91DA-7B8A2504A5CB}.Debug|x86.Build.0 = Debug|Win32
		{7AEAFE24-CD8A-40A7-91DA-7B8A2504A5CB}.Release|x64.ActiveCfg = Release|x64
		{7AEAFE24-CD8A-40A7-91DA-7B8A2504A5CB}.Release|x64.Build.0 = Release|x64
		{7AEAFE24-CD8A-40A7-91DA-7B8A2504A5CB}.Release|x86.ActiveCfg = Release|Win32
		{7AEAFE24-CD8A-40A7-91DA-7B8A2504A5CB}.Release|x86.Build.0 = Release|Win32
		{F0CD9BCC-B3AD-42E7-9059-3D8B89A98FE3}.Debug|x64.ActiveCfg = Debug|x64
		{F0CD9BCC-B3AD-42E7-9059-3D8B89A98FE3}.Debug|x64.Build.0 = Debug|x64
		{F0CD9BCC-B3AD-42E7-9059-3D8B89A98FE3}.Debug|x86.ActiveCfg = Debug|Win32
		{F0CD9BCC-B3AD-42E7-9059-3D8B89A98FE3}.Debug|x86.Build.0 = Debug|Win32
		{F0CD9BCC-B3AD-42E7-9059-3D8B89A98FE3}.Release|x64.ActiveCfg = Release|x64
		{F0CD9BCC-B3AD-42E7-9059-3D8B89A98FE3}.Release|x64.Build.0 = Release|x64
		{F0CD9BCC-B3AD-42E7-9059-3D8B89A98FE3}.Release|x86.ActiveCfg = Release|Win32
		{F0CD9BCC-B3AD-42E7-9059-3D8B89A98FE3}.Release|x86.Build.0 = Release|Win32
		{D15EED21-D482-4238-86F8-374271988EE6}.Debug|x64.ActiveCfg = Debug|x64
		{D15EED21-D482-4238-86F8-374271988EE6}.Debug|x64.Build.0 = Debug|x64
		{D15EED21-D482-4238-86F8-374271988EE6}.Debug|x86.ActiveCfg = Debug|Win32
		{D15EED21-D482-4238-86F8-374271988EE6}.Debug|x86.Build.0 = Debug|Win32
		{D15EED21-D482-4238-86F8-374271988EE6}.Release|x64.ActiveCfg = Release|x64
		{D15EED21-D482-4238-86F8-374271988EE6}.Release|x64.Build.0 = Release|x64
		{D15EED21-D482-4238-86F8-374271988EE6}.Release|x86.ActiveCfg = Release|Win32
		{D15EED21-D482-4238-86F8-374271988EE6}.Release|x86.Build.0 = Release|Win32
		{C518C193-1B04-4169-AF3F-42B27D52DFD2}.Debug|x64.ActiveCfg = Debug|x64
		{C518C193-1B04-4169-AF3F-42B27D52DFD2}.Debug|x64.Build.0 = Debug|x64
		{C518C193-1B04-4169-AF3F-42B27D52DFD2}.Debug|x86.ActiveCfg = Debug|Win32
		{C518C193-1B04-4169-AF3F-42B27D52DFD2}.Debug|x86.Build.0 = Debug|Win32
		{C518C193-1B04-4169-AF3F-42B27D52DFD2}.Release|x64.ActiveCfg = Release|x64
		{C518C193-1B04-4169-AF3F-42B27D52DFD2}.Release|x64.Build.0 = Release|x64
		{C518C193-1B04-4169-AF3F-42B27D52DFD2}.Release|x86.ActiveCfg = Release|Win32
		{C518C193-1B04-4169-AF3F-42B27D52DFD2}.Release|x86.Build.0 = Release|Win32
		{9CB03895-C2BB-48ED-9F54-7C1D100FEFC0}.Debug|x64.ActiveCfg = Debug|x64
		{9CB03895-C2BB-48ED-9F54-7C1D100FEFC0}.Debug|x64.Build.0 = Debug|x64
		{9CB03895-C2BB-48ED-9F54-7C1D100FEFC0}.Debug|x86.ActiveCfg = Debug|Win32
		{9CB03895-C2BB-48ED-9F54-7C1D100FEFC0}.Debug|x86.Build.0 = Debug|Win32
		{9CB03895-C2BB-48ED-9F54-7C1D100FEFC0}.Release|x64.ActiveCfg = Release|x64
		{9CB03895-C2BB-48ED-9F54-7C1D100FEFC0}.Release|x64.Build.0 = Release|x64
		{9CB03895-C2BB-48ED-9F54-7C1D100FEFC0}.Release|x86.ActiveCfg = Release|Win32
		{9CB03895-C2BB-48ED-9F54-7C1D100FEFC0}.Release|x86.Build.0 = Release|Win32
		{92D1483C-B898-4012-B1C6-D6C454ED4755}.Debug|x64.ActiveCfg = Debug|x64
		{92D1483C-B898-4012-B1C6-D6C454ED4755}.Debug|x64.Build.0 = Debug|x64
		{92D1483C-B898-4012-B1C6-D6C454ED4755}.Debug|x86.ActiveCfg = Debug|Win32
		{92D1483C-B898-4012-B1C6-D6C454ED4755}.Debug|x86.Build.0 = Debug|Win32
		{92D1483C-B898-4012-B1C6-D6C454ED4755}.Release|x64.ActiveCfg = Release|x64
		{92D1483C-B898-4012-B1C6-D6C454ED4755}.Release|x64.Build.0 = Release|x64
		{92D1483C-B898-4012-B1C6-D6C454ED4755}.Release|x86.ActiveCfg = Release|Win32
		{92D1483C-B898-4012-B1C6-D6C454ED4755}.Release|x86.Build.0 = Release|Win32
		{189C9C98-8E51-4E19-B00A-42D20A4CEBD0}.Debug|x64.ActiveCfg = Debug|x64
		{189C9C98-8E51-4E19-B00A-42D20A4CEBD0}.Debug|x64.Build.0 = Debug|x64
		{189C9C98-8E51-4E19-B00A-42D20A4CEBD0}.Debug|x86.ActiveCfg = Debug|Win32
		{189C9C98-8E51-4E19-B00A-42D20A4CEBD0}.Debug|x86.Build.0 = Debug|Win32
		{189C9C98-8E51-4E19-B00A-42D20A4CEBD0}.Release|x64.ActiveCfg = Release|x64
		{189C9C98-8E51-4E19-B00A-42D20A4CEBD0}.Release|x64.Build.0 = Release|x64
		{189C9C98-8E51-4E19-B00A-42D20A4CEBD0}.Release|x86.ActiveCfg = Release|Win32
		{189C9C98-8E51-4E19-B00A-42D20A4CEBD0}.Release|x86.Build.0 = Release|Win32
		{4D1E5676-01B1-4558-8D50-772D172A0835}.Debug|x64.ActiveCfg = Debug|x64
		{4D1E5676-01B1-4558-8D50-772D172A0835}.Debug|x64.Build.0 = Debug|x64
		{4D1E5676-01B1-4558-8D50-772D172A0835}.Debug|x86.ActiveCfg = Debug|Win32
		{4D1E5676-01B1-4558-8D50-772D172A0835}.Debug|x86.Build.0 = Debug|Win32
		{4D1E5676-01B1-4558-8D50-772D172A0835}.Release|x64.ActiveCfg = Release|x64
		{4D1E5676-01B1-4558-8D50-772D172A0835}.Release|x64.Build.0 = Release|x64
		{4D1E5676-01B1-4558-8D50-772D172A0835}.Release|x86.ActiveCfg = Release|Win32
		{4D1E5676-01B1-4558-8D50-772D172A0835}.Release|x86.Build.0 = Release|Win32
		{55883763-A90E-460F-A63F-B92C902DED46}.Debug|x64.ActiveCfg = Debug|x64
		{55883763-A90E-460F-A63F-B92C902DED46}.Debug|x64.Build.0 = Debug|x64
		{55883763-A90E-460F-A63F-B92C902DED46}.Debug|x86.ActiveCfg = Debug|Win32
		{55883763-A90E-460F-A63F-B92C902DED46}.Debug|x86.Build.0 = Debug|Win32
		{55883763-A90E-460F-A63F-B92C902DED46}.Release|x64.ActiveCfg = Release|x64
		{55883763-A90E-460F-A63F-B92C902DED46}.Release|x64.Build.0 = Release|x64
		{55883763-A90E-460F-A63F-B92C902DED46}.Release|x86.ActiveCfg = Release|Win32
		{55883763-A90E-460F-A63F-B92C902DED46}.Release|x86.Build.0 = Release|Win32
		{9E26A3DF-4514-44C7-BFCA-3E38115B72AC}.Debug|x64.ActiveCfg = Debug|x64
		{9E26A3DF-4514-44C7-BFCA-3E38115B72AC}.Debug|x64.Build.0 = Debug|x64
		{9E26A3DF-4514-44C7-BFCA-3E38115B72AC}.Debug|x86.ActiveCfg = Debug|Win32
		{9E26A3DF-4514-44C7-BFCA-3E38115B72AC}.Debug|x86.Build.0 = Debug|Win32
		{9E26A3DF-4514-44C7-BFCA-3E38115B72AC}.Release|x64.ActiveCfg = Release|x64
		{9E26A3DF-4514-44C7-BFCA-3E38115B72AC}.Release|x64.Build.0 = Release|x64
		{9E26A3DF-4514-44C7-BFCA-3E38115B72AC}.Release|x86.ActiveCfg = Release|Win32
		{9E26A3DF-4514-44C7-BFCA-3E38115B72AC}.Release|x86.Build.0 = Release|Win32
		{13A64361-94A3-4FE7-B13A-960AB5E0BEC3}.Debug|x64.ActiveCfg = Debug|x64
		{13A64361-94A3-4FE7-B13A-960AB5E0BEC3}.Debug|x64.Build.0 = Debug|x64
		{13A64361-94A3-4FE7-B13A-960AB5E0BEC3}.Debug|x86.ActiveCfg = Debug|Win32
		{13A64361-94A3-4FE7-B13A-960AB5E0BEC3}.Debug|x86.Build.0 = Debug|Win32
		{13A64361-94A3-4FE7-B13A-960AB5E0BEC3}.Release|x64.ActiveCfg = Release|x64
		{13A64361-94A3-4FE7-B13A-960AB5E0BEC3}.Release|x64.Build.0 = Release|x64
		{13A64361-94A3-4FE7-B13A-960AB5E0BEC3}.Release|x86.ActiveCfg = Release|Win32
		{13A64361-94A3-4FE7-B13A-960AB5E0BEC3}.Release|x86.Build.0 = Release|Win32
		{480D6CF5-521E-4B76-8F40-726119C15A6C}.Debug|x64.ActiveCfg = Debug|x64
		{480D6CF5-521E-4B76-8F40-726119C15A6C}.Debug|x64.Build.0 = Debug|x64
		{480D6CF5-521E-4B76-8F40-726119C15A6C}.Debug|x86.ActiveCfg = Debug|Win32
		{480D6CF5-521E-4B76-8F40-726119C15A6C}.Debug|x86.Build.0 = Debug|Win32
		{480D6CF5-521E-4B76-8F40-726119C15A6C}.Release|x64.ActiveCfg = Release|x64
		{480D6CF5-521E-4B76-8F40-726119C15A6C}.Release|x64.Build.0 = Release|x64
		{480D6CF5-521E-4B76-8F40-726119C15A6C}.Release|x86.ActiveCfg = Release|Win32
		{480D6CF5-521E-4B76-8F40-726119C15A6C}.Release|x86.Build.0 = Release|Win32
		{1E6D0469-E373-498C-B24B-A6F016BFA069}.Debug|x64.ActiveCfg = Debug|x64
		{1E6D0469-E373-498C-B24B-A6F016BFA069}.Debug|x64.Build.0 = Debug|x64
		{1E6D0469-E373-498C-B24B-A6F016BFA069}.Debug|x86.ActiveCfg = Debug|Win32
		{1E6D0469-E373-498C-B24B-A6F016BFA069}.Debug|x86.Build.0 = Debug|Win32
		{1E6D0469-E373-498C-B24B-A6F016BFA069}.Release|x64.ActiveCfg = Release|x64
		{1E6D0469-E373-498C-B24B-A6F016BFA069}.Release|x64.Build.0 = Release|x64
		{1E6D0469-E373-498C-B24B-A6F016BFA069}.Release|x86.ActiveCfg = Release|Win32
		{1E6D0469-E373-498C-B24B-A6F016BFA069}.Release|x86.Build.0 = Release|Win32
		{61D38121-89C5-4B37-B579-1C97409C00F3}.Debug|x64.ActiveCfg = Debug|x64
		{61D38121-89C5-4B37-B579-1C97409C00F3}.Debug|x64.Build.0 = Debug|x64
		{61D38121-89C5-4B37-B579-1C97409C00F3}.Debug|x86.ActiveCfg = Debug|Win32
		{61D38121-89C5-4B37-B579-1C97409C00F3}.Debug|x86.Build.0 = Debug|Win32
		{61D38121-89C5-4B37-B579-1C97409C00F3}.Release|x64.ActiveCfg = Release|x64
		{61D38121-89C5-4B37-B579-1C97409C00F3}.Release|x64.Build.0 = Release|x64
		{61D38121-89C5-4B37-B579-1C97409C00F3}.Release|x86.ActiveCfg = Release|Win32
		{61D38121-89C5-4B37-B579-1C97409C00F3}.Release|x86.Build.0 = Release|Win32
		{6EAC7874-870A-42BA-B5E3-5B6F41D57CC2}.Debug|x64.ActiveCfg = Debug|x64
		{6EAC7874-870A-42BA-B5E3-5B6F41D57CC2}.Debug|x64.Build.0 = Debug|x64
		{6EAC7874-870A-42BA-B5E3-5B6F41D57CC2}.Debug|x86.ActiveCfg = Debug|Win32
		{6EAC7874-870A-42BA-B5E3-5B6F41D57CC2}.Debug|x86.Build.0 = Debug|Win32
		{6EAC7874-870A-42BA-B5E3-5B6F41D57CC2}.Release|x64.ActiveCfg = Release|x64
		{6EAC7874-870A-42BA-B5E3-5B6F41D57CC2}.Release|x64.Build.0 = Release|x64
		{6EAC7874-870A-42BA-B5E3-5B6F41D57CC2}.Release|x86.ActiveCfg = Release|Win32
		{6EAC7874-870A-42BA-B5E3-5B6F41D57CC2}.Release|x86.Build.0 = Release|Win32
		{CE076474-A3BB-4AC3-A6DD-EA866E9008FD}.Debug|x64.ActiveCfg = Debug|x64
		{CE076474-A3BB-4AC3-A6DD-EA866E9008FD}.Debug|x64.Build.0 = Debug|x64
		{CE076474-A3BB-4AC3-A6DD-EA866E9008FD}.Debug|x86.ActiveCfg = Debug|Win32
		{CE076474-A3BB-4AC3-A6DD-EA866E9008FD}.Debug|x86.Build.0 = Debug|Win32
		{CE076474-A3BB-4AC3-A6DD-EA866E9008FD}.Release|x64.ActiveCfg = Release|x64
		{CE076474-A3BB-4AC3-A6DD-EA866E9008FD}.Release|x64.Build.0 = Release|x64
		{CE076474-A3BB-4AC3-A6DD-EA866E9008FD}.Release|x86.ActiveCfg = Release|Win32
		{CE076474-A3BB-4AC3-A6DD-EA866E9008FD}.Release|x86.Build.0 = Release|Win32
		{6EB15071-E1E4-487F-B133-309AEDF15257}.Debug|x64.ActiveCfg = Debug|x64
		{6EB15071-E1E4-487F-B133-309AEDF15257}.Debug|x64.Build.0 = Debug|x64
		{6EB15071-E1E4-487F-B133-309AEDF15257}.Debug|x86.ActiveCfg = Debug|Win32
		{6EB15071-E1E4-487F-B133-309AEDF15257}.Debug|x86.Build.0 = Debug|Win32
		{6EB15071-E1E4-487F-B133-309AEDF15257}.Release|x64.ActiveCfg = Release|x64
		{6EB15071-E1E4-487F-B133-309AEDF15257}.Release|x64.Build.0 = Release|x64
		{6EB15071-E1E4-487F-B133-309AEDF15257}.Release|x86.ActiveCfg = Release|Win32
		{6EB15071-E1E4-487F-B133-309AEDF15257}.Release|x86.Build.0 = Release|Win32
		{92D184D6-EECF-46EF-A701-25A45816EA0D}.Debug|x64.ActiveCfg = Debug|x64
		{92D184D6-EECF-46EF-A701-25A45816EA0D}.Debug|x64.Build.0 = Debug|x64
		{92D184D6-EECF-46EF-A701-25A45816EA0D}.Debug|x86.ActiveCfg = Debug|Win32
		{92D184D6-EECF-46EF-A701-25A45816EA0D}.Debug|x86.Build.0 = Debug|Win32
		{92D184D6-EECF-46EF-A701-25A45816EA0D}.Release|x64.ActiveCfg = Release|x64
		{92D184D6-EECF-46EF-A701-25A45816EA0D}.Release|x64.Build.0 = Release|x64
		{92D184D6-EECF-46EF-A701-25A45816EA0D}.Release|x86.ActiveCfg = Release|Win32
		{92D184D6-EECF-46EF-A701-25A45816EA0D}.Release|x86.Build.0 = Release|Win32
		{852E929E-5DEE-4C48-B075-32104F768A84}.Debug|x64.ActiveCfg = Debug|x64
		{852E929E-5DEE-4C48-B075-32104F768A84}.Debug|x64.Build.0 = Debug|x64
		{852E929E-5DEE-4C48-B075-32104F768A84}.Debug|x86.ActiveCfg = Debug|Win32
		{852E929E-5DEE-4C48-B075-32104F768A84}.Debug|x86.Build.0 = Debug|Win32
		{852E929E-5DEE-4C48-B075-32104F768A84}.Release|x64.ActiveCfg = Release|x64
		{852E929E-5DEE-4C48-B075-32104F768A84}.Release|x64.Build.0 = Release|x64
		{852E929E-5DEE-4C48-B075-32104F768A84}.Release|x86.ActiveCfg = Release|Win32
		{852E929E-5DEE-4C48-B075-32104F768A84}.Release|x86.Build.0 = Release|Win32
		{0AC9B863-C91E-4862-A03F-B50D771C3734}.Debug|x64.ActiveCfg = Debug|x64
		{0AC9B863-C91E-4862-A03F-B50D771C3734}.Debug|x64.Build.0 = Debug|x64
		{0AC9B863-C91E-4862-A03F-B50D771C3734}.Debug|x86.ActiveCfg = Debug|Win32
		{0AC9B863-C91E-4862-A03F-B50D771C3734}.Debug|x86.Build.0 = Debug|Win32
		{0AC9B863-C91E-4862-A03F-B50D771C3734}.Release|x64.ActiveCfg = Release|x64
		{0AC9B863-C91E-4862-A03F-B50D771C3734}.Release|x64.Build.0 = Release|x64
		{0AC9B863-C91E-4862-A03F-B50D771C3734}.Release|x86.ActiveCfg = Release|Win32
		{0AC9B863-C91E-4862-A03F-B50D771C3734}.Release|x86.Build.0 = Release|Win32
		{49C25802-2D64-4F49-B6ED-05BAEEDE5C42}.Debug|x64.ActiveCfg = Debug|x64
		{49C25802-2D64-4F49-B6ED-05BAEEDE5C42}.Debug|x64.Build.0 = Debug|x64
		{49C25802-2D64-4F49-B6ED-05BAEEDE5C42}.Debug|x86.ActiveCfg = Debug|Win32
		{49C25802-2D64-4F49-B6ED-05BAEEDE5C42}.Debug|x86.Build.0 = Debug|Win32
		{49C25802-2D64-4F49-B6ED-05BAEEDE5C42}.Release|x64.ActiveCfg = Release|x64
		{49C25802-2D64-4F49-B6ED-05BAEEDE5C42}.Release|x64.Build.0 = Release|x64
		{49C25802-2D64-4F49-B6ED-05BAEEDE5C42}.Release|x86.ActiveCfg = Release|Win32
		{49C25802-2D64-4F49-B6ED-05BAEEDE5C42}.Release|x86.Build.0 = Release|Win32
	EndGlobalSection
	GlobalSection(SolutionProperties) = preSolution
		HideSolutionNode = FALSE
	EndGlobalSection
	GlobalSection(ExtensibilityGlobals) = postSolution
		SolutionGuid = {A67FEE9C-2075-4E14-8F6F-66EC13F3BB2E}
	EndGlobalSection
EndGlobal
